// !$*UTF8*$!
{
	archiveVersion = 1;
	classes = {
	};
	objectVersion = 52;
	objects = {

/* Begin PBXBuildFile section */
		F66A502522BD748D00CE0C3E /* GitHubSearchWithSwiftUIPackage in Frameworks */ = {isa = PBXBuildFile; productRef = F66A502422BD748D00CE0C3E /* GitHubSearchWithSwiftUIPackage */; };
		F66A502C22BD980400CE0C3E /* SwiftUICalculatorPackage in Frameworks */ = {isa = PBXBuildFile; productRef = F66A502B22BD980400CE0C3E /* SwiftUICalculatorPackage */; };
		F66A503322BDA24500CE0C3E /* WeatherPackage in Frameworks */ = {isa = PBXBuildFile; productRef = F66A503222BDA24500CE0C3E /* WeatherPackage */; };
		F677948E22BE3F5D005F1D0C /* WKWebViewUI.swift in Sources */ = {isa = PBXBuildFile; fileRef = F677948B22BE3F5D005F1D0C /* WKWebViewUI.swift */; };
		F677948F22BE3F5D005F1D0C /* BaseExampleView.swift in Sources */ = {isa = PBXBuildFile; fileRef = F677948C22BE3F5D005F1D0C /* BaseExampleView.swift */; };
		F677949022BE3F5D005F1D0C /* ExampleCellView.swift in Sources */ = {isa = PBXBuildFile; fileRef = F677948D22BE3F5D005F1D0C /* ExampleCellView.swift */; };
		F67794CF22BE3F7C005F1D0C /* MiscContentView.swift in Sources */ = {isa = PBXBuildFile; fileRef = F677949322BE3F7C005F1D0C /* MiscContentView.swift */; };
		F67794D022BE3F7C005F1D0C /* MapKitExampleView.swift in Sources */ = {isa = PBXBuildFile; fileRef = F677949522BE3F7C005F1D0C /* MapKitExampleView.swift */; };
		F67794D122BE3F7C005F1D0C /* FunctionalUtils.swift in Sources */ = {isa = PBXBuildFile; fileRef = F677949922BE3F7C005F1D0C /* FunctionalUtils.swift */; };
		F67794D222BE3F7C005F1D0C /* BlockMatrix.swift in Sources */ = {isa = PBXBuildFile; fileRef = F677949B22BE3F7C005F1D0C /* BlockMatrix.swift */; };
		F67794D322BE3F7C005F1D0C /* IdentifiedBlock.swift in Sources */ = {isa = PBXBuildFile; fileRef = F677949C22BE3F7C005F1D0C /* IdentifiedBlock.swift */; };
		F67794D422BE3F7C005F1D0C /* GameLogic.swift in Sources */ = {isa = PBXBuildFile; fileRef = F677949D22BE3F7C005F1D0C /* GameLogic.swift */; };
		F67794D522BE3F7C005F1D0C /* BlockGridView.swift in Sources */ = {isa = PBXBuildFile; fileRef = F677949F22BE3F7C005F1D0C /* BlockGridView.swift */; };
		F67794D622BE3F7C005F1D0C /* GameView.swift in Sources */ = {isa = PBXBuildFile; fileRef = F67794A022BE3F7C005F1D0C /* GameView.swift */; };
		F67794D722BE3F7C005F1D0C /* BlockView.swift in Sources */ = {isa = PBXBuildFile; fileRef = F67794A122BE3F7C005F1D0C /* BlockView.swift */; };
		F67794D822BE3F7C005F1D0C /* SwiftUI2048ExampleView.swift in Sources */ = {isa = PBXBuildFile; fileRef = F67794A222BE3F7C005F1D0C /* SwiftUI2048ExampleView.swift */; };
		F67794D922BE3F7C005F1D0C /* FullProjectsContentView.swift in Sources */ = {isa = PBXBuildFile; fileRef = F67794A322BE3F7C005F1D0C /* FullProjectsContentView.swift */; };
		F67794DA22BE3F7C005F1D0C /* PureGeniusExampleView.swift in Sources */ = {isa = PBXBuildFile; fileRef = F67794A522BE3F7C005F1D0C /* PureGeniusExampleView.swift */; };
		F67794DB22BE3F7C005F1D0C /* MindBlowingContentView.swift in Sources */ = {isa = PBXBuildFile; fileRef = F67794A622BE3F7C005F1D0C /* MindBlowingContentView.swift */; };
		F67794DC22BE3F7C005F1D0C /* FontExampleView.swift in Sources */ = {isa = PBXBuildFile; fileRef = F67794A922BE3F7C005F1D0C /* FontExampleView.swift */; };
		F67794DD22BE3F7C005F1D0C /* ImageExampleView.swift in Sources */ = {isa = PBXBuildFile; fileRef = F67794AA22BE3F7C005F1D0C /* ImageExampleView.swift */; };
		F67794DE22BE3F7C005F1D0C /* TextFieldExampleView.swift in Sources */ = {isa = PBXBuildFile; fileRef = F67794AB22BE3F7C005F1D0C /* TextFieldExampleView.swift */; };
		F67794DF22BE3F7C005F1D0C /* SegmentedControlExampleView.swift in Sources */ = {isa = PBXBuildFile; fileRef = F67794AC22BE3F7C005F1D0C /* SegmentedControlExampleView.swift */; };
		F67794E022BE3F7C005F1D0C /* NavigationButtonExampleView.swift in Sources */ = {isa = PBXBuildFile; fileRef = F67794AD22BE3F7C005F1D0C /* NavigationButtonExampleView.swift */; };
		F67794E122BE3F7C005F1D0C /* SecureFieldExampleView.swift in Sources */ = {isa = PBXBuildFile; fileRef = F67794AE22BE3F7C005F1D0C /* SecureFieldExampleView.swift */; };
		F67794E222BE3F7C005F1D0C /* StepperExampleView.swift in Sources */ = {isa = PBXBuildFile; fileRef = F67794AF22BE3F7C005F1D0C /* StepperExampleView.swift */; };
		F67794E322BE3F7C005F1D0C /* DatePickerExampleView.swift in Sources */ = {isa = PBXBuildFile; fileRef = F67794B022BE3F7C005F1D0C /* DatePickerExampleView.swift */; };
		F67794E422BE3F7C005F1D0C /* ToggleExampleView.swift in Sources */ = {isa = PBXBuildFile; fileRef = F67794B122BE3F7C005F1D0C /* ToggleExampleView.swift */; };
		F67794E522BE3F7C005F1D0C /* EditButtonExampleView.swift in Sources */ = {isa = PBXBuildFile; fileRef = F67794B222BE3F7C005F1D0C /* EditButtonExampleView.swift */; };
		F67794E622BE3F7C005F1D0C /* TextExampleView.swift in Sources */ = {isa = PBXBuildFile; fileRef = F67794B422BE3F7C005F1D0C /* TextExampleView.swift */; };
		F67794E722BE3F7C005F1D0C /* style.css in Resources */ = {isa = PBXBuildFile; fileRef = F67794B622BE3F7C005F1D0C /* style.css */; };
		F67794E822BE3F7C005F1D0C /* text_index.html in Resources */ = {isa = PBXBuildFile; fileRef = F67794B722BE3F7C005F1D0C /* text_index.html */; };
		F67794E922BE3F7C005F1D0C /* ButtonExampleView.swift in Sources */ = {isa = PBXBuildFile; fileRef = F67794B822BE3F7C005F1D0C /* ButtonExampleView.swift */; };
		F67794EA22BE3F7C005F1D0C /* PickerExampleView.swift in Sources */ = {isa = PBXBuildFile; fileRef = F67794B922BE3F7C005F1D0C /* PickerExampleView.swift */; };
		F67794EB22BE3F7C005F1D0C /* PresentationButtonExampleView.swift in Sources */ = {isa = PBXBuildFile; fileRef = F67794BA22BE3F7C005F1D0C /* PresentationButtonExampleView.swift */; };
		F67794EC22BE3F7C005F1D0C /* HStackExampleView.swift in Sources */ = {isa = PBXBuildFile; fileRef = F67794BC22BE3F7C005F1D0C /* HStackExampleView.swift */; };
		F67794ED22BE3F7C005F1D0C /* ActionSheetExampleView.swift in Sources */ = {isa = PBXBuildFile; fileRef = F67794BD22BE3F7C005F1D0C /* ActionSheetExampleView.swift */; };
		F67794EE22BE3F7C005F1D0C /* VStackExampleView.swift in Sources */ = {isa = PBXBuildFile; fileRef = F67794BE22BE3F7C005F1D0C /* VStackExampleView.swift */; };
		F67794EF22BE3F7C005F1D0C /* AlertExampleView.swift in Sources */ = {isa = PBXBuildFile; fileRef = F67794BF22BE3F7C005F1D0C /* AlertExampleView.swift */; };
		F67794F022BE3F7C005F1D0C /* ModalExampleView.swift in Sources */ = {isa = PBXBuildFile; fileRef = F67794C022BE3F7C005F1D0C /* ModalExampleView.swift */; };
		F67794F122BE3F7C005F1D0C /* BasicContentView.swift in Sources */ = {isa = PBXBuildFile; fileRef = F67794C122BE3F7C005F1D0C /* BasicContentView.swift */; };
		F67794F222BE3F7C005F1D0C /* AnimationContentView.swift in Sources */ = {isa = PBXBuildFile; fileRef = F67794C322BE3F7C005F1D0C /* AnimationContentView.swift */; };
		F67794F322BE3F7C005F1D0C /* ScaleEffectExampleView.swift in Sources */ = {isa = PBXBuildFile; fileRef = F67794C522BE3F7C005F1D0C /* ScaleEffectExampleView.swift */; };
		F67794F422BE3F7C005F1D0C /* RotationEffectExampleView.swift in Sources */ = {isa = PBXBuildFile; fileRef = F67794C622BE3F7C005F1D0C /* RotationEffectExampleView.swift */; };
		F67794F522BE3F7C005F1D0C /* MoreContentView.swift in Sources */ = {isa = PBXBuildFile; fileRef = F67794C822BE3F7C005F1D0C /* MoreContentView.swift */; };
		F67794F622BE3F7C005F1D0C /* LicenseContentView.swift in Sources */ = {isa = PBXBuildFile; fileRef = F67794C922BE3F7C005F1D0C /* LicenseContentView.swift */; };
		F67794F722BE3F7C005F1D0C /* DasboardView.swift in Sources */ = {isa = PBXBuildFile; fileRef = F67794CB22BE3F7C005F1D0C /* DasboardView.swift */; };
		F67794F822BE3F7C005F1D0C /* SFSymbols.swift in Sources */ = {isa = PBXBuildFile; fileRef = F67794CD22BE3F7C005F1D0C /* SFSymbols.swift */; };
		F67794F922BE3F7C005F1D0C /* SFSymbolsContentView.swift in Sources */ = {isa = PBXBuildFile; fileRef = F67794CE22BE3F7C005F1D0C /* SFSymbolsContentView.swift */; };
		F6B22DEF22BE1A08001436D1 /* WWDCPlayerPackage in Frameworks */ = {isa = PBXBuildFile; productRef = F6B22DEE22BE1A08001436D1 /* WWDCPlayerPackage */; };
		F6F41F5322BEC7B1004696C0 /* FacebookReactionExampleView.swift in Sources */ = {isa = PBXBuildFile; fileRef = F6F41F5222BEC7B1004696C0 /* FacebookReactionExampleView.swift */; };
		F6F41F5622BEC999004696C0 /* FacebookReactionAssets.xcassets in Resources */ = {isa = PBXBuildFile; fileRef = F6F41F5522BEC999004696C0 /* FacebookReactionAssets.xcassets */; };
		F6F41F5822BED0B0004696C0 /* DispatchTimerExampleView.swift in Sources */ = {isa = PBXBuildFile; fileRef = F6F41F5722BED0B0004696C0 /* DispatchTimerExampleView.swift */; };
		F6F47C8322BABEF7009E3C48 /* AppDelegate.swift in Sources */ = {isa = PBXBuildFile; fileRef = F6F47C8222BABEF7009E3C48 /* AppDelegate.swift */; };
		F6F47C8522BABEF7009E3C48 /* SceneDelegate.swift in Sources */ = {isa = PBXBuildFile; fileRef = F6F47C8422BABEF7009E3C48 /* SceneDelegate.swift */; };
		F6F47C8922BABEF8009E3C48 /* Assets.xcassets in Resources */ = {isa = PBXBuildFile; fileRef = F6F47C8822BABEF8009E3C48 /* Assets.xcassets */; };
		F6F47C8C22BABEF8009E3C48 /* Preview Assets.xcassets in Resources */ = {isa = PBXBuildFile; fileRef = F6F47C8B22BABEF8009E3C48 /* Preview Assets.xcassets */; };
		F6F47C8F22BABEF8009E3C48 /* LaunchScreen.storyboard in Resources */ = {isa = PBXBuildFile; fileRef = F6F47C8D22BABEF8009E3C48 /* LaunchScreen.storyboard */; };
/* End PBXBuildFile section */

/* Begin PBXFileReference section */
		F677948B22BE3F5D005F1D0C /* WKWebViewUI.swift */ = {isa = PBXFileReference; fileEncoding = 4; lastKnownFileType = sourcecode.swift; path = WKWebViewUI.swift; sourceTree = "<group>"; };
		F677948C22BE3F5D005F1D0C /* BaseExampleView.swift */ = {isa = PBXFileReference; fileEncoding = 4; lastKnownFileType = sourcecode.swift; path = BaseExampleView.swift; sourceTree = "<group>"; };
		F677948D22BE3F5D005F1D0C /* ExampleCellView.swift */ = {isa = PBXFileReference; fileEncoding = 4; lastKnownFileType = sourcecode.swift; path = ExampleCellView.swift; sourceTree = "<group>"; };
		F677949322BE3F7C005F1D0C /* MiscContentView.swift */ = {isa = PBXFileReference; fileEncoding = 4; lastKnownFileType = sourcecode.swift; path = MiscContentView.swift; sourceTree = "<group>"; };
		F677949522BE3F7C005F1D0C /* MapKitExampleView.swift */ = {isa = PBXFileReference; fileEncoding = 4; lastKnownFileType = sourcecode.swift; path = MapKitExampleView.swift; sourceTree = "<group>"; };
		F677949922BE3F7C005F1D0C /* FunctionalUtils.swift */ = {isa = PBXFileReference; fileEncoding = 4; lastKnownFileType = sourcecode.swift; path = FunctionalUtils.swift; sourceTree = "<group>"; };
		F677949B22BE3F7C005F1D0C /* BlockMatrix.swift */ = {isa = PBXFileReference; fileEncoding = 4; lastKnownFileType = sourcecode.swift; path = BlockMatrix.swift; sourceTree = "<group>"; };
		F677949C22BE3F7C005F1D0C /* IdentifiedBlock.swift */ = {isa = PBXFileReference; fileEncoding = 4; lastKnownFileType = sourcecode.swift; path = IdentifiedBlock.swift; sourceTree = "<group>"; };
		F677949D22BE3F7C005F1D0C /* GameLogic.swift */ = {isa = PBXFileReference; fileEncoding = 4; lastKnownFileType = sourcecode.swift; path = GameLogic.swift; sourceTree = "<group>"; };
		F677949F22BE3F7C005F1D0C /* BlockGridView.swift */ = {isa = PBXFileReference; fileEncoding = 4; lastKnownFileType = sourcecode.swift; path = BlockGridView.swift; sourceTree = "<group>"; };
		F67794A022BE3F7C005F1D0C /* GameView.swift */ = {isa = PBXFileReference; fileEncoding = 4; lastKnownFileType = sourcecode.swift; path = GameView.swift; sourceTree = "<group>"; };
		F67794A122BE3F7C005F1D0C /* BlockView.swift */ = {isa = PBXFileReference; fileEncoding = 4; lastKnownFileType = sourcecode.swift; path = BlockView.swift; sourceTree = "<group>"; };
		F67794A222BE3F7C005F1D0C /* SwiftUI2048ExampleView.swift */ = {isa = PBXFileReference; fileEncoding = 4; lastKnownFileType = sourcecode.swift; path = SwiftUI2048ExampleView.swift; sourceTree = "<group>"; };
		F67794A322BE3F7C005F1D0C /* FullProjectsContentView.swift */ = {isa = PBXFileReference; fileEncoding = 4; lastKnownFileType = sourcecode.swift; path = FullProjectsContentView.swift; sourceTree = "<group>"; };
		F67794A522BE3F7C005F1D0C /* PureGeniusExampleView.swift */ = {isa = PBXFileReference; fileEncoding = 4; lastKnownFileType = sourcecode.swift; path = PureGeniusExampleView.swift; sourceTree = "<group>"; };
		F67794A622BE3F7C005F1D0C /* MindBlowingContentView.swift */ = {isa = PBXFileReference; fileEncoding = 4; lastKnownFileType = sourcecode.swift; path = MindBlowingContentView.swift; sourceTree = "<group>"; };
		F67794A922BE3F7C005F1D0C /* FontExampleView.swift */ = {isa = PBXFileReference; fileEncoding = 4; lastKnownFileType = sourcecode.swift; path = FontExampleView.swift; sourceTree = "<group>"; };
		F67794AA22BE3F7C005F1D0C /* ImageExampleView.swift */ = {isa = PBXFileReference; fileEncoding = 4; lastKnownFileType = sourcecode.swift; path = ImageExampleView.swift; sourceTree = "<group>"; };
		F67794AB22BE3F7C005F1D0C /* TextFieldExampleView.swift */ = {isa = PBXFileReference; fileEncoding = 4; lastKnownFileType = sourcecode.swift; path = TextFieldExampleView.swift; sourceTree = "<group>"; };
		F67794AC22BE3F7C005F1D0C /* SegmentedControlExampleView.swift */ = {isa = PBXFileReference; fileEncoding = 4; lastKnownFileType = sourcecode.swift; path = SegmentedControlExampleView.swift; sourceTree = "<group>"; };
		F67794AD22BE3F7C005F1D0C /* NavigationButtonExampleView.swift */ = {isa = PBXFileReference; fileEncoding = 4; lastKnownFileType = sourcecode.swift; path = NavigationButtonExampleView.swift; sourceTree = "<group>"; };
		F67794AE22BE3F7C005F1D0C /* SecureFieldExampleView.swift */ = {isa = PBXFileReference; fileEncoding = 4; lastKnownFileType = sourcecode.swift; path = SecureFieldExampleView.swift; sourceTree = "<group>"; };
		F67794AF22BE3F7C005F1D0C /* StepperExampleView.swift */ = {isa = PBXFileReference; fileEncoding = 4; lastKnownFileType = sourcecode.swift; path = StepperExampleView.swift; sourceTree = "<group>"; };
		F67794B022BE3F7C005F1D0C /* DatePickerExampleView.swift */ = {isa = PBXFileReference; fileEncoding = 4; lastKnownFileType = sourcecode.swift; path = DatePickerExampleView.swift; sourceTree = "<group>"; };
		F67794B122BE3F7C005F1D0C /* ToggleExampleView.swift */ = {isa = PBXFileReference; fileEncoding = 4; lastKnownFileType = sourcecode.swift; path = ToggleExampleView.swift; sourceTree = "<group>"; };
		F67794B222BE3F7C005F1D0C /* EditButtonExampleView.swift */ = {isa = PBXFileReference; fileEncoding = 4; lastKnownFileType = sourcecode.swift; path = EditButtonExampleView.swift; sourceTree = "<group>"; };
		F67794B422BE3F7C005F1D0C /* TextExampleView.swift */ = {isa = PBXFileReference; fileEncoding = 4; lastKnownFileType = sourcecode.swift; path = TextExampleView.swift; sourceTree = "<group>"; };
		F67794B622BE3F7C005F1D0C /* style.css */ = {isa = PBXFileReference; fileEncoding = 4; lastKnownFileType = text.css; path = style.css; sourceTree = "<group>"; };
		F67794B722BE3F7C005F1D0C /* text_index.html */ = {isa = PBXFileReference; fileEncoding = 4; lastKnownFileType = text.html; path = text_index.html; sourceTree = "<group>"; };
		F67794B822BE3F7C005F1D0C /* ButtonExampleView.swift */ = {isa = PBXFileReference; fileEncoding = 4; lastKnownFileType = sourcecode.swift; path = ButtonExampleView.swift; sourceTree = "<group>"; };
		F67794B922BE3F7C005F1D0C /* PickerExampleView.swift */ = {isa = PBXFileReference; fileEncoding = 4; lastKnownFileType = sourcecode.swift; path = PickerExampleView.swift; sourceTree = "<group>"; };
		F67794BA22BE3F7C005F1D0C /* PresentationButtonExampleView.swift */ = {isa = PBXFileReference; fileEncoding = 4; lastKnownFileType = sourcecode.swift; path = PresentationButtonExampleView.swift; sourceTree = "<group>"; };
		F67794BC22BE3F7C005F1D0C /* HStackExampleView.swift */ = {isa = PBXFileReference; fileEncoding = 4; lastKnownFileType = sourcecode.swift; path = HStackExampleView.swift; sourceTree = "<group>"; };
		F67794BD22BE3F7C005F1D0C /* ActionSheetExampleView.swift */ = {isa = PBXFileReference; fileEncoding = 4; lastKnownFileType = sourcecode.swift; path = ActionSheetExampleView.swift; sourceTree = "<group>"; };
		F67794BE22BE3F7C005F1D0C /* VStackExampleView.swift */ = {isa = PBXFileReference; fileEncoding = 4; lastKnownFileType = sourcecode.swift; path = VStackExampleView.swift; sourceTree = "<group>"; };
		F67794BF22BE3F7C005F1D0C /* AlertExampleView.swift */ = {isa = PBXFileReference; fileEncoding = 4; lastKnownFileType = sourcecode.swift; path = AlertExampleView.swift; sourceTree = "<group>"; };
		F67794C022BE3F7C005F1D0C /* ModalExampleView.swift */ = {isa = PBXFileReference; fileEncoding = 4; lastKnownFileType = sourcecode.swift; path = ModalExampleView.swift; sourceTree = "<group>"; };
		F67794C122BE3F7C005F1D0C /* BasicContentView.swift */ = {isa = PBXFileReference; fileEncoding = 4; lastKnownFileType = sourcecode.swift; path = BasicContentView.swift; sourceTree = "<group>"; };
		F67794C322BE3F7C005F1D0C /* AnimationContentView.swift */ = {isa = PBXFileReference; fileEncoding = 4; lastKnownFileType = sourcecode.swift; path = AnimationContentView.swift; sourceTree = "<group>"; };
		F67794C522BE3F7C005F1D0C /* ScaleEffectExampleView.swift */ = {isa = PBXFileReference; fileEncoding = 4; lastKnownFileType = sourcecode.swift; path = ScaleEffectExampleView.swift; sourceTree = "<group>"; };
		F67794C622BE3F7C005F1D0C /* RotationEffectExampleView.swift */ = {isa = PBXFileReference; fileEncoding = 4; lastKnownFileType = sourcecode.swift; path = RotationEffectExampleView.swift; sourceTree = "<group>"; };
		F67794C822BE3F7C005F1D0C /* MoreContentView.swift */ = {isa = PBXFileReference; fileEncoding = 4; lastKnownFileType = sourcecode.swift; path = MoreContentView.swift; sourceTree = "<group>"; };
		F67794C922BE3F7C005F1D0C /* LicenseContentView.swift */ = {isa = PBXFileReference; fileEncoding = 4; lastKnownFileType = sourcecode.swift; path = LicenseContentView.swift; sourceTree = "<group>"; };
		F67794CB22BE3F7C005F1D0C /* DasboardView.swift */ = {isa = PBXFileReference; fileEncoding = 4; lastKnownFileType = sourcecode.swift; path = DasboardView.swift; sourceTree = "<group>"; };
		F67794CD22BE3F7C005F1D0C /* SFSymbols.swift */ = {isa = PBXFileReference; fileEncoding = 4; lastKnownFileType = sourcecode.swift; path = SFSymbols.swift; sourceTree = "<group>"; };
		F67794CE22BE3F7C005F1D0C /* SFSymbolsContentView.swift */ = {isa = PBXFileReference; fileEncoding = 4; lastKnownFileType = sourcecode.swift; path = SFSymbolsContentView.swift; sourceTree = "<group>"; };
		F6F41F5222BEC7B1004696C0 /* FacebookReactionExampleView.swift */ = {isa = PBXFileReference; lastKnownFileType = sourcecode.swift; path = FacebookReactionExampleView.swift; sourceTree = "<group>"; };
		F6F41F5522BEC999004696C0 /* FacebookReactionAssets.xcassets */ = {isa = PBXFileReference; lastKnownFileType = folder.assetcatalog; path = FacebookReactionAssets.xcassets; sourceTree = "<group>"; };
		F6F41F5722BED0B0004696C0 /* DispatchTimerExampleView.swift */ = {isa = PBXFileReference; lastKnownFileType = sourcecode.swift; path = DispatchTimerExampleView.swift; sourceTree = "<group>"; };
		F6F47C7F22BABEF7009E3C48 /* SwiftUIMindBlowing.app */ = {isa = PBXFileReference; explicitFileType = wrapper.application; includeInIndex = 0; path = SwiftUIMindBlowing.app; sourceTree = BUILT_PRODUCTS_DIR; };
		F6F47C8222BABEF7009E3C48 /* AppDelegate.swift */ = {isa = PBXFileReference; lastKnownFileType = sourcecode.swift; name = AppDelegate.swift; path = SwiftUIMindBlowing/AppDelegate.swift; sourceTree = "<group>"; };
		F6F47C8422BABEF7009E3C48 /* SceneDelegate.swift */ = {isa = PBXFileReference; lastKnownFileType = sourcecode.swift; name = SceneDelegate.swift; path = SwiftUIMindBlowing/SceneDelegate.swift; sourceTree = "<group>"; };
		F6F47C8822BABEF8009E3C48 /* Assets.xcassets */ = {isa = PBXFileReference; lastKnownFileType = folder.assetcatalog; name = Assets.xcassets; path = SwiftUIMindBlowing/Assets.xcassets; sourceTree = "<group>"; };
		F6F47C8B22BABEF8009E3C48 /* Preview Assets.xcassets */ = {isa = PBXFileReference; lastKnownFileType = folder.assetcatalog; name = "Preview Assets.xcassets"; path = "SwiftUIMindBlowing/Preview Content/Preview Assets.xcassets"; sourceTree = "<group>"; };
		F6F47C8E22BABEF8009E3C48 /* Base */ = {isa = PBXFileReference; lastKnownFileType = file.storyboard; name = Base; path = Base.lproj/LaunchScreen.storyboard; sourceTree = "<group>"; };
		F6F47C9022BABEF8009E3C48 /* Info.plist */ = {isa = PBXFileReference; lastKnownFileType = text.plist.xml; name = Info.plist; path = SwiftUIMindBlowing/Info.plist; sourceTree = "<group>"; };
/* End PBXFileReference section */

/* Begin PBXFrameworksBuildPhase section */
		F6F47C7C22BABEF7009E3C48 /* Frameworks */ = {
			isa = PBXFrameworksBuildPhase;
			buildActionMask = 2147483647;
			files = (
				F66A503322BDA24500CE0C3E /* WeatherPackage in Frameworks */,
				F66A502522BD748D00CE0C3E /* GitHubSearchWithSwiftUIPackage in Frameworks */,
				F66A502C22BD980400CE0C3E /* SwiftUICalculatorPackage in Frameworks */,
				F6B22DEF22BE1A08001436D1 /* WWDCPlayerPackage in Frameworks */,
			);
			runOnlyForDeploymentPostprocessing = 0;
		};
/* End PBXFrameworksBuildPhase section */

/* Begin PBXGroup section */
		F677948922BE3F5D005F1D0C /* Base */ = {
			isa = PBXGroup;
			children = (
				F677948A22BE3F5D005F1D0C /* UI */,
			);
			name = Base;
			path = SwiftUIMindBlowing/Base;
			sourceTree = "<group>";
		};
		F677948A22BE3F5D005F1D0C /* UI */ = {
			isa = PBXGroup;
			children = (
				F677948B22BE3F5D005F1D0C /* WKWebViewUI.swift */,
				F677948C22BE3F5D005F1D0C /* BaseExampleView.swift */,
				F677948D22BE3F5D005F1D0C /* ExampleCellView.swift */,
			);
			path = UI;
			sourceTree = "<group>";
		};
		F677949122BE3F7C005F1D0C /* Scenes */ = {
			isa = PBXGroup;
			children = (
				F67794CA22BE3F7C005F1D0C /* Dashboard */,
				F677949622BE3F7C005F1D0C /* FullProjects */,
				F67794A422BE3F7C005F1D0C /* MindBlowing */,
				F67794A722BE3F7C005F1D0C /* Basic */,
				F67794C222BE3F7C005F1D0C /* Animation */,
				F67794C722BE3F7C005F1D0C /* More */,
			);
			name = Scenes;
			path = SwiftUIMindBlowing/Scenes;
			sourceTree = "<group>";
		};
		F677949222BE3F7C005F1D0C /* Misc */ = {
			isa = PBXGroup;
			children = (
				F677949322BE3F7C005F1D0C /* MiscContentView.swift */,
				F677949422BE3F7C005F1D0C /* UIKitIntegration */,
				F6F41F5722BED0B0004696C0 /* DispatchTimerExampleView.swift */,
			);
			path = Misc;
			sourceTree = "<group>";
		};
		F677949422BE3F7C005F1D0C /* UIKitIntegration */ = {
			isa = PBXGroup;
			children = (
				F677949522BE3F7C005F1D0C /* MapKitExampleView.swift */,
			);
			path = UIKitIntegration;
			sourceTree = "<group>";
		};
		F677949622BE3F7C005F1D0C /* FullProjects */ = {
			isa = PBXGroup;
			children = (
				F677949722BE3F7C005F1D0C /* SwiftUI2048 */,
				F67794A322BE3F7C005F1D0C /* FullProjectsContentView.swift */,
			);
			path = FullProjects;
			sourceTree = "<group>";
		};
		F677949722BE3F7C005F1D0C /* SwiftUI2048 */ = {
			isa = PBXGroup;
			children = (
				F677949822BE3F7C005F1D0C /* Source */,
				F67794A222BE3F7C005F1D0C /* SwiftUI2048ExampleView.swift */,
			);
			path = SwiftUI2048;
			sourceTree = "<group>";
		};
		F677949822BE3F7C005F1D0C /* Source */ = {
			isa = PBXGroup;
			children = (
				F677949922BE3F7C005F1D0C /* FunctionalUtils.swift */,
				F677949A22BE3F7C005F1D0C /* Models */,
				F677949E22BE3F7C005F1D0C /* Views */,
			);
			path = Source;
			sourceTree = "<group>";
		};
		F677949A22BE3F7C005F1D0C /* Models */ = {
			isa = PBXGroup;
			children = (
				F677949B22BE3F7C005F1D0C /* BlockMatrix.swift */,
				F677949C22BE3F7C005F1D0C /* IdentifiedBlock.swift */,
				F677949D22BE3F7C005F1D0C /* GameLogic.swift */,
			);
			path = Models;
			sourceTree = "<group>";
		};
		F677949E22BE3F7C005F1D0C /* Views */ = {
			isa = PBXGroup;
			children = (
				F677949F22BE3F7C005F1D0C /* BlockGridView.swift */,
				F67794A022BE3F7C005F1D0C /* GameView.swift */,
				F67794A122BE3F7C005F1D0C /* BlockView.swift */,
			);
			path = Views;
			sourceTree = "<group>";
		};
		F67794A422BE3F7C005F1D0C /* MindBlowing */ = {
			isa = PBXGroup;
			children = (
				F67794A622BE3F7C005F1D0C /* MindBlowingContentView.swift */,
				F67794A522BE3F7C005F1D0C /* PureGeniusExampleView.swift */,
				F6F41F5422BEC980004696C0 /* FacebookReaction */,
			);
			path = MindBlowing;
			sourceTree = "<group>";
		};
		F67794A722BE3F7C005F1D0C /* Basic */ = {
			isa = PBXGroup;
			children = (
				F67794A822BE3F7C005F1D0C /* ViewsAndControls */,
				F67794BB22BE3F7C005F1D0C /* ViewLayoutAndPresentation */,
				F67794C122BE3F7C005F1D0C /* BasicContentView.swift */,
			);
			path = Basic;
			sourceTree = "<group>";
		};
		F67794A822BE3F7C005F1D0C /* ViewsAndControls */ = {
			isa = PBXGroup;
			children = (
				F67794A922BE3F7C005F1D0C /* FontExampleView.swift */,
				F67794AA22BE3F7C005F1D0C /* ImageExampleView.swift */,
				F67794AB22BE3F7C005F1D0C /* TextFieldExampleView.swift */,
				F67794AC22BE3F7C005F1D0C /* SegmentedControlExampleView.swift */,
				F67794AD22BE3F7C005F1D0C /* NavigationButtonExampleView.swift */,
				F67794AE22BE3F7C005F1D0C /* SecureFieldExampleView.swift */,
				F67794AF22BE3F7C005F1D0C /* StepperExampleView.swift */,
				F67794B022BE3F7C005F1D0C /* DatePickerExampleView.swift */,
				F67794B122BE3F7C005F1D0C /* ToggleExampleView.swift */,
				F67794B222BE3F7C005F1D0C /* EditButtonExampleView.swift */,
				F67794B322BE3F7C005F1D0C /* Text */,
				F67794B822BE3F7C005F1D0C /* ButtonExampleView.swift */,
				F67794B922BE3F7C005F1D0C /* PickerExampleView.swift */,
				F67794BA22BE3F7C005F1D0C /* PresentationButtonExampleView.swift */,
			);
			path = ViewsAndControls;
			sourceTree = "<group>";
		};
		F67794B322BE3F7C005F1D0C /* Text */ = {
			isa = PBXGroup;
			children = (
				F67794B422BE3F7C005F1D0C /* TextExampleView.swift */,
				F67794B522BE3F7C005F1D0C /* html_sources */,
			);
			path = Text;
			sourceTree = "<group>";
		};
		F67794B522BE3F7C005F1D0C /* html_sources */ = {
			isa = PBXGroup;
			children = (
				F67794B622BE3F7C005F1D0C /* style.css */,
				F67794B722BE3F7C005F1D0C /* text_index.html */,
			);
			path = html_sources;
			sourceTree = "<group>";
		};
		F67794BB22BE3F7C005F1D0C /* ViewLayoutAndPresentation */ = {
			isa = PBXGroup;
			children = (
				F67794BC22BE3F7C005F1D0C /* HStackExampleView.swift */,
				F67794BD22BE3F7C005F1D0C /* ActionSheetExampleView.swift */,
				F67794BE22BE3F7C005F1D0C /* VStackExampleView.swift */,
				F67794BF22BE3F7C005F1D0C /* AlertExampleView.swift */,
				F67794C022BE3F7C005F1D0C /* ModalExampleView.swift */,
			);
			path = ViewLayoutAndPresentation;
			sourceTree = "<group>";
		};
		F67794C222BE3F7C005F1D0C /* Animation */ = {
			isa = PBXGroup;
			children = (
				F67794C322BE3F7C005F1D0C /* AnimationContentView.swift */,
				F67794C422BE3F7C005F1D0C /* Basic */,
			);
			path = Animation;
			sourceTree = "<group>";
		};
		F67794C422BE3F7C005F1D0C /* Basic */ = {
			isa = PBXGroup;
			children = (
				F67794C522BE3F7C005F1D0C /* ScaleEffectExampleView.swift */,
				F67794C622BE3F7C005F1D0C /* RotationEffectExampleView.swift */,
			);
			path = Basic;
			sourceTree = "<group>";
		};
		F67794C722BE3F7C005F1D0C /* More */ = {
			isa = PBXGroup;
			children = (
				F67794C822BE3F7C005F1D0C /* MoreContentView.swift */,
				F67794C922BE3F7C005F1D0C /* LicenseContentView.swift */,
				F67794CC22BE3F7C005F1D0C /* SFSymbols */,
				F677949222BE3F7C005F1D0C /* Misc */,
			);
			path = More;
			sourceTree = "<group>";
		};
		F67794CA22BE3F7C005F1D0C /* Dashboard */ = {
			isa = PBXGroup;
			children = (
				F67794CB22BE3F7C005F1D0C /* DasboardView.swift */,
			);
			path = Dashboard;
			sourceTree = "<group>";
		};
		F67794CC22BE3F7C005F1D0C /* SFSymbols */ = {
			isa = PBXGroup;
			children = (
				F67794CD22BE3F7C005F1D0C /* SFSymbols.swift */,
				F67794CE22BE3F7C005F1D0C /* SFSymbolsContentView.swift */,
			);
			path = SFSymbols;
			sourceTree = "<group>";
		};
		F6F41F5422BEC980004696C0 /* FacebookReaction */ = {
			isa = PBXGroup;
			children = (
				F6F41F5222BEC7B1004696C0 /* FacebookReactionExampleView.swift */,
				F6F41F5522BEC999004696C0 /* FacebookReactionAssets.xcassets */,
			);
			path = FacebookReaction;
			sourceTree = "<group>";
		};
		F6F47C7622BABEF7009E3C48 = {
			isa = PBXGroup;
			children = (
				F6F47C8122BABEF7009E3C48 /* SwiftUICookbook */,
				F6F47C8022BABEF7009E3C48 /* Products */,
			);
			sourceTree = "<group>";
		};
		F6F47C8022BABEF7009E3C48 /* Products */ = {
			isa = PBXGroup;
			children = (
				F6F47C7F22BABEF7009E3C48 /* SwiftUIMindBlowing.app */,
			);
			name = Products;
			sourceTree = "<group>";
		};
		F6F47C8122BABEF7009E3C48 /* SwiftUICookbook */ = {
			isa = PBXGroup;
			children = (
				F677949122BE3F7C005F1D0C /* Scenes */,
				F677948922BE3F5D005F1D0C /* Base */,
				F6F47C8222BABEF7009E3C48 /* AppDelegate.swift */,
				F6F47C8422BABEF7009E3C48 /* SceneDelegate.swift */,
				F6F47C8822BABEF8009E3C48 /* Assets.xcassets */,
				F6F47C8D22BABEF8009E3C48 /* LaunchScreen.storyboard */,
				F6F47C9022BABEF8009E3C48 /* Info.plist */,
				F6F47C8A22BABEF8009E3C48 /* Preview Content */,
			);
			name = SwiftUICookbook;
			sourceTree = "<group>";
		};
		F6F47C8A22BABEF8009E3C48 /* Preview Content */ = {
			isa = PBXGroup;
			children = (
				F6F47C8B22BABEF8009E3C48 /* Preview Assets.xcassets */,
			);
			name = "Preview Content";
			sourceTree = "<group>";
		};
/* End PBXGroup section */

/* Begin PBXNativeTarget section */
		F6F47C7E22BABEF7009E3C48 /* SwiftUIMindBlowing */ = {
			isa = PBXNativeTarget;
			buildConfigurationList = F6F47C9322BABEF8009E3C48 /* Build configuration list for PBXNativeTarget "SwiftUIMindBlowing" */;
			buildPhases = (
				F6F47C7B22BABEF7009E3C48 /* Sources */,
				F6F47C7C22BABEF7009E3C48 /* Frameworks */,
				F6F47C7D22BABEF7009E3C48 /* Resources */,
			);
			buildRules = (
			);
			dependencies = (
			);
			name = SwiftUIMindBlowing;
			packageProductDependencies = (
				F66A502422BD748D00CE0C3E /* GitHubSearchWithSwiftUIPackage */,
				F66A502B22BD980400CE0C3E /* SwiftUICalculatorPackage */,
				F66A503222BDA24500CE0C3E /* WeatherPackage */,
				F6B22DEE22BE1A08001436D1 /* WWDCPlayerPackage */,
			);
			productName = SwiftUICookbook;
			productReference = F6F47C7F22BABEF7009E3C48 /* SwiftUIMindBlowing.app */;
			productType = "com.apple.product-type.application";
		};
/* End PBXNativeTarget section */

/* Begin PBXProject section */
		F6F47C7722BABEF7009E3C48 /* Project object */ = {
			isa = PBXProject;
			attributes = {
				LastSwiftUpdateCheck = 1100;
				LastUpgradeCheck = 1100;
				ORGANIZATIONNAME = "An Tran";
				TargetAttributes = {
					F6F47C7E22BABEF7009E3C48 = {
						CreatedOnToolsVersion = 11.0;
					};
				};
			};
			buildConfigurationList = F6F47C7A22BABEF7009E3C48 /* Build configuration list for PBXProject "SwiftUIMindBlowing" */;
			compatibilityVersion = "Xcode 9.3";
			developmentRegion = en;
			hasScannedForEncodings = 0;
			knownRegions = (
				en,
				Base,
			);
			mainGroup = F6F47C7622BABEF7009E3C48;
			packageReferences = (
				F66A502322BD748D00CE0C3E /* XCRemoteSwiftPackageReference "GitHubSearchWithSwiftUIPackage" */,
				F66A502A22BD980400CE0C3E /* XCRemoteSwiftPackageReference "SwiftUICalculatorPackage" */,
				F66A503122BDA24500CE0C3E /* XCRemoteSwiftPackageReference "WeatherPackage" */,
				F6B22DED22BE1A08001436D1 /* XCRemoteSwiftPackageReference "WWDCPlayerPackage" */,
			);
			productRefGroup = F6F47C8022BABEF7009E3C48 /* Products */;
			projectDirPath = "";
			projectRoot = "";
			targets = (
				F6F47C7E22BABEF7009E3C48 /* SwiftUIMindBlowing */,
			);
		};
/* End PBXProject section */

/* Begin PBXResourcesBuildPhase section */
		F6F47C7D22BABEF7009E3C48 /* Resources */ = {
			isa = PBXResourcesBuildPhase;
			buildActionMask = 2147483647;
			files = (
				F6F47C8F22BABEF8009E3C48 /* LaunchScreen.storyboard in Resources */,
				F6F41F5622BEC999004696C0 /* FacebookReactionAssets.xcassets in Resources */,
				F67794E722BE3F7C005F1D0C /* style.css in Resources */,
				F67794E822BE3F7C005F1D0C /* text_index.html in Resources */,
				F6F47C8C22BABEF8009E3C48 /* Preview Assets.xcassets in Resources */,
				F6F47C8922BABEF8009E3C48 /* Assets.xcassets in Resources */,
			);
			runOnlyForDeploymentPostprocessing = 0;
		};
/* End PBXResourcesBuildPhase section */

/* Begin PBXSourcesBuildPhase section */
		F6F47C7B22BABEF7009E3C48 /* Sources */ = {
			isa = PBXSourcesBuildPhase;
			buildActionMask = 2147483647;
			files = (
				F67794D022BE3F7C005F1D0C /* MapKitExampleView.swift in Sources */,
				F6F41F5822BED0B0004696C0 /* DispatchTimerExampleView.swift in Sources */,
				F67794E122BE3F7C005F1D0C /* SecureFieldExampleView.swift in Sources */,
				F67794F822BE3F7C005F1D0C /* SFSymbols.swift in Sources */,
				F67794DB22BE3F7C005F1D0C /* MindBlowingContentView.swift in Sources */,
				F67794F222BE3F7C005F1D0C /* AnimationContentView.swift in Sources */,
				F67794F922BE3F7C005F1D0C /* SFSymbolsContentView.swift in Sources */,
				F67794D422BE3F7C005F1D0C /* GameLogic.swift in Sources */,
				F67794EA22BE3F7C005F1D0C /* PickerExampleView.swift in Sources */,
				F67794EB22BE3F7C005F1D0C /* PresentationButtonExampleView.swift in Sources */,
				F67794CF22BE3F7C005F1D0C /* MiscContentView.swift in Sources */,
				F67794F622BE3F7C005F1D0C /* LicenseContentView.swift in Sources */,
				F67794D322BE3F7C005F1D0C /* IdentifiedBlock.swift in Sources */,
				F67794EF22BE3F7C005F1D0C /* AlertExampleView.swift in Sources */,
				F67794D722BE3F7C005F1D0C /* BlockView.swift in Sources */,
				F67794F522BE3F7C005F1D0C /* MoreContentView.swift in Sources */,
				F67794F322BE3F7C005F1D0C /* ScaleEffectExampleView.swift in Sources */,
				F67794DF22BE3F7C005F1D0C /* SegmentedControlExampleView.swift in Sources */,
				F67794EE22BE3F7C005F1D0C /* VStackExampleView.swift in Sources */,
				F67794E022BE3F7C005F1D0C /* NavigationButtonExampleView.swift in Sources */,
				F67794F122BE3F7C005F1D0C /* BasicContentView.swift in Sources */,
				F6F47C8322BABEF7009E3C48 /* AppDelegate.swift in Sources */,
				F67794DC22BE3F7C005F1D0C /* FontExampleView.swift in Sources */,
				F67794D822BE3F7C005F1D0C /* SwiftUI2048ExampleView.swift in Sources */,
				F67794E422BE3F7C005F1D0C /* ToggleExampleView.swift in Sources */,
				F6F41F5322BEC7B1004696C0 /* FacebookReactionExampleView.swift in Sources */,
				F677948E22BE3F5D005F1D0C /* WKWebViewUI.swift in Sources */,
				F67794D522BE3F7C005F1D0C /* BlockGridView.swift in Sources */,
				F67794D122BE3F7C005F1D0C /* FunctionalUtils.swift in Sources */,
				F67794DE22BE3F7C005F1D0C /* TextFieldExampleView.swift in Sources */,
				F67794F022BE3F7C005F1D0C /* ModalExampleView.swift in Sources */,
				F67794E922BE3F7C005F1D0C /* ButtonExampleView.swift in Sources */,
				F67794DA22BE3F7C005F1D0C /* PureGeniusExampleView.swift in Sources */,
				F67794ED22BE3F7C005F1D0C /* ActionSheetExampleView.swift in Sources */,
				F67794D222BE3F7C005F1D0C /* BlockMatrix.swift in Sources */,
				F67794D922BE3F7C005F1D0C /* FullProjectsContentView.swift in Sources */,
				F67794E622BE3F7C005F1D0C /* TextExampleView.swift in Sources */,
				F67794F422BE3F7C005F1D0C /* RotationEffectExampleView.swift in Sources */,
				F677948F22BE3F5D005F1D0C /* BaseExampleView.swift in Sources */,
				F677949022BE3F5D005F1D0C /* ExampleCellView.swift in Sources */,
				F67794EC22BE3F7C005F1D0C /* HStackExampleView.swift in Sources */,
				F67794E222BE3F7C005F1D0C /* StepperExampleView.swift in Sources */,
				F67794E522BE3F7C005F1D0C /* EditButtonExampleView.swift in Sources */,
				F67794D622BE3F7C005F1D0C /* GameView.swift in Sources */,
				F67794F722BE3F7C005F1D0C /* DasboardView.swift in Sources */,
				F6F47C8522BABEF7009E3C48 /* SceneDelegate.swift in Sources */,
				F67794DD22BE3F7C005F1D0C /* ImageExampleView.swift in Sources */,
				F67794E322BE3F7C005F1D0C /* DatePickerExampleView.swift in Sources */,
			);
			runOnlyForDeploymentPostprocessing = 0;
		};
/* End PBXSourcesBuildPhase section */

/* Begin PBXVariantGroup section */
		F6F47C8D22BABEF8009E3C48 /* LaunchScreen.storyboard */ = {
			isa = PBXVariantGroup;
			children = (
				F6F47C8E22BABEF8009E3C48 /* Base */,
			);
			name = LaunchScreen.storyboard;
			path = SwiftUIMindBlowing;
			sourceTree = "<group>";
		};
/* End PBXVariantGroup section */

/* Begin XCBuildConfiguration section */
		F6F47C9122BABEF8009E3C48 /* Debug */ = {
			isa = XCBuildConfiguration;
			buildSettings = {
				ALWAYS_SEARCH_USER_PATHS = NO;
				CLANG_ANALYZER_NONNULL = YES;
				CLANG_ANALYZER_NUMBER_OBJECT_CONVERSION = YES_AGGRESSIVE;
				CLANG_CXX_LANGUAGE_STANDARD = "gnu++14";
				CLANG_CXX_LIBRARY = "libc++";
				CLANG_ENABLE_MODULES = YES;
				CLANG_ENABLE_OBJC_ARC = YES;
				CLANG_ENABLE_OBJC_WEAK = YES;
				CLANG_WARN_BLOCK_CAPTURE_AUTORELEASING = YES;
				CLANG_WARN_BOOL_CONVERSION = YES;
				CLANG_WARN_COMMA = YES;
				CLANG_WARN_CONSTANT_CONVERSION = YES;
				CLANG_WARN_DEPRECATED_OBJC_IMPLEMENTATIONS = YES;
				CLANG_WARN_DIRECT_OBJC_ISA_USAGE = YES_ERROR;
				CLANG_WARN_DOCUMENTATION_COMMENTS = YES;
				CLANG_WARN_EMPTY_BODY = YES;
				CLANG_WARN_ENUM_CONVERSION = YES;
				CLANG_WARN_INFINITE_RECURSION = YES;
				CLANG_WARN_INT_CONVERSION = YES;
				CLANG_WARN_NON_LITERAL_NULL_CONVERSION = YES;
				CLANG_WARN_OBJC_IMPLICIT_RETAIN_SELF = YES;
				CLANG_WARN_OBJC_LITERAL_CONVERSION = YES;
				CLANG_WARN_OBJC_ROOT_CLASS = YES_ERROR;
				CLANG_WARN_RANGE_LOOP_ANALYSIS = YES;
				CLANG_WARN_STRICT_PROTOTYPES = YES;
				CLANG_WARN_SUSPICIOUS_MOVE = YES;
				CLANG_WARN_UNGUARDED_AVAILABILITY = YES_AGGRESSIVE;
				CLANG_WARN_UNREACHABLE_CODE = YES;
				CLANG_WARN__DUPLICATE_METHOD_MATCH = YES;
				COPY_PHASE_STRIP = NO;
				DEBUG_INFORMATION_FORMAT = dwarf;
				ENABLE_STRICT_OBJC_MSGSEND = YES;
				ENABLE_TESTABILITY = YES;
				GCC_C_LANGUAGE_STANDARD = gnu11;
				GCC_DYNAMIC_NO_PIC = NO;
				GCC_NO_COMMON_BLOCKS = YES;
				GCC_OPTIMIZATION_LEVEL = 0;
				GCC_PREPROCESSOR_DEFINITIONS = (
					"DEBUG=1",
					"$(inherited)",
				);
				GCC_WARN_64_TO_32_BIT_CONVERSION = YES;
				GCC_WARN_ABOUT_RETURN_TYPE = YES_ERROR;
				GCC_WARN_UNDECLARED_SELECTOR = YES;
				GCC_WARN_UNINITIALIZED_AUTOS = YES_AGGRESSIVE;
				GCC_WARN_UNUSED_FUNCTION = YES;
				GCC_WARN_UNUSED_VARIABLE = YES;
				IPHONEOS_DEPLOYMENT_TARGET = 13.0;
				MTL_ENABLE_DEBUG_INFO = INCLUDE_SOURCE;
				MTL_FAST_MATH = YES;
				ONLY_ACTIVE_ARCH = YES;
				SDKROOT = iphoneos;
				SWIFT_ACTIVE_COMPILATION_CONDITIONS = DEBUG;
				SWIFT_OPTIMIZATION_LEVEL = "-Onone";
			};
			name = Debug;
		};
		F6F47C9222BABEF8009E3C48 /* Release */ = {
			isa = XCBuildConfiguration;
			buildSettings = {
				ALWAYS_SEARCH_USER_PATHS = NO;
				CLANG_ANALYZER_NONNULL = YES;
				CLANG_ANALYZER_NUMBER_OBJECT_CONVERSION = YES_AGGRESSIVE;
				CLANG_CXX_LANGUAGE_STANDARD = "gnu++14";
				CLANG_CXX_LIBRARY = "libc++";
				CLANG_ENABLE_MODULES = YES;
				CLANG_ENABLE_OBJC_ARC = YES;
				CLANG_ENABLE_OBJC_WEAK = YES;
				CLANG_WARN_BLOCK_CAPTURE_AUTORELEASING = YES;
				CLANG_WARN_BOOL_CONVERSION = YES;
				CLANG_WARN_COMMA = YES;
				CLANG_WARN_CONSTANT_CONVERSION = YES;
				CLANG_WARN_DEPRECATED_OBJC_IMPLEMENTATIONS = YES;
				CLANG_WARN_DIRECT_OBJC_ISA_USAGE = YES_ERROR;
				CLANG_WARN_DOCUMENTATION_COMMENTS = YES;
				CLANG_WARN_EMPTY_BODY = YES;
				CLANG_WARN_ENUM_CONVERSION = YES;
				CLANG_WARN_INFINITE_RECURSION = YES;
				CLANG_WARN_INT_CONVERSION = YES;
				CLANG_WARN_NON_LITERAL_NULL_CONVERSION = YES;
				CLANG_WARN_OBJC_IMPLICIT_RETAIN_SELF = YES;
				CLANG_WARN_OBJC_LITERAL_CONVERSION = YES;
				CLANG_WARN_OBJC_ROOT_CLASS = YES_ERROR;
				CLANG_WARN_RANGE_LOOP_ANALYSIS = YES;
				CLANG_WARN_STRICT_PROTOTYPES = YES;
				CLANG_WARN_SUSPICIOUS_MOVE = YES;
				CLANG_WARN_UNGUARDED_AVAILABILITY = YES_AGGRESSIVE;
				CLANG_WARN_UNREACHABLE_CODE = YES;
				CLANG_WARN__DUPLICATE_METHOD_MATCH = YES;
				COPY_PHASE_STRIP = NO;
				DEBUG_INFORMATION_FORMAT = "dwarf-with-dsym";
				ENABLE_NS_ASSERTIONS = NO;
				ENABLE_STRICT_OBJC_MSGSEND = YES;
				GCC_C_LANGUAGE_STANDARD = gnu11;
				GCC_NO_COMMON_BLOCKS = YES;
				GCC_WARN_64_TO_32_BIT_CONVERSION = YES;
				GCC_WARN_ABOUT_RETURN_TYPE = YES_ERROR;
				GCC_WARN_UNDECLARED_SELECTOR = YES;
				GCC_WARN_UNINITIALIZED_AUTOS = YES_AGGRESSIVE;
				GCC_WARN_UNUSED_FUNCTION = YES;
				GCC_WARN_UNUSED_VARIABLE = YES;
				IPHONEOS_DEPLOYMENT_TARGET = 13.0;
				MTL_ENABLE_DEBUG_INFO = NO;
				MTL_FAST_MATH = YES;
				SDKROOT = iphoneos;
				SWIFT_COMPILATION_MODE = wholemodule;
				SWIFT_OPTIMIZATION_LEVEL = "-O";
				VALIDATE_PRODUCT = YES;
			};
			name = Release;
		};
		F6F47C9422BABEF8009E3C48 /* Debug */ = {
			isa = XCBuildConfiguration;
			buildSettings = {
				ASSETCATALOG_COMPILER_APPICON_NAME = AppIcon;
				CODE_SIGN_STYLE = Automatic;
				DEVELOPMENT_ASSET_PATHS = "SwiftUIMindBlowing/Preview\\ Content";
				DEVELOPMENT_TEAM = 7F8866H6R9;
				ENABLE_PREVIEWS = YES;
				INFOPLIST_FILE = "$(SRCROOT)/SwiftUIMindBlowing/Info.plist";
				LD_RUNPATH_SEARCH_PATHS = (
					"$(inherited)",
					"@executable_path/Frameworks",
				);
				MARKETING_VERSION = 1.0.0;
				PRODUCT_BUNDLE_IDENTIFIER = com.tba.apps.SwiftUIMindBlowing;
				PRODUCT_NAME = "$(TARGET_NAME)";
				SWIFT_VERSION = 5.0;
				TARGETED_DEVICE_FAMILY = "1,2";
			};
			name = Debug;
		};
		F6F47C9522BABEF8009E3C48 /* Release */ = {
			isa = XCBuildConfiguration;
			buildSettings = {
				ASSETCATALOG_COMPILER_APPICON_NAME = AppIcon;
				CODE_SIGN_STYLE = Automatic;
				DEVELOPMENT_ASSET_PATHS = "SwiftUIMindBlowing/Preview\\ Content";
				DEVELOPMENT_TEAM = 7F8866H6R9;
				ENABLE_PREVIEWS = YES;
				INFOPLIST_FILE = "$(SRCROOT)/SwiftUIMindBlowing/Info.plist";
				LD_RUNPATH_SEARCH_PATHS = (
					"$(inherited)",
					"@executable_path/Frameworks",
				);
				MARKETING_VERSION = 1.0.0;
				PRODUCT_BUNDLE_IDENTIFIER = com.tba.apps.SwiftUIMindBlowing;
				PRODUCT_NAME = "$(TARGET_NAME)";
				SWIFT_VERSION = 5.0;
				TARGETED_DEVICE_FAMILY = "1,2";
			};
			name = Release;
		};
/* End XCBuildConfiguration section */

/* Begin XCConfigurationList section */
		F6F47C7A22BABEF7009E3C48 /* Build configuration list for PBXProject "SwiftUIMindBlowing" */ = {
			isa = XCConfigurationList;
			buildConfigurations = (
				F6F47C9122BABEF8009E3C48 /* Debug */,
				F6F47C9222BABEF8009E3C48 /* Release */,
			);
			defaultConfigurationIsVisible = 0;
			defaultConfigurationName = Release;
		};
		F6F47C9322BABEF8009E3C48 /* Build configuration list for PBXNativeTarget "SwiftUIMindBlowing" */ = {
			isa = XCConfigurationList;
			buildConfigurations = (
				F6F47C9422BABEF8009E3C48 /* Debug */,
				F6F47C9522BABEF8009E3C48 /* Release */,
			);
			defaultConfigurationIsVisible = 0;
			defaultConfigurationName = Release;
		};
/* End XCConfigurationList section */

/* Begin XCRemoteSwiftPackageReference section */
		F66A502322BD748D00CE0C3E /* XCRemoteSwiftPackageReference "GitHubSearchWithSwiftUIPackage" */ = {
			isa = XCRemoteSwiftPackageReference;
			repositoryURL = "https://github.com/peacemoon/GitHubSearchWithSwiftUIPackage";
			requirement = {
				kind = upToNextMajorVersion;
				minimumVersion = 1.0.0;
			};
		};
		F66A502A22BD980400CE0C3E /* XCRemoteSwiftPackageReference "SwiftUICalculatorPackage" */ = {
			isa = XCRemoteSwiftPackageReference;
			repositoryURL = "https://github.com/peacemoon/SwiftUICalculatorPackage";
			requirement = {
				kind = upToNextMajorVersion;
				minimumVersion = 1.0.0;
			};
		};
		F66A503122BDA24500CE0C3E /* XCRemoteSwiftPackageReference "WeatherPackage" */ = {
			isa = XCRemoteSwiftPackageReference;
			repositoryURL = "https://github.com/peacemoon/WeatherPackage";
			requirement = {
				kind = upToNextMajorVersion;
				minimumVersion = 1.0.0;
			};
		};
		F6B22DED22BE1A08001436D1 /* XCRemoteSwiftPackageReference "WWDCPlayerPackage" */ = {
			isa = XCRemoteSwiftPackageReference;
			repositoryURL = "https://github.com/peacemoon/WWDCPlayerPackage";
			requirement = {
				kind = upToNextMajorVersion;
				minimumVersion = 1.0.0;
			};
		};
/* End XCRemoteSwiftPackageReference section */

/* Begin XCSwiftPackageProductDependency section */
		F66A502422BD748D00CE0C3E /* GitHubSearchWithSwiftUIPackage */ = {
			isa = XCSwiftPackageProductDependency;
			package = F66A502322BD748D00CE0C3E /* XCRemoteSwiftPackageReference "GitHubSearchWithSwiftUIPackage" */;
			productName = GitHubSearchWithSwiftUIPackage;
		};
		F66A502B22BD980400CE0C3E /* SwiftUICalculatorPackage */ = {
			isa = XCSwiftPackageProductDependency;
			package = F66A502A22BD980400CE0C3E /* XCRemoteSwiftPackageReference "SwiftUICalculatorPackage" */;
			productName = SwiftUICalculatorPackage;
		};
		F66A503222BDA24500CE0C3E /* WeatherPackage */ = {
			isa = XCSwiftPackageProductDependency;
			package = F66A503122BDA24500CE0C3E /* XCRemoteSwiftPackageReference "WeatherPackage" */;
			productName = WeatherPackage;
		};
		F6B22DEE22BE1A08001436D1 /* WWDCPlayerPackage */ = {
			isa = XCSwiftPackageProductDependency;
			package = F6B22DED22BE1A08001436D1 /* XCRemoteSwiftPackageReference "WWDCPlayerPackage" */;
			productName = WWDCPlayerPackage;
		};
/* End XCSwiftPackageProductDependency section */
	};
	rootObject = F6F47C7722BABEF7009E3C48 /* Project object */;
}
