// !$*UTF8*$!
{
	archiveVersion = 1;
	classes = {
	};
	objectVersion = 52;
	objects = {

/* Begin PBXBuildFile section */
		7F337C9224AEF68A004ED5CE /* Constants.swift in Sources */ = {isa = PBXBuildFile; fileRef = 7F337C9124AEF68A004ED5CE /* Constants.swift */; };
		7FC5FD6024B1FB2600BF4464 /* View+Extensions.swift in Sources */ = {isa = PBXBuildFile; fileRef = 7FC5FD5F24B1FB2600BF4464 /* View+Extensions.swift */; };
		7FC5FD6424B2046B00BF4464 /* MainView.swift in Sources */ = {isa = PBXBuildFile; fileRef = 7FC5FD6324B2046B00BF4464 /* MainView.swift */; };
		7FC5FD6624B2DD4500BF4464 /* DemoView.swift in Sources */ = {isa = PBXBuildFile; fileRef = 7FC5FD6524B2DD4500BF4464 /* DemoView.swift */; };
		7FC5FD6C24B2E79B00BF4464 /* AppStore.swift in Sources */ = {isa = PBXBuildFile; fileRef = 7FC5FD6B24B2E79B00BF4464 /* AppStore.swift */; };
		7FC5FD6E24B2E7BA00BF4464 /* RootView.swift in Sources */ = {isa = PBXBuildFile; fileRef = 7FC5FD6D24B2E7BA00BF4464 /* RootView.swift */; };
		7FE01DAD24ADB4340001C2CB /* TwoEqualWidthColumnsExampleView.swift in Sources */ = {isa = PBXBuildFile; fileRef = 7FE01DAC24ADB4340001C2CB /* TwoEqualWidthColumnsExampleView.swift */; };
		F60D9B7622C15EDD002891EE /* BlendModeExampleView.swift in Sources */ = {isa = PBXBuildFile; fileRef = F60D9B7522C15EDD002891EE /* BlendModeExampleView.swift */; };
		F60D9B7A22C161FA002891EE /* SearchBarView.swift in Sources */ = {isa = PBXBuildFile; fileRef = F60D9B7922C161FA002891EE /* SearchBarView.swift */; };
		F60ED6A52375F59800E3E3B9 /* RectangleExampleView.swift in Sources */ = {isa = PBXBuildFile; fileRef = F60ED6A42375F59800E3E3B9 /* RectangleExampleView.swift */; };
		F60ED6A72376C01000E3E3B9 /* CircleExampleView.swift in Sources */ = {isa = PBXBuildFile; fileRef = F60ED6A62376C01000E3E3B9 /* CircleExampleView.swift */; };
		F60ED6A92376C0F100E3E3B9 /* RoundedRectangleExampleView.swift in Sources */ = {isa = PBXBuildFile; fileRef = F60ED6A82376C0F100E3E3B9 /* RoundedRectangleExampleView.swift */; };
		F60ED6AB2376CE6400E3E3B9 /* WKWebViewStore.swift in Sources */ = {isa = PBXBuildFile; fileRef = F60ED6AA2376CE6400E3E3B9 /* WKWebViewStore.swift */; };
		F60ED6AD2376EA6300E3E3B9 /* PathExampleView.swift in Sources */ = {isa = PBXBuildFile; fileRef = F60ED6AC2376EA6300E3E3B9 /* PathExampleView.swift */; };
		F60ED6B02376EB3800E3E3B9 /* LinearGradientExampleView.swift in Sources */ = {isa = PBXBuildFile; fileRef = F60ED6AF2376EB3800E3E3B9 /* LinearGradientExampleView.swift */; };
		F6180F1E236A41C000C5354A /* error.html in Resources */ = {isa = PBXBuildFile; fileRef = F6180F1D236A41C000C5354A /* error.html */; };
		F65FD42A237376F500521CDD /* FloatingActionButtonExampleView.swift in Sources */ = {isa = PBXBuildFile; fileRef = F65FD429237376F500521CDD /* FloatingActionButtonExampleView.swift */; };
		F65FD42E2373796E00521CDD /* StretchyHeaderExampleView.swift in Sources */ = {isa = PBXBuildFile; fileRef = F65FD42D2373796E00521CDD /* StretchyHeaderExampleView.swift */; };
		F677948E22BE3F5D005F1D0C /* WKWebViewUI.swift in Sources */ = {isa = PBXBuildFile; fileRef = F677948B22BE3F5D005F1D0C /* WKWebViewUI.swift */; };
		F677948F22BE3F5D005F1D0C /* ExampleView.swift in Sources */ = {isa = PBXBuildFile; fileRef = F677948C22BE3F5D005F1D0C /* ExampleView.swift */; };
		F677949022BE3F5D005F1D0C /* ExampleCellView.swift in Sources */ = {isa = PBXBuildFile; fileRef = F677948D22BE3F5D005F1D0C /* ExampleCellView.swift */; };
		F67794CF22BE3F7C005F1D0C /* CookbookContentView.swift in Sources */ = {isa = PBXBuildFile; fileRef = F677949322BE3F7C005F1D0C /* CookbookContentView.swift */; };
		F67794D022BE3F7C005F1D0C /* MapKitExampleView.swift in Sources */ = {isa = PBXBuildFile; fileRef = F677949522BE3F7C005F1D0C /* MapKitExampleView.swift */; };
		F67794D922BE3F7C005F1D0C /* FullProjectsContentView.swift in Sources */ = {isa = PBXBuildFile; fileRef = F67794A322BE3F7C005F1D0C /* FullProjectsContentView.swift */; };
		F67794DB22BE3F7C005F1D0C /* MindBlowingContentView.swift in Sources */ = {isa = PBXBuildFile; fileRef = F67794A622BE3F7C005F1D0C /* MindBlowingContentView.swift */; };
		F67794DC22BE3F7C005F1D0C /* FontExampleView.swift in Sources */ = {isa = PBXBuildFile; fileRef = F67794A922BE3F7C005F1D0C /* FontExampleView.swift */; };
		F67794DD22BE3F7C005F1D0C /* ImageExampleView.swift in Sources */ = {isa = PBXBuildFile; fileRef = F67794AA22BE3F7C005F1D0C /* ImageExampleView.swift */; };
		F67794DE22BE3F7C005F1D0C /* TextFieldExampleView.swift in Sources */ = {isa = PBXBuildFile; fileRef = F67794AB22BE3F7C005F1D0C /* TextFieldExampleView.swift */; };
		F67794DF22BE3F7C005F1D0C /* SegmentedControlExampleView.swift in Sources */ = {isa = PBXBuildFile; fileRef = F67794AC22BE3F7C005F1D0C /* SegmentedControlExampleView.swift */; };
		F67794E022BE3F7C005F1D0C /* NavigationLinkExampleView.swift in Sources */ = {isa = PBXBuildFile; fileRef = F67794AD22BE3F7C005F1D0C /* NavigationLinkExampleView.swift */; };
		F67794E122BE3F7C005F1D0C /* SecureFieldExampleView.swift in Sources */ = {isa = PBXBuildFile; fileRef = F67794AE22BE3F7C005F1D0C /* SecureFieldExampleView.swift */; };
		F67794E222BE3F7C005F1D0C /* StepperExampleView.swift in Sources */ = {isa = PBXBuildFile; fileRef = F67794AF22BE3F7C005F1D0C /* StepperExampleView.swift */; };
		F67794E322BE3F7C005F1D0C /* DatePickerExampleView.swift in Sources */ = {isa = PBXBuildFile; fileRef = F67794B022BE3F7C005F1D0C /* DatePickerExampleView.swift */; };
		F67794E422BE3F7C005F1D0C /* ToggleExampleView.swift in Sources */ = {isa = PBXBuildFile; fileRef = F67794B122BE3F7C005F1D0C /* ToggleExampleView.swift */; };
		F67794E522BE3F7C005F1D0C /* EditButtonExampleView.swift in Sources */ = {isa = PBXBuildFile; fileRef = F67794B222BE3F7C005F1D0C /* EditButtonExampleView.swift */; };
		F67794E622BE3F7C005F1D0C /* TextExampleView.swift in Sources */ = {isa = PBXBuildFile; fileRef = F67794B422BE3F7C005F1D0C /* TextExampleView.swift */; };
		F67794E922BE3F7C005F1D0C /* ButtonExampleView.swift in Sources */ = {isa = PBXBuildFile; fileRef = F67794B822BE3F7C005F1D0C /* ButtonExampleView.swift */; };
		F67794EA22BE3F7C005F1D0C /* PickerExampleView.swift in Sources */ = {isa = PBXBuildFile; fileRef = F67794B922BE3F7C005F1D0C /* PickerExampleView.swift */; };
		F67794EC22BE3F7C005F1D0C /* HStackExampleView.swift in Sources */ = {isa = PBXBuildFile; fileRef = F67794BC22BE3F7C005F1D0C /* HStackExampleView.swift */; };
		F67794ED22BE3F7C005F1D0C /* ActionSheetExampleView.swift in Sources */ = {isa = PBXBuildFile; fileRef = F67794BD22BE3F7C005F1D0C /* ActionSheetExampleView.swift */; };
		F67794EE22BE3F7C005F1D0C /* VStackExampleView.swift in Sources */ = {isa = PBXBuildFile; fileRef = F67794BE22BE3F7C005F1D0C /* VStackExampleView.swift */; };
		F67794EF22BE3F7C005F1D0C /* AlertExampleView.swift in Sources */ = {isa = PBXBuildFile; fileRef = F67794BF22BE3F7C005F1D0C /* AlertExampleView.swift */; };
		F67794F022BE3F7C005F1D0C /* ModalExampleView.swift in Sources */ = {isa = PBXBuildFile; fileRef = F67794C022BE3F7C005F1D0C /* ModalExampleView.swift */; };
		F67794F122BE3F7C005F1D0C /* BasicContentView.swift in Sources */ = {isa = PBXBuildFile; fileRef = F67794C122BE3F7C005F1D0C /* BasicContentView.swift */; };
		F67794F222BE3F7C005F1D0C /* AnimationContentView.swift in Sources */ = {isa = PBXBuildFile; fileRef = F67794C322BE3F7C005F1D0C /* AnimationContentView.swift */; };
		F67794F322BE3F7C005F1D0C /* ScaleEffectExampleView.swift in Sources */ = {isa = PBXBuildFile; fileRef = F67794C522BE3F7C005F1D0C /* ScaleEffectExampleView.swift */; };
		F67794F422BE3F7C005F1D0C /* RotationEffectExampleView.swift in Sources */ = {isa = PBXBuildFile; fileRef = F67794C622BE3F7C005F1D0C /* RotationEffectExampleView.swift */; };
		F67794F522BE3F7C005F1D0C /* MoreContentView.swift in Sources */ = {isa = PBXBuildFile; fileRef = F67794C822BE3F7C005F1D0C /* MoreContentView.swift */; };
		F67794F722BE3F7C005F1D0C /* DashboardView.swift in Sources */ = {isa = PBXBuildFile; fileRef = F67794CB22BE3F7C005F1D0C /* DashboardView.swift */; };
		F67794F822BE3F7C005F1D0C /* SFSymbols.swift in Sources */ = {isa = PBXBuildFile; fileRef = F67794CD22BE3F7C005F1D0C /* SFSymbols.swift */; };
		F67794F922BE3F7C005F1D0C /* SFSymbolsContentView.swift in Sources */ = {isa = PBXBuildFile; fileRef = F67794CE22BE3F7C005F1D0C /* SFSymbolsContentView.swift */; };
		F679D071236C45A200C67666 /* LongPressGestureExampleView.swift in Sources */ = {isa = PBXBuildFile; fileRef = F679D070236C45A200C67666 /* LongPressGestureExampleView.swift */; };
		F679D073236C481600C67666 /* LongPressGestureExampleDemoView.swift in Sources */ = {isa = PBXBuildFile; fileRef = F679D072236C481600C67666 /* LongPressGestureExampleDemoView.swift */; };
		F68C9F1222BFC96A000B6B9D /* SFSafariViewControllerExampleView.swift in Sources */ = {isa = PBXBuildFile; fileRef = F68C9F1122BFC96A000B6B9D /* SFSafariViewControllerExampleView.swift */; };
		F695518123683E5F00B81712 /* AutoFocusTextFieldView.swift in Sources */ = {isa = PBXBuildFile; fileRef = F695518023683E5F00B81712 /* AutoFocusTextFieldView.swift */; };
		F695518323683EA800B81712 /* OpenURLInDefaultBrowserView.swift in Sources */ = {isa = PBXBuildFile; fileRef = F695518223683EA800B81712 /* OpenURLInDefaultBrowserView.swift */; };
		F69551982369E27E00B81712 /* HStackExampleDemoView.swift in Sources */ = {isa = PBXBuildFile; fileRef = F69551972369E27E00B81712 /* HStackExampleDemoView.swift */; };
		F69551A1236A388800B81712 /* WKWebViewUICoordinator.swift in Sources */ = {isa = PBXBuildFile; fileRef = F69551A0236A388800B81712 /* WKWebViewUICoordinator.swift */; };
		F69E4001236C80D200B44D67 /* MagnificationGestureExampleView.swift in Sources */ = {isa = PBXBuildFile; fileRef = F69E4000236C80D200B44D67 /* MagnificationGestureExampleView.swift */; };
		F69E4003236C81AD00B44D67 /* MagnificationGestureExampleDemoView.swift in Sources */ = {isa = PBXBuildFile; fileRef = F69E4002236C81AD00B44D67 /* MagnificationGestureExampleDemoView.swift */; };
		F69E4006236C83F300B44D67 /* RotationGestureExampleView.swift in Sources */ = {isa = PBXBuildFile; fileRef = F69E4005236C83F300B44D67 /* RotationGestureExampleView.swift */; };
		F69E4008236C854E00B44D67 /* RotationGestureExampleDemoView.swift in Sources */ = {isa = PBXBuildFile; fileRef = F69E4007236C854E00B44D67 /* RotationGestureExampleDemoView.swift */; };
		F69E400C236C8C9E00B44D67 /* SequenceGestureExampleView.swift in Sources */ = {isa = PBXBuildFile; fileRef = F69E400B236C8C9E00B44D67 /* SequenceGestureExampleView.swift */; };
		F69E400E236C8CED00B44D67 /* SequenceGestureExampleDemoView.swift in Sources */ = {isa = PBXBuildFile; fileRef = F69E400D236C8CED00B44D67 /* SequenceGestureExampleDemoView.swift */; };
		F69E4016236CACDC00B44D67 /* SimultanousGestureExampleView.swift in Sources */ = {isa = PBXBuildFile; fileRef = F69E4015236CACDC00B44D67 /* SimultanousGestureExampleView.swift */; };
		F69E4018236CAD2E00B44D67 /* SimultanousGestureExampleDemoView.swift in Sources */ = {isa = PBXBuildFile; fileRef = F69E4017236CAD2E00B44D67 /* SimultanousGestureExampleDemoView.swift */; };
		F6ACE13F236B778C00BFAB98 /* TextExampleDemoView.swift in Sources */ = {isa = PBXBuildFile; fileRef = F6ACE13E236B778C00BFAB98 /* TextExampleDemoView.swift */; };
		F6ACE141236B77C300BFAB98 /* TextFieldExampleDemoView.swift in Sources */ = {isa = PBXBuildFile; fileRef = F6ACE140236B77C300BFAB98 /* TextFieldExampleDemoView.swift */; };
		F6ACE143236B77EE00BFAB98 /* FontExampleDemoView.swift in Sources */ = {isa = PBXBuildFile; fileRef = F6ACE142236B77EE00BFAB98 /* FontExampleDemoView.swift */; };
		F6ACE145236B781600BFAB98 /* ImageExampleDemoView.swift in Sources */ = {isa = PBXBuildFile; fileRef = F6ACE144236B781600BFAB98 /* ImageExampleDemoView.swift */; };
		F6ACE147236B783F00BFAB98 /* SegmentedControlExampleDemoView.swift in Sources */ = {isa = PBXBuildFile; fileRef = F6ACE146236B783F00BFAB98 /* SegmentedControlExampleDemoView.swift */; };
		F6ACE14F236B795E00BFAB98 /* NavigationLinkExampleDemoView.swift in Sources */ = {isa = PBXBuildFile; fileRef = F6ACE14E236B795E00BFAB98 /* NavigationLinkExampleDemoView.swift */; };
		F6ACE152236B79BA00BFAB98 /* SecureFieldExampleDemoView.swift in Sources */ = {isa = PBXBuildFile; fileRef = F6ACE151236B79BA00BFAB98 /* SecureFieldExampleDemoView.swift */; };
		F6ACE155236B79E000BFAB98 /* StepperExampleDemoView.swift in Sources */ = {isa = PBXBuildFile; fileRef = F6ACE154236B79E000BFAB98 /* StepperExampleDemoView.swift */; };
		F6ACE158236B7A1200BFAB98 /* DatePickerExampleDemoView.swift in Sources */ = {isa = PBXBuildFile; fileRef = F6ACE157236B7A1200BFAB98 /* DatePickerExampleDemoView.swift */; };
		F6ACE15B236B7A7500BFAB98 /* ToggleExampleDemoView.swift in Sources */ = {isa = PBXBuildFile; fileRef = F6ACE15A236B7A7500BFAB98 /* ToggleExampleDemoView.swift */; };
		F6ACE15E236B7A9500BFAB98 /* EditButtonExampleDemoView.swift in Sources */ = {isa = PBXBuildFile; fileRef = F6ACE15D236B7A9500BFAB98 /* EditButtonExampleDemoView.swift */; };
		F6ACE161236B7AF700BFAB98 /* ButtonExampleDemoView.swift in Sources */ = {isa = PBXBuildFile; fileRef = F6ACE160236B7AF700BFAB98 /* ButtonExampleDemoView.swift */; };
		F6ACE164236B7BEA00BFAB98 /* PickerExampleDemoView.swift in Sources */ = {isa = PBXBuildFile; fileRef = F6ACE163236B7BEA00BFAB98 /* PickerExampleDemoView.swift */; };
		F6ACE168236B7F6F00BFAB98 /* VStackExampleDemoView.swift in Sources */ = {isa = PBXBuildFile; fileRef = F6ACE167236B7F6F00BFAB98 /* VStackExampleDemoView.swift */; };
		F6ACE16B236B7FA800BFAB98 /* ActionSheetExampleDemoView.swift in Sources */ = {isa = PBXBuildFile; fileRef = F6ACE16A236B7FA800BFAB98 /* ActionSheetExampleDemoView.swift */; };
		F6ACE16F236B7FFE00BFAB98 /* AlertExampleDemoView.swift in Sources */ = {isa = PBXBuildFile; fileRef = F6ACE16E236B7FFE00BFAB98 /* AlertExampleDemoView.swift */; };
		F6ACE171236B803E00BFAB98 /* ModalExampleDemoView.swift in Sources */ = {isa = PBXBuildFile; fileRef = F6ACE170236B803E00BFAB98 /* ModalExampleDemoView.swift */; };
		F6ACE174236B817900BFAB98 /* ModalView in Frameworks */ = {isa = PBXBuildFile; productRef = F6ACE173236B817900BFAB98 /* ModalView */; };
		F6ACE178236B996D00BFAB98 /* TapGestureExampleView.swift in Sources */ = {isa = PBXBuildFile; fileRef = F6ACE177236B996D00BFAB98 /* TapGestureExampleView.swift */; };
		F6ACE17A236B999D00BFAB98 /* TapGestureExampleDemoView.swift in Sources */ = {isa = PBXBuildFile; fileRef = F6ACE179236B999D00BFAB98 /* TapGestureExampleDemoView.swift */; };
		F6ACE17E236B9D3900BFAB98 /* ViewModifierCompositionExampleView.swift in Sources */ = {isa = PBXBuildFile; fileRef = F6ACE17D236B9D3900BFAB98 /* ViewModifierCompositionExampleView.swift */; };
		F6B5DC73236C714E000D1EED /* DragGestureExampleView.swift in Sources */ = {isa = PBXBuildFile; fileRef = F6B5DC72236C714E000D1EED /* DragGestureExampleView.swift */; };
		F6B5DC75236C7500000D1EED /* DragGestureExampleDemoView.swift in Sources */ = {isa = PBXBuildFile; fileRef = F6B5DC74236C7500000D1EED /* DragGestureExampleDemoView.swift */; };
		F6E5A99E236DACD300BC0852 /* ListExampleDemoView.swift in Sources */ = {isa = PBXBuildFile; fileRef = F6E5A99C236DACD300BC0852 /* ListExampleDemoView.swift */; };
		F6E5A99F236DACD300BC0852 /* ListExampleView.swift in Sources */ = {isa = PBXBuildFile; fileRef = F6E5A99D236DACD300BC0852 /* ListExampleView.swift */; };
		F6E5A9A1236DAD4300BC0852 /* ZStackExampleView.swift in Sources */ = {isa = PBXBuildFile; fileRef = F6E5A9A0236DAD4300BC0852 /* ZStackExampleView.swift */; };
		F6E5A9A3236DAD6800BC0852 /* ZStackExampleDemoView.swift in Sources */ = {isa = PBXBuildFile; fileRef = F6E5A9A2236DAD6800BC0852 /* ZStackExampleDemoView.swift */; };
		F6E5A9A6236DAFC400BC0852 /* GeometryReaderExampleView.swift in Sources */ = {isa = PBXBuildFile; fileRef = F6E5A9A5236DAFC400BC0852 /* GeometryReaderExampleView.swift */; };
		F6E5A9A8236DB03500BC0852 /* GeometryReaderExampleDemoView.swift in Sources */ = {isa = PBXBuildFile; fileRef = F6E5A9A7236DB03500BC0852 /* GeometryReaderExampleDemoView.swift */; };
		F6E5A9AB236DB1EA00BC0852 /* ScrollViewExampleView.swift in Sources */ = {isa = PBXBuildFile; fileRef = F6E5A9AA236DB1EA00BC0852 /* ScrollViewExampleView.swift */; };
		F6E5A9AD236DB28B00BC0852 /* ScrollViewExampleDemoView.swift in Sources */ = {isa = PBXBuildFile; fileRef = F6E5A9AC236DB28B00BC0852 /* ScrollViewExampleDemoView.swift */; };
		F6E5A9B0236DB61E00BC0852 /* NavigationViewExampleView.swift in Sources */ = {isa = PBXBuildFile; fileRef = F6E5A9AF236DB61E00BC0852 /* NavigationViewExampleView.swift */; };
		F6E5A9B5236DE63100BC0852 /* ForEachExampleView.swift in Sources */ = {isa = PBXBuildFile; fileRef = F6E5A9B4236DE63100BC0852 /* ForEachExampleView.swift */; };
		F6E5A9B7236DE66700BC0852 /* ForEachExampleDemoView.swift in Sources */ = {isa = PBXBuildFile; fileRef = F6E5A9B6236DE66700BC0852 /* ForEachExampleDemoView.swift */; };
		F6E5A9BA236DE76F00BC0852 /* TabViewExampleView.swift in Sources */ = {isa = PBXBuildFile; fileRef = F6E5A9B9236DE76F00BC0852 /* TabViewExampleView.swift */; };
		F6E5A9BD236DE8B000BC0852 /* SpacerExampleView.swift in Sources */ = {isa = PBXBuildFile; fileRef = F6E5A9BC236DE8B000BC0852 /* SpacerExampleView.swift */; };
		F6E5A9BF236DE8BD00BC0852 /* SpacerExampleDemoView.swift in Sources */ = {isa = PBXBuildFile; fileRef = F6E5A9BE236DE8BD00BC0852 /* SpacerExampleDemoView.swift */; };
		F6E5A9C2236E133500BC0852 /* DividerExampleView.swift in Sources */ = {isa = PBXBuildFile; fileRef = F6E5A9C1236E133500BC0852 /* DividerExampleView.swift */; };
		F6E5A9C4236E136600BC0852 /* DividerExampleDemoView.swift in Sources */ = {isa = PBXBuildFile; fileRef = F6E5A9C3236E136600BC0852 /* DividerExampleDemoView.swift */; };
		F6E5A9C7236E141C00BC0852 /* ExclusiveGestureExampleView.swift in Sources */ = {isa = PBXBuildFile; fileRef = F6E5A9C6236E141C00BC0852 /* ExclusiveGestureExampleView.swift */; };
		F6E5A9C9236E142C00BC0852 /* ExclusiveGestureExampleDemoView.swift in Sources */ = {isa = PBXBuildFile; fileRef = F6E5A9C8236E142C00BC0852 /* ExclusiveGestureExampleDemoView.swift */; };
		F6E5A9CE236E228600BC0852 /* RotationEffectExampleDemoView.swift in Sources */ = {isa = PBXBuildFile; fileRef = F6E5A9CD236E228600BC0852 /* RotationEffectExampleDemoView.swift */; };
		F6E5A9D2236E241D00BC0852 /* BlendModeExampleDemoView.swift in Sources */ = {isa = PBXBuildFile; fileRef = F6E5A9D1236E241D00BC0852 /* BlendModeExampleDemoView.swift */; };
		F6E5A9D4236E246C00BC0852 /* ScaleEffectExampleDemoView.swift in Sources */ = {isa = PBXBuildFile; fileRef = F6E5A9D3236E246C00BC0852 /* ScaleEffectExampleDemoView.swift */; };
		F6F41F5822BED0B0004696C0 /* DispatchTimerExampleView.swift in Sources */ = {isa = PBXBuildFile; fileRef = F6F41F5722BED0B0004696C0 /* DispatchTimerExampleView.swift */; };
		F6F41F5C22BF86AF004696C0 /* HorizontalCollectionExampleView.swift in Sources */ = {isa = PBXBuildFile; fileRef = F6F41F5B22BF86AF004696C0 /* HorizontalCollectionExampleView.swift */; };
		F6F47C8322BABEF7009E3C48 /* AppDelegate.swift in Sources */ = {isa = PBXBuildFile; fileRef = F6F47C8222BABEF7009E3C48 /* AppDelegate.swift */; };
		F6F47C8522BABEF7009E3C48 /* SceneDelegate.swift in Sources */ = {isa = PBXBuildFile; fileRef = F6F47C8422BABEF7009E3C48 /* SceneDelegate.swift */; };
		F6F47C8922BABEF8009E3C48 /* Assets.xcassets in Resources */ = {isa = PBXBuildFile; fileRef = F6F47C8822BABEF8009E3C48 /* Assets.xcassets */; };
		F6F47C8C22BABEF8009E3C48 /* Preview Assets.xcassets in Resources */ = {isa = PBXBuildFile; fileRef = F6F47C8B22BABEF8009E3C48 /* Preview Assets.xcassets */; };
		F6F47C8F22BABEF8009E3C48 /* LaunchScreen.storyboard in Resources */ = {isa = PBXBuildFile; fileRef = F6F47C8D22BABEF8009E3C48 /* LaunchScreen.storyboard */; };
		F6F92B2423618BF7000CCC4D /* README.md in Resources */ = {isa = PBXBuildFile; fileRef = F6F92B2323618BF7000CCC4D /* README.md */; };
		F6F92B292361AA82000CCC4D /* ReceiptVStackFullScreenView.swift in Sources */ = {isa = PBXBuildFile; fileRef = F6F92B282361AA82000CCC4D /* ReceiptVStackFullScreenView.swift */; };
		F6F92B342362D509000CCC4D /* SimpleCarouselView.swift in Sources */ = {isa = PBXBuildFile; fileRef = F6F92B332362D509000CCC4D /* SimpleCarouselView.swift */; };
		F6F92B3D236304C5000CCC4D /* NavigationBarButtonView.swift in Sources */ = {isa = PBXBuildFile; fileRef = F6F92B3C236304C5000CCC4D /* NavigationBarButtonView.swift */; };
/* End PBXBuildFile section */

/* Begin PBXFileReference section */
		7F337C9124AEF68A004ED5CE /* Constants.swift */ = {isa = PBXFileReference; lastKnownFileType = sourcecode.swift; path = Constants.swift; sourceTree = "<group>"; };
		7FC5FD5F24B1FB2600BF4464 /* View+Extensions.swift */ = {isa = PBXFileReference; lastKnownFileType = sourcecode.swift; path = "View+Extensions.swift"; sourceTree = "<group>"; };
		7FC5FD6324B2046B00BF4464 /* MainView.swift */ = {isa = PBXFileReference; lastKnownFileType = sourcecode.swift; path = MainView.swift; sourceTree = "<group>"; };
		7FC5FD6524B2DD4500BF4464 /* DemoView.swift */ = {isa = PBXFileReference; lastKnownFileType = sourcecode.swift; path = DemoView.swift; sourceTree = "<group>"; };
		7FC5FD6B24B2E79B00BF4464 /* AppStore.swift */ = {isa = PBXFileReference; lastKnownFileType = sourcecode.swift; path = AppStore.swift; sourceTree = "<group>"; };
		7FC5FD6D24B2E7BA00BF4464 /* RootView.swift */ = {isa = PBXFileReference; lastKnownFileType = sourcecode.swift; path = RootView.swift; sourceTree = "<group>"; };
		7FE01DAC24ADB4340001C2CB /* TwoEqualWidthColumnsExampleView.swift */ = {isa = PBXFileReference; lastKnownFileType = sourcecode.swift; path = TwoEqualWidthColumnsExampleView.swift; sourceTree = "<group>"; };
		F60D9B7522C15EDD002891EE /* BlendModeExampleView.swift */ = {isa = PBXFileReference; lastKnownFileType = sourcecode.swift; path = BlendModeExampleView.swift; sourceTree = "<group>"; };
		F60D9B7922C161FA002891EE /* SearchBarView.swift */ = {isa = PBXFileReference; lastKnownFileType = sourcecode.swift; path = SearchBarView.swift; sourceTree = "<group>"; };
		F60D9B7B22C1662F002891EE /* KeyboardAwareExampleView.swift */ = {isa = PBXFileReference; lastKnownFileType = sourcecode.swift; path = KeyboardAwareExampleView.swift; sourceTree = "<group>"; };
		F60ED6A42375F59800E3E3B9 /* RectangleExampleView.swift */ = {isa = PBXFileReference; lastKnownFileType = sourcecode.swift; path = RectangleExampleView.swift; sourceTree = "<group>"; };
		F60ED6A62376C01000E3E3B9 /* CircleExampleView.swift */ = {isa = PBXFileReference; lastKnownFileType = sourcecode.swift; path = CircleExampleView.swift; sourceTree = "<group>"; };
		F60ED6A82376C0F100E3E3B9 /* RoundedRectangleExampleView.swift */ = {isa = PBXFileReference; lastKnownFileType = sourcecode.swift; path = RoundedRectangleExampleView.swift; sourceTree = "<group>"; };
		F60ED6AA2376CE6400E3E3B9 /* WKWebViewStore.swift */ = {isa = PBXFileReference; lastKnownFileType = sourcecode.swift; path = WKWebViewStore.swift; sourceTree = "<group>"; };
		F60ED6AC2376EA6300E3E3B9 /* PathExampleView.swift */ = {isa = PBXFileReference; lastKnownFileType = sourcecode.swift; path = PathExampleView.swift; sourceTree = "<group>"; };
		F60ED6AF2376EB3800E3E3B9 /* LinearGradientExampleView.swift */ = {isa = PBXFileReference; lastKnownFileType = sourcecode.swift; path = LinearGradientExampleView.swift; sourceTree = "<group>"; };
		F6180F1D236A41C000C5354A /* error.html */ = {isa = PBXFileReference; fileEncoding = 4; lastKnownFileType = text.html; path = error.html; sourceTree = "<group>"; };
		F65FD429237376F500521CDD /* FloatingActionButtonExampleView.swift */ = {isa = PBXFileReference; lastKnownFileType = sourcecode.swift; path = FloatingActionButtonExampleView.swift; sourceTree = "<group>"; };
		F65FD42D2373796E00521CDD /* StretchyHeaderExampleView.swift */ = {isa = PBXFileReference; lastKnownFileType = sourcecode.swift; path = StretchyHeaderExampleView.swift; sourceTree = "<group>"; };
		F677948B22BE3F5D005F1D0C /* WKWebViewUI.swift */ = {isa = PBXFileReference; fileEncoding = 4; lastKnownFileType = sourcecode.swift; path = WKWebViewUI.swift; sourceTree = "<group>"; };
		F677948C22BE3F5D005F1D0C /* ExampleView.swift */ = {isa = PBXFileReference; fileEncoding = 4; lastKnownFileType = sourcecode.swift; path = ExampleView.swift; sourceTree = "<group>"; };
		F677948D22BE3F5D005F1D0C /* ExampleCellView.swift */ = {isa = PBXFileReference; fileEncoding = 4; lastKnownFileType = sourcecode.swift; path = ExampleCellView.swift; sourceTree = "<group>"; };
		F677949322BE3F7C005F1D0C /* CookbookContentView.swift */ = {isa = PBXFileReference; fileEncoding = 4; lastKnownFileType = sourcecode.swift; path = CookbookContentView.swift; sourceTree = "<group>"; };
		F677949522BE3F7C005F1D0C /* MapKitExampleView.swift */ = {isa = PBXFileReference; fileEncoding = 4; lastKnownFileType = sourcecode.swift; path = MapKitExampleView.swift; sourceTree = "<group>"; };
		F67794A322BE3F7C005F1D0C /* FullProjectsContentView.swift */ = {isa = PBXFileReference; fileEncoding = 4; lastKnownFileType = sourcecode.swift; path = FullProjectsContentView.swift; sourceTree = "<group>"; };
		F67794A622BE3F7C005F1D0C /* MindBlowingContentView.swift */ = {isa = PBXFileReference; fileEncoding = 4; lastKnownFileType = sourcecode.swift; path = MindBlowingContentView.swift; sourceTree = "<group>"; };
		F67794A922BE3F7C005F1D0C /* FontExampleView.swift */ = {isa = PBXFileReference; fileEncoding = 4; lastKnownFileType = sourcecode.swift; path = FontExampleView.swift; sourceTree = "<group>"; };
		F67794AA22BE3F7C005F1D0C /* ImageExampleView.swift */ = {isa = PBXFileReference; fileEncoding = 4; lastKnownFileType = sourcecode.swift; path = ImageExampleView.swift; sourceTree = "<group>"; };
		F67794AB22BE3F7C005F1D0C /* TextFieldExampleView.swift */ = {isa = PBXFileReference; fileEncoding = 4; lastKnownFileType = sourcecode.swift; path = TextFieldExampleView.swift; sourceTree = "<group>"; };
		F67794AC22BE3F7C005F1D0C /* SegmentedControlExampleView.swift */ = {isa = PBXFileReference; fileEncoding = 4; lastKnownFileType = sourcecode.swift; path = SegmentedControlExampleView.swift; sourceTree = "<group>"; };
		F67794AD22BE3F7C005F1D0C /* NavigationLinkExampleView.swift */ = {isa = PBXFileReference; fileEncoding = 4; lastKnownFileType = sourcecode.swift; path = NavigationLinkExampleView.swift; sourceTree = "<group>"; };
		F67794AE22BE3F7C005F1D0C /* SecureFieldExampleView.swift */ = {isa = PBXFileReference; fileEncoding = 4; lastKnownFileType = sourcecode.swift; path = SecureFieldExampleView.swift; sourceTree = "<group>"; };
		F67794AF22BE3F7C005F1D0C /* StepperExampleView.swift */ = {isa = PBXFileReference; fileEncoding = 4; lastKnownFileType = sourcecode.swift; path = StepperExampleView.swift; sourceTree = "<group>"; };
		F67794B022BE3F7C005F1D0C /* DatePickerExampleView.swift */ = {isa = PBXFileReference; fileEncoding = 4; lastKnownFileType = sourcecode.swift; path = DatePickerExampleView.swift; sourceTree = "<group>"; };
		F67794B122BE3F7C005F1D0C /* ToggleExampleView.swift */ = {isa = PBXFileReference; fileEncoding = 4; lastKnownFileType = sourcecode.swift; path = ToggleExampleView.swift; sourceTree = "<group>"; };
		F67794B222BE3F7C005F1D0C /* EditButtonExampleView.swift */ = {isa = PBXFileReference; fileEncoding = 4; lastKnownFileType = sourcecode.swift; path = EditButtonExampleView.swift; sourceTree = "<group>"; };
		F67794B422BE3F7C005F1D0C /* TextExampleView.swift */ = {isa = PBXFileReference; fileEncoding = 4; lastKnownFileType = sourcecode.swift; path = TextExampleView.swift; sourceTree = "<group>"; };
		F67794B822BE3F7C005F1D0C /* ButtonExampleView.swift */ = {isa = PBXFileReference; fileEncoding = 4; lastKnownFileType = sourcecode.swift; path = ButtonExampleView.swift; sourceTree = "<group>"; };
		F67794B922BE3F7C005F1D0C /* PickerExampleView.swift */ = {isa = PBXFileReference; fileEncoding = 4; lastKnownFileType = sourcecode.swift; path = PickerExampleView.swift; sourceTree = "<group>"; };
		F67794BC22BE3F7C005F1D0C /* HStackExampleView.swift */ = {isa = PBXFileReference; fileEncoding = 4; lastKnownFileType = sourcecode.swift; path = HStackExampleView.swift; sourceTree = "<group>"; };
		F67794BD22BE3F7C005F1D0C /* ActionSheetExampleView.swift */ = {isa = PBXFileReference; fileEncoding = 4; lastKnownFileType = sourcecode.swift; path = ActionSheetExampleView.swift; sourceTree = "<group>"; };
		F67794BE22BE3F7C005F1D0C /* VStackExampleView.swift */ = {isa = PBXFileReference; fileEncoding = 4; lastKnownFileType = sourcecode.swift; path = VStackExampleView.swift; sourceTree = "<group>"; };
		F67794BF22BE3F7C005F1D0C /* AlertExampleView.swift */ = {isa = PBXFileReference; fileEncoding = 4; lastKnownFileType = sourcecode.swift; path = AlertExampleView.swift; sourceTree = "<group>"; };
		F67794C022BE3F7C005F1D0C /* ModalExampleView.swift */ = {isa = PBXFileReference; fileEncoding = 4; lastKnownFileType = sourcecode.swift; path = ModalExampleView.swift; sourceTree = "<group>"; };
		F67794C122BE3F7C005F1D0C /* BasicContentView.swift */ = {isa = PBXFileReference; fileEncoding = 4; lastKnownFileType = sourcecode.swift; path = BasicContentView.swift; sourceTree = "<group>"; };
		F67794C322BE3F7C005F1D0C /* AnimationContentView.swift */ = {isa = PBXFileReference; fileEncoding = 4; lastKnownFileType = sourcecode.swift; path = AnimationContentView.swift; sourceTree = "<group>"; };
		F67794C522BE3F7C005F1D0C /* ScaleEffectExampleView.swift */ = {isa = PBXFileReference; fileEncoding = 4; lastKnownFileType = sourcecode.swift; path = ScaleEffectExampleView.swift; sourceTree = "<group>"; };
		F67794C622BE3F7C005F1D0C /* RotationEffectExampleView.swift */ = {isa = PBXFileReference; fileEncoding = 4; lastKnownFileType = sourcecode.swift; path = RotationEffectExampleView.swift; sourceTree = "<group>"; };
		F67794C822BE3F7C005F1D0C /* MoreContentView.swift */ = {isa = PBXFileReference; fileEncoding = 4; lastKnownFileType = sourcecode.swift; path = MoreContentView.swift; sourceTree = "<group>"; };
		F67794CB22BE3F7C005F1D0C /* DashboardView.swift */ = {isa = PBXFileReference; fileEncoding = 4; lastKnownFileType = sourcecode.swift; path = DashboardView.swift; sourceTree = "<group>"; };
		F67794CD22BE3F7C005F1D0C /* SFSymbols.swift */ = {isa = PBXFileReference; fileEncoding = 4; lastKnownFileType = sourcecode.swift; path = SFSymbols.swift; sourceTree = "<group>"; };
		F67794CE22BE3F7C005F1D0C /* SFSymbolsContentView.swift */ = {isa = PBXFileReference; fileEncoding = 4; lastKnownFileType = sourcecode.swift; path = SFSymbolsContentView.swift; sourceTree = "<group>"; };
		F679D070236C45A200C67666 /* LongPressGestureExampleView.swift */ = {isa = PBXFileReference; lastKnownFileType = sourcecode.swift; path = LongPressGestureExampleView.swift; sourceTree = "<group>"; };
		F679D072236C481600C67666 /* LongPressGestureExampleDemoView.swift */ = {isa = PBXFileReference; lastKnownFileType = sourcecode.swift; path = LongPressGestureExampleDemoView.swift; sourceTree = "<group>"; };
		F68C9F1122BFC96A000B6B9D /* SFSafariViewControllerExampleView.swift */ = {isa = PBXFileReference; lastKnownFileType = sourcecode.swift; path = SFSafariViewControllerExampleView.swift; sourceTree = "<group>"; };
		F695518023683E5F00B81712 /* AutoFocusTextFieldView.swift */ = {isa = PBXFileReference; lastKnownFileType = sourcecode.swift; path = AutoFocusTextFieldView.swift; sourceTree = "<group>"; };
		F695518223683EA800B81712 /* OpenURLInDefaultBrowserView.swift */ = {isa = PBXFileReference; lastKnownFileType = sourcecode.swift; path = OpenURLInDefaultBrowserView.swift; sourceTree = "<group>"; };
		F69551972369E27E00B81712 /* HStackExampleDemoView.swift */ = {isa = PBXFileReference; lastKnownFileType = sourcecode.swift; path = HStackExampleDemoView.swift; sourceTree = "<group>"; };
		F69551A0236A388800B81712 /* WKWebViewUICoordinator.swift */ = {isa = PBXFileReference; lastKnownFileType = sourcecode.swift; path = WKWebViewUICoordinator.swift; sourceTree = "<group>"; };
		F69E4000236C80D200B44D67 /* MagnificationGestureExampleView.swift */ = {isa = PBXFileReference; lastKnownFileType = sourcecode.swift; path = MagnificationGestureExampleView.swift; sourceTree = "<group>"; };
		F69E4002236C81AD00B44D67 /* MagnificationGestureExampleDemoView.swift */ = {isa = PBXFileReference; lastKnownFileType = sourcecode.swift; path = MagnificationGestureExampleDemoView.swift; sourceTree = "<group>"; };
		F69E4005236C83F300B44D67 /* RotationGestureExampleView.swift */ = {isa = PBXFileReference; lastKnownFileType = sourcecode.swift; path = RotationGestureExampleView.swift; sourceTree = "<group>"; };
		F69E4007236C854E00B44D67 /* RotationGestureExampleDemoView.swift */ = {isa = PBXFileReference; lastKnownFileType = sourcecode.swift; path = RotationGestureExampleDemoView.swift; sourceTree = "<group>"; };
		F69E400B236C8C9E00B44D67 /* SequenceGestureExampleView.swift */ = {isa = PBXFileReference; lastKnownFileType = sourcecode.swift; path = SequenceGestureExampleView.swift; sourceTree = "<group>"; };
		F69E400D236C8CED00B44D67 /* SequenceGestureExampleDemoView.swift */ = {isa = PBXFileReference; lastKnownFileType = sourcecode.swift; path = SequenceGestureExampleDemoView.swift; sourceTree = "<group>"; };
		F69E4015236CACDC00B44D67 /* SimultanousGestureExampleView.swift */ = {isa = PBXFileReference; lastKnownFileType = sourcecode.swift; path = SimultanousGestureExampleView.swift; sourceTree = "<group>"; };
		F69E4017236CAD2E00B44D67 /* SimultanousGestureExampleDemoView.swift */ = {isa = PBXFileReference; lastKnownFileType = sourcecode.swift; path = SimultanousGestureExampleDemoView.swift; sourceTree = "<group>"; };
		F6ACE13E236B778C00BFAB98 /* TextExampleDemoView.swift */ = {isa = PBXFileReference; lastKnownFileType = sourcecode.swift; path = TextExampleDemoView.swift; sourceTree = "<group>"; };
		F6ACE140236B77C300BFAB98 /* TextFieldExampleDemoView.swift */ = {isa = PBXFileReference; lastKnownFileType = sourcecode.swift; path = TextFieldExampleDemoView.swift; sourceTree = "<group>"; };
		F6ACE142236B77EE00BFAB98 /* FontExampleDemoView.swift */ = {isa = PBXFileReference; lastKnownFileType = sourcecode.swift; path = FontExampleDemoView.swift; sourceTree = "<group>"; };
		F6ACE144236B781600BFAB98 /* ImageExampleDemoView.swift */ = {isa = PBXFileReference; lastKnownFileType = sourcecode.swift; path = ImageExampleDemoView.swift; sourceTree = "<group>"; };
		F6ACE146236B783F00BFAB98 /* SegmentedControlExampleDemoView.swift */ = {isa = PBXFileReference; lastKnownFileType = sourcecode.swift; path = SegmentedControlExampleDemoView.swift; sourceTree = "<group>"; };
		F6ACE14E236B795E00BFAB98 /* NavigationLinkExampleDemoView.swift */ = {isa = PBXFileReference; lastKnownFileType = sourcecode.swift; path = NavigationLinkExampleDemoView.swift; sourceTree = "<group>"; };
		F6ACE151236B79BA00BFAB98 /* SecureFieldExampleDemoView.swift */ = {isa = PBXFileReference; lastKnownFileType = sourcecode.swift; path = SecureFieldExampleDemoView.swift; sourceTree = "<group>"; };
		F6ACE154236B79E000BFAB98 /* StepperExampleDemoView.swift */ = {isa = PBXFileReference; lastKnownFileType = sourcecode.swift; path = StepperExampleDemoView.swift; sourceTree = "<group>"; };
		F6ACE157236B7A1200BFAB98 /* DatePickerExampleDemoView.swift */ = {isa = PBXFileReference; lastKnownFileType = sourcecode.swift; path = DatePickerExampleDemoView.swift; sourceTree = "<group>"; };
		F6ACE15A236B7A7500BFAB98 /* ToggleExampleDemoView.swift */ = {isa = PBXFileReference; lastKnownFileType = sourcecode.swift; path = ToggleExampleDemoView.swift; sourceTree = "<group>"; };
		F6ACE15D236B7A9500BFAB98 /* EditButtonExampleDemoView.swift */ = {isa = PBXFileReference; lastKnownFileType = sourcecode.swift; path = EditButtonExampleDemoView.swift; sourceTree = "<group>"; };
		F6ACE160236B7AF700BFAB98 /* ButtonExampleDemoView.swift */ = {isa = PBXFileReference; lastKnownFileType = sourcecode.swift; path = ButtonExampleDemoView.swift; sourceTree = "<group>"; };
		F6ACE163236B7BEA00BFAB98 /* PickerExampleDemoView.swift */ = {isa = PBXFileReference; lastKnownFileType = sourcecode.swift; path = PickerExampleDemoView.swift; sourceTree = "<group>"; };
		F6ACE167236B7F6F00BFAB98 /* VStackExampleDemoView.swift */ = {isa = PBXFileReference; lastKnownFileType = sourcecode.swift; path = VStackExampleDemoView.swift; sourceTree = "<group>"; };
		F6ACE16A236B7FA800BFAB98 /* ActionSheetExampleDemoView.swift */ = {isa = PBXFileReference; lastKnownFileType = sourcecode.swift; path = ActionSheetExampleDemoView.swift; sourceTree = "<group>"; };
		F6ACE16E236B7FFE00BFAB98 /* AlertExampleDemoView.swift */ = {isa = PBXFileReference; lastKnownFileType = sourcecode.swift; path = AlertExampleDemoView.swift; sourceTree = "<group>"; };
		F6ACE170236B803E00BFAB98 /* ModalExampleDemoView.swift */ = {isa = PBXFileReference; lastKnownFileType = sourcecode.swift; path = ModalExampleDemoView.swift; sourceTree = "<group>"; };
		F6ACE177236B996D00BFAB98 /* TapGestureExampleView.swift */ = {isa = PBXFileReference; lastKnownFileType = sourcecode.swift; path = TapGestureExampleView.swift; sourceTree = "<group>"; };
		F6ACE179236B999D00BFAB98 /* TapGestureExampleDemoView.swift */ = {isa = PBXFileReference; lastKnownFileType = sourcecode.swift; path = TapGestureExampleDemoView.swift; sourceTree = "<group>"; };
		F6ACE17D236B9D3900BFAB98 /* ViewModifierCompositionExampleView.swift */ = {isa = PBXFileReference; lastKnownFileType = sourcecode.swift; path = ViewModifierCompositionExampleView.swift; sourceTree = "<group>"; };
		F6B5DC72236C714E000D1EED /* DragGestureExampleView.swift */ = {isa = PBXFileReference; lastKnownFileType = sourcecode.swift; path = DragGestureExampleView.swift; sourceTree = "<group>"; };
		F6B5DC74236C7500000D1EED /* DragGestureExampleDemoView.swift */ = {isa = PBXFileReference; lastKnownFileType = sourcecode.swift; path = DragGestureExampleDemoView.swift; sourceTree = "<group>"; };
		F6E5A99C236DACD300BC0852 /* ListExampleDemoView.swift */ = {isa = PBXFileReference; fileEncoding = 4; lastKnownFileType = sourcecode.swift; path = ListExampleDemoView.swift; sourceTree = "<group>"; };
		F6E5A99D236DACD300BC0852 /* ListExampleView.swift */ = {isa = PBXFileReference; fileEncoding = 4; lastKnownFileType = sourcecode.swift; path = ListExampleView.swift; sourceTree = "<group>"; };
		F6E5A9A0236DAD4300BC0852 /* ZStackExampleView.swift */ = {isa = PBXFileReference; lastKnownFileType = sourcecode.swift; path = ZStackExampleView.swift; sourceTree = "<group>"; };
		F6E5A9A2236DAD6800BC0852 /* ZStackExampleDemoView.swift */ = {isa = PBXFileReference; lastKnownFileType = sourcecode.swift; path = ZStackExampleDemoView.swift; sourceTree = "<group>"; };
		F6E5A9A5236DAFC400BC0852 /* GeometryReaderExampleView.swift */ = {isa = PBXFileReference; lastKnownFileType = sourcecode.swift; path = GeometryReaderExampleView.swift; sourceTree = "<group>"; };
		F6E5A9A7236DB03500BC0852 /* GeometryReaderExampleDemoView.swift */ = {isa = PBXFileReference; lastKnownFileType = sourcecode.swift; path = GeometryReaderExampleDemoView.swift; sourceTree = "<group>"; };
		F6E5A9AA236DB1EA00BC0852 /* ScrollViewExampleView.swift */ = {isa = PBXFileReference; lastKnownFileType = sourcecode.swift; path = ScrollViewExampleView.swift; sourceTree = "<group>"; };
		F6E5A9AC236DB28B00BC0852 /* ScrollViewExampleDemoView.swift */ = {isa = PBXFileReference; lastKnownFileType = sourcecode.swift; path = ScrollViewExampleDemoView.swift; sourceTree = "<group>"; };
		F6E5A9AF236DB61E00BC0852 /* NavigationViewExampleView.swift */ = {isa = PBXFileReference; lastKnownFileType = sourcecode.swift; path = NavigationViewExampleView.swift; sourceTree = "<group>"; };
		F6E5A9B4236DE63100BC0852 /* ForEachExampleView.swift */ = {isa = PBXFileReference; lastKnownFileType = sourcecode.swift; path = ForEachExampleView.swift; sourceTree = "<group>"; };
		F6E5A9B6236DE66700BC0852 /* ForEachExampleDemoView.swift */ = {isa = PBXFileReference; lastKnownFileType = sourcecode.swift; path = ForEachExampleDemoView.swift; sourceTree = "<group>"; };
		F6E5A9B9236DE76F00BC0852 /* TabViewExampleView.swift */ = {isa = PBXFileReference; lastKnownFileType = sourcecode.swift; path = TabViewExampleView.swift; sourceTree = "<group>"; };
		F6E5A9BC236DE8B000BC0852 /* SpacerExampleView.swift */ = {isa = PBXFileReference; lastKnownFileType = sourcecode.swift; path = SpacerExampleView.swift; sourceTree = "<group>"; };
		F6E5A9BE236DE8BD00BC0852 /* SpacerExampleDemoView.swift */ = {isa = PBXFileReference; lastKnownFileType = sourcecode.swift; path = SpacerExampleDemoView.swift; sourceTree = "<group>"; };
		F6E5A9C1236E133500BC0852 /* DividerExampleView.swift */ = {isa = PBXFileReference; lastKnownFileType = sourcecode.swift; path = DividerExampleView.swift; sourceTree = "<group>"; };
		F6E5A9C3236E136600BC0852 /* DividerExampleDemoView.swift */ = {isa = PBXFileReference; lastKnownFileType = sourcecode.swift; path = DividerExampleDemoView.swift; sourceTree = "<group>"; };
		F6E5A9C6236E141C00BC0852 /* ExclusiveGestureExampleView.swift */ = {isa = PBXFileReference; lastKnownFileType = sourcecode.swift; path = ExclusiveGestureExampleView.swift; sourceTree = "<group>"; };
		F6E5A9C8236E142C00BC0852 /* ExclusiveGestureExampleDemoView.swift */ = {isa = PBXFileReference; lastKnownFileType = sourcecode.swift; path = ExclusiveGestureExampleDemoView.swift; sourceTree = "<group>"; };
		F6E5A9CD236E228600BC0852 /* RotationEffectExampleDemoView.swift */ = {isa = PBXFileReference; lastKnownFileType = sourcecode.swift; path = RotationEffectExampleDemoView.swift; sourceTree = "<group>"; };
		F6E5A9D1236E241D00BC0852 /* BlendModeExampleDemoView.swift */ = {isa = PBXFileReference; lastKnownFileType = sourcecode.swift; path = BlendModeExampleDemoView.swift; sourceTree = "<group>"; };
		F6E5A9D3236E246C00BC0852 /* ScaleEffectExampleDemoView.swift */ = {isa = PBXFileReference; lastKnownFileType = sourcecode.swift; path = ScaleEffectExampleDemoView.swift; sourceTree = "<group>"; };
		F6F41F5722BED0B0004696C0 /* DispatchTimerExampleView.swift */ = {isa = PBXFileReference; lastKnownFileType = sourcecode.swift; path = DispatchTimerExampleView.swift; sourceTree = "<group>"; };
		F6F41F5B22BF86AF004696C0 /* HorizontalCollectionExampleView.swift */ = {isa = PBXFileReference; lastKnownFileType = sourcecode.swift; path = HorizontalCollectionExampleView.swift; sourceTree = "<group>"; };
		F6F47C7F22BABEF7009E3C48 /* SwiftUIMindBlowing.app */ = {isa = PBXFileReference; explicitFileType = wrapper.application; includeInIndex = 0; path = SwiftUIMindBlowing.app; sourceTree = BUILT_PRODUCTS_DIR; };
		F6F47C8222BABEF7009E3C48 /* AppDelegate.swift */ = {isa = PBXFileReference; lastKnownFileType = sourcecode.swift; name = AppDelegate.swift; path = SwiftUIMindBlowing/AppDelegate.swift; sourceTree = "<group>"; };
		F6F47C8422BABEF7009E3C48 /* SceneDelegate.swift */ = {isa = PBXFileReference; lastKnownFileType = sourcecode.swift; name = SceneDelegate.swift; path = SwiftUIMindBlowing/SceneDelegate.swift; sourceTree = "<group>"; };
		F6F47C8822BABEF8009E3C48 /* Assets.xcassets */ = {isa = PBXFileReference; lastKnownFileType = folder.assetcatalog; name = Assets.xcassets; path = SwiftUIMindBlowing/Assets.xcassets; sourceTree = "<group>"; };
		F6F47C8B22BABEF8009E3C48 /* Preview Assets.xcassets */ = {isa = PBXFileReference; lastKnownFileType = folder.assetcatalog; name = "Preview Assets.xcassets"; path = "SwiftUIMindBlowing/Preview Content/Preview Assets.xcassets"; sourceTree = "<group>"; };
		F6F47C8E22BABEF8009E3C48 /* Base */ = {isa = PBXFileReference; lastKnownFileType = file.storyboard; name = Base; path = Base.lproj/LaunchScreen.storyboard; sourceTree = "<group>"; };
		F6F47C9022BABEF8009E3C48 /* Info.plist */ = {isa = PBXFileReference; lastKnownFileType = text.plist.xml; name = Info.plist; path = SwiftUIMindBlowing/Info.plist; sourceTree = "<group>"; };
		F6F92B2323618BF7000CCC4D /* README.md */ = {isa = PBXFileReference; fileEncoding = 4; lastKnownFileType = net.daringfireball.markdown; path = README.md; sourceTree = "<group>"; };
		F6F92B282361AA82000CCC4D /* ReceiptVStackFullScreenView.swift */ = {isa = PBXFileReference; lastKnownFileType = sourcecode.swift; path = ReceiptVStackFullScreenView.swift; sourceTree = "<group>"; };
		F6F92B332362D509000CCC4D /* SimpleCarouselView.swift */ = {isa = PBXFileReference; lastKnownFileType = sourcecode.swift; path = SimpleCarouselView.swift; sourceTree = "<group>"; };
		F6F92B3C236304C5000CCC4D /* NavigationBarButtonView.swift */ = {isa = PBXFileReference; lastKnownFileType = sourcecode.swift; path = NavigationBarButtonView.swift; sourceTree = "<group>"; };
/* End PBXFileReference section */

/* Begin PBXFrameworksBuildPhase section */
		F6F47C7C22BABEF7009E3C48 /* Frameworks */ = {
			isa = PBXFrameworksBuildPhase;
			buildActionMask = 2147483647;
			files = (
				F6ACE174236B817900BFAB98 /* ModalView in Frameworks */,
			);
			runOnlyForDeploymentPostprocessing = 0;
		};
/* End PBXFrameworksBuildPhase section */

/* Begin PBXGroup section */
		7FC5FD5E24B1FB1900BF4464 /* Extensions */ = {
			isa = PBXGroup;
			children = (
				7FC5FD5F24B1FB2600BF4464 /* View+Extensions.swift */,
			);
			path = Extensions;
			sourceTree = "<group>";
		};
		F60ED6AE2376EB2600E3E3B9 /* Gradients */ = {
			isa = PBXGroup;
			children = (
				F60ED6AF2376EB3800E3E3B9 /* LinearGradientExampleView.swift */,
			);
			path = Gradients;
			sourceTree = "<group>";
		};
		F677948922BE3F5D005F1D0C /* Base */ = {
			isa = PBXGroup;
			children = (
				7FC5FD5E24B1FB1900BF4464 /* Extensions */,
				F677948A22BE3F5D005F1D0C /* UI */,
			);
			name = Base;
			path = SwiftUIMindBlowing/Base;
			sourceTree = "<group>";
		};
		F677948A22BE3F5D005F1D0C /* UI */ = {
			isa = PBXGroup;
			children = (
				F69551A2236A3A6600B81712 /* WebView */,
				F677948C22BE3F5D005F1D0C /* ExampleView.swift */,
				F677948D22BE3F5D005F1D0C /* ExampleCellView.swift */,
				F60D9B7922C161FA002891EE /* SearchBarView.swift */,
				7FC5FD6324B2046B00BF4464 /* MainView.swift */,
				7FC5FD6524B2DD4500BF4464 /* DemoView.swift */,
			);
			path = UI;
			sourceTree = "<group>";
		};
		F677949122BE3F7C005F1D0C /* Scenes */ = {
			isa = PBXGroup;
			children = (
				F67794CA22BE3F7C005F1D0C /* Dashboard */,
				F67794A722BE3F7C005F1D0C /* Basic */,
				F67794C222BE3F7C005F1D0C /* Animation */,
				F67794A422BE3F7C005F1D0C /* MindBlowing */,
				F677949622BE3F7C005F1D0C /* FullProjects */,
				F67794C722BE3F7C005F1D0C /* More */,
			);
			name = Scenes;
			path = SwiftUIMindBlowing/Scenes;
			sourceTree = "<group>";
		};
		F677949222BE3F7C005F1D0C /* Cookbook */ = {
			isa = PBXGroup;
			children = (
				F677949322BE3F7C005F1D0C /* CookbookContentView.swift */,
				F6F92B272361AA64000CCC4D /* Receipts */,
				F677949422BE3F7C005F1D0C /* UIKitIntegration */,
				F6F41F5722BED0B0004696C0 /* DispatchTimerExampleView.swift */,
				F68C9F1122BFC96A000B6B9D /* SFSafariViewControllerExampleView.swift */,
				F6F41F5B22BF86AF004696C0 /* HorizontalCollectionExampleView.swift */,
				F60D9B7B22C1662F002891EE /* KeyboardAwareExampleView.swift */,
				7FE01DAC24ADB4340001C2CB /* TwoEqualWidthColumnsExampleView.swift */,
			);
			path = Cookbook;
			sourceTree = "<group>";
		};
		F677949422BE3F7C005F1D0C /* UIKitIntegration */ = {
			isa = PBXGroup;
			children = (
				F677949522BE3F7C005F1D0C /* MapKitExampleView.swift */,
			);
			path = UIKitIntegration;
			sourceTree = "<group>";
		};
		F677949622BE3F7C005F1D0C /* FullProjects */ = {
			isa = PBXGroup;
			children = (
				F67794A322BE3F7C005F1D0C /* FullProjectsContentView.swift */,
				F6F92B322362D4FC000CCC4D /* CustomView */,
			);
			path = FullProjects;
			sourceTree = "<group>";
		};
		F67794A422BE3F7C005F1D0C /* MindBlowing */ = {
			isa = PBXGroup;
			children = (
				F67794A622BE3F7C005F1D0C /* MindBlowingContentView.swift */,
				F6ACE17D236B9D3900BFAB98 /* ViewModifierCompositionExampleView.swift */,
				F65FD429237376F500521CDD /* FloatingActionButtonExampleView.swift */,
				F65FD42D2373796E00521CDD /* StretchyHeaderExampleView.swift */,
			);
			path = MindBlowing;
			sourceTree = "<group>";
		};
		F67794A722BE3F7C005F1D0C /* Basic */ = {
			isa = PBXGroup;
			children = (
				F67794C122BE3F7C005F1D0C /* BasicContentView.swift */,
				F67794A822BE3F7C005F1D0C /* ViewsAndControls */,
				F67794BB22BE3F7C005F1D0C /* ViewLayoutAndPresentation */,
				F6ACE175236B994400BFAB98 /* Gestures */,
			);
			path = Basic;
			sourceTree = "<group>";
		};
		F67794A822BE3F7C005F1D0C /* ViewsAndControls */ = {
			isa = PBXGroup;
			children = (
				F6ACE148236B785800BFAB98 /* Text */,
				F6ACE149236B786000BFAB98 /* TextField */,
				F6ACE150236B79A100BFAB98 /* SecureField */,
				F6ACE14A236B787C00BFAB98 /* Font */,
				F6ACE14B236B788D00BFAB98 /* Image */,
				F6ACE14C236B78B200BFAB98 /* SegmentedControl */,
				F6ACE14D236B794C00BFAB98 /* NavigationLink */,
				F6ACE153236B79D200BFAB98 /* Stepper */,
				F6ACE156236B7A0100BFAB98 /* DatePicker */,
				F6ACE159236B7A5C00BFAB98 /* Toggle */,
				F6ACE15C236B7A8200BFAB98 /* EditButton */,
				F6ACE15F236B7ADD00BFAB98 /* Button */,
				F6ACE162236B7BD700BFAB98 /* Picker */,
			);
			path = ViewsAndControls;
			sourceTree = "<group>";
		};
		F67794BB22BE3F7C005F1D0C /* ViewLayoutAndPresentation */ = {
			isa = PBXGroup;
			children = (
				F6ACE165236B7F2700BFAB98 /* HStack */,
				F6ACE166236B7F2E00BFAB98 /* VStack */,
				F6ACE17B236B9B3A00BFAB98 /* ZStack */,
				F6ACE169236B7F8200BFAB98 /* ActionSheet */,
				F6ACE16C236B7FBC00BFAB98 /* Alert */,
				F6ACE16D236B7FD400BFAB98 /* Modal */,
				F6E5A99B236DACB000BC0852 /* List */,
				F6E5A9A9236DB1D700BC0852 /* ScrollView */,
				F6E5A9AE236DB5F500BC0852 /* NavigationView */,
				F6E5A9B3236DE61A00BC0852 /* ForEach */,
				F6E5A9B8236DE75300BC0852 /* TabView */,
				F6E5A9BB236DE89F00BC0852 /* Spacer */,
				F6E5A9C0236E132500BC0852 /* Divider */,
			);
			path = ViewLayoutAndPresentation;
			sourceTree = "<group>";
		};
		F67794C222BE3F7C005F1D0C /* Animation */ = {
			isa = PBXGroup;
			children = (
				F67794C322BE3F7C005F1D0C /* AnimationContentView.swift */,
				F6E5A9CB236E1FA100BC0852 /* Shapes */,
				F6E5A9CA236E1F9500BC0852 /* Geometry */,
				F67794C422BE3F7C005F1D0C /* Animation */,
				F60ED6AE2376EB2600E3E3B9 /* Gradients */,
			);
			path = Animation;
			sourceTree = "<group>";
		};
		F67794C422BE3F7C005F1D0C /* Animation */ = {
			isa = PBXGroup;
			children = (
				F6E5A9D0236E23F200BC0852 /* BlendMode */,
				F6E5A9CF236E23E900BC0852 /* ScaleEffect */,
				F6E5A9CC236E223F00BC0852 /* RotationEffect */,
			);
			path = Animation;
			sourceTree = "<group>";
		};
		F67794C722BE3F7C005F1D0C /* More */ = {
			isa = PBXGroup;
			children = (
				F67794C822BE3F7C005F1D0C /* MoreContentView.swift */,
				F67794CC22BE3F7C005F1D0C /* SFSymbols */,
				F677949222BE3F7C005F1D0C /* Cookbook */,
			);
			path = More;
			sourceTree = "<group>";
		};
		F67794CA22BE3F7C005F1D0C /* Dashboard */ = {
			isa = PBXGroup;
			children = (
				F67794CB22BE3F7C005F1D0C /* DashboardView.swift */,
				7FC5FD6B24B2E79B00BF4464 /* AppStore.swift */,
				7FC5FD6D24B2E7BA00BF4464 /* RootView.swift */,
			);
			path = Dashboard;
			sourceTree = "<group>";
		};
		F67794CC22BE3F7C005F1D0C /* SFSymbols */ = {
			isa = PBXGroup;
			children = (
				F67794CD22BE3F7C005F1D0C /* SFSymbols.swift */,
				F67794CE22BE3F7C005F1D0C /* SFSymbolsContentView.swift */,
			);
			path = SFSymbols;
			sourceTree = "<group>";
		};
		F679D06F236C457400C67666 /* LongPressGesture */ = {
			isa = PBXGroup;
			children = (
				F679D070236C45A200C67666 /* LongPressGestureExampleView.swift */,
				F679D072236C481600C67666 /* LongPressGestureExampleDemoView.swift */,
			);
			path = LongPressGesture;
			sourceTree = "<group>";
		};
		F69551992369E49900B81712 /* SupportingFiles */ = {
			isa = PBXGroup;
			children = (
				F6180F1D236A41C000C5354A /* error.html */,
			);
			path = SupportingFiles;
			sourceTree = "<group>";
		};
		F69551A2236A3A6600B81712 /* WebView */ = {
			isa = PBXGroup;
			children = (
				F677948B22BE3F5D005F1D0C /* WKWebViewUI.swift */,
				F69551A0236A388800B81712 /* WKWebViewUICoordinator.swift */,
				F60ED6AA2376CE6400E3E3B9 /* WKWebViewStore.swift */,
			);
			path = WebView;
			sourceTree = "<group>";
		};
		F69E3FFF236C80BC00B44D67 /* MagnificationGesture */ = {
			isa = PBXGroup;
			children = (
				F69E4000236C80D200B44D67 /* MagnificationGestureExampleView.swift */,
				F69E4002236C81AD00B44D67 /* MagnificationGestureExampleDemoView.swift */,
			);
			path = MagnificationGesture;
			sourceTree = "<group>";
		};
		F69E4004236C83DE00B44D67 /* RotationGesture */ = {
			isa = PBXGroup;
			children = (
				F69E4005236C83F300B44D67 /* RotationGestureExampleView.swift */,
				F69E4007236C854E00B44D67 /* RotationGestureExampleDemoView.swift */,
			);
			path = RotationGesture;
			sourceTree = "<group>";
		};
		F69E4009236C8B9700B44D67 /* SequenceGesture */ = {
			isa = PBXGroup;
			children = (
				F69E400B236C8C9E00B44D67 /* SequenceGestureExampleView.swift */,
				F69E400D236C8CED00B44D67 /* SequenceGestureExampleDemoView.swift */,
			);
			path = SequenceGesture;
			sourceTree = "<group>";
		};
		F69E4014236CACCB00B44D67 /* SimultanousGesture */ = {
			isa = PBXGroup;
			children = (
				F69E4015236CACDC00B44D67 /* SimultanousGestureExampleView.swift */,
				F69E4017236CAD2E00B44D67 /* SimultanousGestureExampleDemoView.swift */,
			);
			path = SimultanousGesture;
			sourceTree = "<group>";
		};
		F6ACE148236B785800BFAB98 /* Text */ = {
			isa = PBXGroup;
			children = (
				F67794B422BE3F7C005F1D0C /* TextExampleView.swift */,
				F6ACE13E236B778C00BFAB98 /* TextExampleDemoView.swift */,
			);
			path = Text;
			sourceTree = "<group>";
		};
		F6ACE149236B786000BFAB98 /* TextField */ = {
			isa = PBXGroup;
			children = (
				F67794AB22BE3F7C005F1D0C /* TextFieldExampleView.swift */,
				F6ACE140236B77C300BFAB98 /* TextFieldExampleDemoView.swift */,
			);
			path = TextField;
			sourceTree = "<group>";
		};
		F6ACE14A236B787C00BFAB98 /* Font */ = {
			isa = PBXGroup;
			children = (
				F67794A922BE3F7C005F1D0C /* FontExampleView.swift */,
				F6ACE142236B77EE00BFAB98 /* FontExampleDemoView.swift */,
			);
			path = Font;
			sourceTree = "<group>";
		};
		F6ACE14B236B788D00BFAB98 /* Image */ = {
			isa = PBXGroup;
			children = (
				F67794AA22BE3F7C005F1D0C /* ImageExampleView.swift */,
				F6ACE144236B781600BFAB98 /* ImageExampleDemoView.swift */,
			);
			path = Image;
			sourceTree = "<group>";
		};
		F6ACE14C236B78B200BFAB98 /* SegmentedControl */ = {
			isa = PBXGroup;
			children = (
				F67794AC22BE3F7C005F1D0C /* SegmentedControlExampleView.swift */,
				F6ACE146236B783F00BFAB98 /* SegmentedControlExampleDemoView.swift */,
			);
			path = SegmentedControl;
			sourceTree = "<group>";
		};
		F6ACE14D236B794C00BFAB98 /* NavigationLink */ = {
			isa = PBXGroup;
			children = (
				F67794AD22BE3F7C005F1D0C /* NavigationLinkExampleView.swift */,
				F6ACE14E236B795E00BFAB98 /* NavigationLinkExampleDemoView.swift */,
			);
			path = NavigationLink;
			sourceTree = "<group>";
		};
		F6ACE150236B79A100BFAB98 /* SecureField */ = {
			isa = PBXGroup;
			children = (
				F67794AE22BE3F7C005F1D0C /* SecureFieldExampleView.swift */,
				F6ACE151236B79BA00BFAB98 /* SecureFieldExampleDemoView.swift */,
			);
			path = SecureField;
			sourceTree = "<group>";
		};
		F6ACE153236B79D200BFAB98 /* Stepper */ = {
			isa = PBXGroup;
			children = (
				F67794AF22BE3F7C005F1D0C /* StepperExampleView.swift */,
				F6ACE154236B79E000BFAB98 /* StepperExampleDemoView.swift */,
			);
			path = Stepper;
			sourceTree = "<group>";
		};
		F6ACE156236B7A0100BFAB98 /* DatePicker */ = {
			isa = PBXGroup;
			children = (
				F67794B022BE3F7C005F1D0C /* DatePickerExampleView.swift */,
				F6ACE157236B7A1200BFAB98 /* DatePickerExampleDemoView.swift */,
			);
			path = DatePicker;
			sourceTree = "<group>";
		};
		F6ACE159236B7A5C00BFAB98 /* Toggle */ = {
			isa = PBXGroup;
			children = (
				F67794B122BE3F7C005F1D0C /* ToggleExampleView.swift */,
				F6ACE15A236B7A7500BFAB98 /* ToggleExampleDemoView.swift */,
			);
			path = Toggle;
			sourceTree = "<group>";
		};
		F6ACE15C236B7A8200BFAB98 /* EditButton */ = {
			isa = PBXGroup;
			children = (
				F67794B222BE3F7C005F1D0C /* EditButtonExampleView.swift */,
				F6ACE15D236B7A9500BFAB98 /* EditButtonExampleDemoView.swift */,
			);
			path = EditButton;
			sourceTree = "<group>";
		};
		F6ACE15F236B7ADD00BFAB98 /* Button */ = {
			isa = PBXGroup;
			children = (
				F67794B822BE3F7C005F1D0C /* ButtonExampleView.swift */,
				F6ACE160236B7AF700BFAB98 /* ButtonExampleDemoView.swift */,
			);
			path = Button;
			sourceTree = "<group>";
		};
		F6ACE162236B7BD700BFAB98 /* Picker */ = {
			isa = PBXGroup;
			children = (
				F67794B922BE3F7C005F1D0C /* PickerExampleView.swift */,
				F6ACE163236B7BEA00BFAB98 /* PickerExampleDemoView.swift */,
			);
			path = Picker;
			sourceTree = "<group>";
		};
		F6ACE165236B7F2700BFAB98 /* HStack */ = {
			isa = PBXGroup;
			children = (
				F67794BC22BE3F7C005F1D0C /* HStackExampleView.swift */,
				F69551972369E27E00B81712 /* HStackExampleDemoView.swift */,
			);
			path = HStack;
			sourceTree = "<group>";
		};
		F6ACE166236B7F2E00BFAB98 /* VStack */ = {
			isa = PBXGroup;
			children = (
				F67794BE22BE3F7C005F1D0C /* VStackExampleView.swift */,
				F6ACE167236B7F6F00BFAB98 /* VStackExampleDemoView.swift */,
			);
			path = VStack;
			sourceTree = "<group>";
		};
		F6ACE169236B7F8200BFAB98 /* ActionSheet */ = {
			isa = PBXGroup;
			children = (
				F67794BD22BE3F7C005F1D0C /* ActionSheetExampleView.swift */,
				F6ACE16A236B7FA800BFAB98 /* ActionSheetExampleDemoView.swift */,
			);
			path = ActionSheet;
			sourceTree = "<group>";
		};
		F6ACE16C236B7FBC00BFAB98 /* Alert */ = {
			isa = PBXGroup;
			children = (
				F67794BF22BE3F7C005F1D0C /* AlertExampleView.swift */,
				F6ACE16E236B7FFE00BFAB98 /* AlertExampleDemoView.swift */,
			);
			path = Alert;
			sourceTree = "<group>";
		};
		F6ACE16D236B7FD400BFAB98 /* Modal */ = {
			isa = PBXGroup;
			children = (
				F67794C022BE3F7C005F1D0C /* ModalExampleView.swift */,
				F6ACE170236B803E00BFAB98 /* ModalExampleDemoView.swift */,
			);
			path = Modal;
			sourceTree = "<group>";
		};
		F6ACE175236B994400BFAB98 /* Gestures */ = {
			isa = PBXGroup;
			children = (
				F6ACE176236B994F00BFAB98 /* TapGesture */,
				F679D06F236C457400C67666 /* LongPressGesture */,
				F6B5DC71236C7138000D1EED /* DragGesture */,
				F69E3FFF236C80BC00B44D67 /* MagnificationGesture */,
				F69E4004236C83DE00B44D67 /* RotationGesture */,
				F69E4009236C8B9700B44D67 /* SequenceGesture */,
				F69E4014236CACCB00B44D67 /* SimultanousGesture */,
				F6E5A9C5236E13FB00BC0852 /* ExclusiveGesture */,
			);
			path = Gestures;
			sourceTree = "<group>";
		};
		F6ACE176236B994F00BFAB98 /* TapGesture */ = {
			isa = PBXGroup;
			children = (
				F6ACE177236B996D00BFAB98 /* TapGestureExampleView.swift */,
				F6ACE179236B999D00BFAB98 /* TapGestureExampleDemoView.swift */,
			);
			path = TapGesture;
			sourceTree = "<group>";
		};
		F6ACE17B236B9B3A00BFAB98 /* ZStack */ = {
			isa = PBXGroup;
			children = (
				F6E5A9A0236DAD4300BC0852 /* ZStackExampleView.swift */,
				F6E5A9A2236DAD6800BC0852 /* ZStackExampleDemoView.swift */,
			);
			path = ZStack;
			sourceTree = "<group>";
		};
		F6B5DC71236C7138000D1EED /* DragGesture */ = {
			isa = PBXGroup;
			children = (
				F6B5DC72236C714E000D1EED /* DragGestureExampleView.swift */,
				F6B5DC74236C7500000D1EED /* DragGestureExampleDemoView.swift */,
			);
			path = DragGesture;
			sourceTree = "<group>";
		};
		F6E5A99B236DACB000BC0852 /* List */ = {
			isa = PBXGroup;
			children = (
				F6E5A99D236DACD300BC0852 /* ListExampleView.swift */,
				F6E5A99C236DACD300BC0852 /* ListExampleDemoView.swift */,
			);
			path = List;
			sourceTree = "<group>";
		};
		F6E5A9A4236DAFAA00BC0852 /* GeometryReader */ = {
			isa = PBXGroup;
			children = (
				F6E5A9A5236DAFC400BC0852 /* GeometryReaderExampleView.swift */,
				F6E5A9A7236DB03500BC0852 /* GeometryReaderExampleDemoView.swift */,
			);
			path = GeometryReader;
			sourceTree = "<group>";
		};
		F6E5A9A9236DB1D700BC0852 /* ScrollView */ = {
			isa = PBXGroup;
			children = (
				F6E5A9AA236DB1EA00BC0852 /* ScrollViewExampleView.swift */,
				F6E5A9AC236DB28B00BC0852 /* ScrollViewExampleDemoView.swift */,
			);
			path = ScrollView;
			sourceTree = "<group>";
		};
		F6E5A9AE236DB5F500BC0852 /* NavigationView */ = {
			isa = PBXGroup;
			children = (
				F6E5A9AF236DB61E00BC0852 /* NavigationViewExampleView.swift */,
			);
			path = NavigationView;
			sourceTree = "<group>";
		};
		F6E5A9B3236DE61A00BC0852 /* ForEach */ = {
			isa = PBXGroup;
			children = (
				F6E5A9B4236DE63100BC0852 /* ForEachExampleView.swift */,
				F6E5A9B6236DE66700BC0852 /* ForEachExampleDemoView.swift */,
			);
			path = ForEach;
			sourceTree = "<group>";
		};
		F6E5A9B8236DE75300BC0852 /* TabView */ = {
			isa = PBXGroup;
			children = (
				F6E5A9B9236DE76F00BC0852 /* TabViewExampleView.swift */,
			);
			path = TabView;
			sourceTree = "<group>";
		};
		F6E5A9BB236DE89F00BC0852 /* Spacer */ = {
			isa = PBXGroup;
			children = (
				F6E5A9BC236DE8B000BC0852 /* SpacerExampleView.swift */,
				F6E5A9BE236DE8BD00BC0852 /* SpacerExampleDemoView.swift */,
			);
			path = Spacer;
			sourceTree = "<group>";
		};
		F6E5A9C0236E132500BC0852 /* Divider */ = {
			isa = PBXGroup;
			children = (
				F6E5A9C1236E133500BC0852 /* DividerExampleView.swift */,
				F6E5A9C3236E136600BC0852 /* DividerExampleDemoView.swift */,
			);
			path = Divider;
			sourceTree = "<group>";
		};
		F6E5A9C5236E13FB00BC0852 /* ExclusiveGesture */ = {
			isa = PBXGroup;
			children = (
				F6E5A9C6236E141C00BC0852 /* ExclusiveGestureExampleView.swift */,
				F6E5A9C8236E142C00BC0852 /* ExclusiveGestureExampleDemoView.swift */,
			);
			path = ExclusiveGesture;
			sourceTree = "<group>";
		};
		F6E5A9CA236E1F9500BC0852 /* Geometry */ = {
			isa = PBXGroup;
			children = (
				F6E5A9A4236DAFAA00BC0852 /* GeometryReader */,
			);
			path = Geometry;
			sourceTree = "<group>";
		};
		F6E5A9CB236E1FA100BC0852 /* Shapes */ = {
			isa = PBXGroup;
			children = (
				F60ED6A42375F59800E3E3B9 /* RectangleExampleView.swift */,
				F60ED6A62376C01000E3E3B9 /* CircleExampleView.swift */,
				F60ED6A82376C0F100E3E3B9 /* RoundedRectangleExampleView.swift */,
				F60ED6AC2376EA6300E3E3B9 /* PathExampleView.swift */,
			);
			path = Shapes;
			sourceTree = "<group>";
		};
		F6E5A9CC236E223F00BC0852 /* RotationEffect */ = {
			isa = PBXGroup;
			children = (
				F67794C622BE3F7C005F1D0C /* RotationEffectExampleView.swift */,
				F6E5A9CD236E228600BC0852 /* RotationEffectExampleDemoView.swift */,
			);
			path = RotationEffect;
			sourceTree = "<group>";
		};
		F6E5A9CF236E23E900BC0852 /* ScaleEffect */ = {
			isa = PBXGroup;
			children = (
				F67794C522BE3F7C005F1D0C /* ScaleEffectExampleView.swift */,
				F6E5A9D3236E246C00BC0852 /* ScaleEffectExampleDemoView.swift */,
			);
			path = ScaleEffect;
			sourceTree = "<group>";
		};
		F6E5A9D0236E23F200BC0852 /* BlendMode */ = {
			isa = PBXGroup;
			children = (
				F60D9B7522C15EDD002891EE /* BlendModeExampleView.swift */,
				F6E5A9D1236E241D00BC0852 /* BlendModeExampleDemoView.swift */,
			);
			path = BlendMode;
			sourceTree = "<group>";
		};
		F6F47C7622BABEF7009E3C48 = {
			isa = PBXGroup;
			children = (
				F6F92B2323618BF7000CCC4D /* README.md */,
				F6F47C8122BABEF7009E3C48 /* Sources */,
				F6F47C8022BABEF7009E3C48 /* Products */,
			);
			sourceTree = "<group>";
		};
		F6F47C8022BABEF7009E3C48 /* Products */ = {
			isa = PBXGroup;
			children = (
				F6F47C7F22BABEF7009E3C48 /* SwiftUIMindBlowing.app */,
			);
			name = Products;
			sourceTree = "<group>";
		};
		F6F47C8122BABEF7009E3C48 /* Sources */ = {
			isa = PBXGroup;
			children = (
				F677949122BE3F7C005F1D0C /* Scenes */,
				F677948922BE3F5D005F1D0C /* Base */,
				F69551992369E49900B81712 /* SupportingFiles */,
				F6F47C8222BABEF7009E3C48 /* AppDelegate.swift */,
				F6F47C8422BABEF7009E3C48 /* SceneDelegate.swift */,
				F6F47C8822BABEF8009E3C48 /* Assets.xcassets */,
				F6F47C8D22BABEF8009E3C48 /* LaunchScreen.storyboard */,
				F6F47C9022BABEF8009E3C48 /* Info.plist */,
				F6F47C8A22BABEF8009E3C48 /* Preview Content */,
				7F337C9124AEF68A004ED5CE /* Constants.swift */,
			);
			name = Sources;
			sourceTree = "<group>";
		};
		F6F47C8A22BABEF8009E3C48 /* Preview Content */ = {
			isa = PBXGroup;
			children = (
				F6F47C8B22BABEF8009E3C48 /* Preview Assets.xcassets */,
			);
			name = "Preview Content";
			sourceTree = "<group>";
		};
		F6F92B272361AA64000CCC4D /* Receipts */ = {
			isa = PBXGroup;
			children = (
				F6F92B282361AA82000CCC4D /* ReceiptVStackFullScreenView.swift */,
				F6F92B3C236304C5000CCC4D /* NavigationBarButtonView.swift */,
				F695518023683E5F00B81712 /* AutoFocusTextFieldView.swift */,
				F695518223683EA800B81712 /* OpenURLInDefaultBrowserView.swift */,
			);
			path = Receipts;
			sourceTree = "<group>";
		};
		F6F92B322362D4FC000CCC4D /* CustomView */ = {
			isa = PBXGroup;
			children = (
				F6F92B332362D509000CCC4D /* SimpleCarouselView.swift */,
			);
			path = CustomView;
			sourceTree = "<group>";
		};
/* End PBXGroup section */

/* Begin PBXNativeTarget section */
		F6F47C7E22BABEF7009E3C48 /* SwiftUIMindBlowing */ = {
			isa = PBXNativeTarget;
			buildConfigurationList = F6F47C9322BABEF8009E3C48 /* Build configuration list for PBXNativeTarget "SwiftUIMindBlowing" */;
			buildPhases = (
				F6F47C7B22BABEF7009E3C48 /* Sources */,
				F6F47C7C22BABEF7009E3C48 /* Frameworks */,
				F6F47C7D22BABEF7009E3C48 /* Resources */,
			);
			buildRules = (
			);
			dependencies = (
			);
			name = SwiftUIMindBlowing;
			packageProductDependencies = (
				F6ACE173236B817900BFAB98 /* ModalView */,
			);
			productName = SwiftUICookbook;
			productReference = F6F47C7F22BABEF7009E3C48 /* SwiftUIMindBlowing.app */;
			productType = "com.apple.product-type.application";
		};
/* End PBXNativeTarget section */

/* Begin PBXProject section */
		F6F47C7722BABEF7009E3C48 /* Project object */ = {
			isa = PBXProject;
			attributes = {
				LastSwiftUpdateCheck = 1100;
				LastUpgradeCheck = 1100;
				ORGANIZATIONNAME = "An Tran";
				TargetAttributes = {
					F6F47C7E22BABEF7009E3C48 = {
						CreatedOnToolsVersion = 11.0;
					};
				};
			};
			buildConfigurationList = F6F47C7A22BABEF7009E3C48 /* Build configuration list for PBXProject "SwiftUIMindBlowing" */;
			compatibilityVersion = "Xcode 9.3";
			developmentRegion = en;
			hasScannedForEncodings = 0;
			knownRegions = (
				en,
				Base,
			);
			mainGroup = F6F47C7622BABEF7009E3C48;
			packageReferences = (
				F6ACE172236B817900BFAB98 /* XCRemoteSwiftPackageReference "modal-view" */,
			);
			productRefGroup = F6F47C8022BABEF7009E3C48 /* Products */;
			projectDirPath = "";
			projectRoot = "";
			targets = (
				F6F47C7E22BABEF7009E3C48 /* SwiftUIMindBlowing */,
			);
		};
/* End PBXProject section */

/* Begin PBXResourcesBuildPhase section */
		F6F47C7D22BABEF7009E3C48 /* Resources */ = {
			isa = PBXResourcesBuildPhase;
			buildActionMask = 2147483647;
			files = (
				F6180F1E236A41C000C5354A /* error.html in Resources */,
				F6F47C8F22BABEF8009E3C48 /* LaunchScreen.storyboard in Resources */,
				F6F47C8C22BABEF8009E3C48 /* Preview Assets.xcassets in Resources */,
				F6F92B2423618BF7000CCC4D /* README.md in Resources */,
				F6F47C8922BABEF8009E3C48 /* Assets.xcassets in Resources */,
			);
			runOnlyForDeploymentPostprocessing = 0;
		};
/* End PBXResourcesBuildPhase section */

/* Begin PBXSourcesBuildPhase section */
		F6F47C7B22BABEF7009E3C48 /* Sources */ = {
			isa = PBXSourcesBuildPhase;
			buildActionMask = 2147483647;
			files = (
				F67794D022BE3F7C005F1D0C /* MapKitExampleView.swift in Sources */,
				F6F41F5822BED0B0004696C0 /* DispatchTimerExampleView.swift in Sources */,
				F67794E122BE3F7C005F1D0C /* SecureFieldExampleView.swift in Sources */,
				F695518123683E5F00B81712 /* AutoFocusTextFieldView.swift in Sources */,
				F6ACE147236B783F00BFAB98 /* SegmentedControlExampleDemoView.swift in Sources */,
				F69E4006236C83F300B44D67 /* RotationGestureExampleView.swift in Sources */,
				F6E5A9D2236E241D00BC0852 /* BlendModeExampleDemoView.swift in Sources */,
				F6E5A99E236DACD300BC0852 /* ListExampleDemoView.swift in Sources */,
				F679D071236C45A200C67666 /* LongPressGestureExampleView.swift in Sources */,
				F67794F822BE3F7C005F1D0C /* SFSymbols.swift in Sources */,
				F60ED6A92376C0F100E3E3B9 /* RoundedRectangleExampleView.swift in Sources */,
				F6E5A9C4236E136600BC0852 /* DividerExampleDemoView.swift in Sources */,
				F67794DB22BE3F7C005F1D0C /* MindBlowingContentView.swift in Sources */,
				F67794F222BE3F7C005F1D0C /* AnimationContentView.swift in Sources */,
				F6E5A9B5236DE63100BC0852 /* ForEachExampleView.swift in Sources */,
				F6ACE17E236B9D3900BFAB98 /* ViewModifierCompositionExampleView.swift in Sources */,
				F6ACE178236B996D00BFAB98 /* TapGestureExampleView.swift in Sources */,
				F67794F922BE3F7C005F1D0C /* SFSymbolsContentView.swift in Sources */,
				F6E5A9C9236E142C00BC0852 /* ExclusiveGestureExampleDemoView.swift in Sources */,
				F69551982369E27E00B81712 /* HStackExampleDemoView.swift in Sources */,
				F67794EA22BE3F7C005F1D0C /* PickerExampleView.swift in Sources */,
				7FC5FD6C24B2E79B00BF4464 /* AppStore.swift in Sources */,
				F67794CF22BE3F7C005F1D0C /* CookbookContentView.swift in Sources */,
				F60ED6A52375F59800E3E3B9 /* RectangleExampleView.swift in Sources */,
				7FC5FD6E24B2E7BA00BF4464 /* RootView.swift in Sources */,
				F60ED6AB2376CE6400E3E3B9 /* WKWebViewStore.swift in Sources */,
				F6E5A9A3236DAD6800BC0852 /* ZStackExampleDemoView.swift in Sources */,
				F6E5A9BA236DE76F00BC0852 /* TabViewExampleView.swift in Sources */,
				F6ACE145236B781600BFAB98 /* ImageExampleDemoView.swift in Sources */,
				F6ACE155236B79E000BFAB98 /* StepperExampleDemoView.swift in Sources */,
				F6ACE13F236B778C00BFAB98 /* TextExampleDemoView.swift in Sources */,
				F67794EF22BE3F7C005F1D0C /* AlertExampleView.swift in Sources */,
				F6ACE171236B803E00BFAB98 /* ModalExampleDemoView.swift in Sources */,
				F6E5A9B0236DB61E00BC0852 /* NavigationViewExampleView.swift in Sources */,
				F68C9F1222BFC96A000B6B9D /* SFSafariViewControllerExampleView.swift in Sources */,
				F679D073236C481600C67666 /* LongPressGestureExampleDemoView.swift in Sources */,
				F67794F522BE3F7C005F1D0C /* MoreContentView.swift in Sources */,
				F6E5A9BF236DE8BD00BC0852 /* SpacerExampleDemoView.swift in Sources */,
				F6F92B342362D509000CCC4D /* SimpleCarouselView.swift in Sources */,
				F6E5A9B7236DE66700BC0852 /* ForEachExampleDemoView.swift in Sources */,
				7FC5FD6024B1FB2600BF4464 /* View+Extensions.swift in Sources */,
				F67794F322BE3F7C005F1D0C /* ScaleEffectExampleView.swift in Sources */,
				F6E5A9CE236E228600BC0852 /* RotationEffectExampleDemoView.swift in Sources */,
				F6E5A9D4236E246C00BC0852 /* ScaleEffectExampleDemoView.swift in Sources */,
				F65FD42E2373796E00521CDD /* StretchyHeaderExampleView.swift in Sources */,
				F67794DF22BE3F7C005F1D0C /* SegmentedControlExampleView.swift in Sources */,
				F69E4016236CACDC00B44D67 /* SimultanousGestureExampleView.swift in Sources */,
				F6ACE161236B7AF700BFAB98 /* ButtonExampleDemoView.swift in Sources */,
				7F337C9224AEF68A004ED5CE /* Constants.swift in Sources */,
				F6F92B3D236304C5000CCC4D /* NavigationBarButtonView.swift in Sources */,
				7FC5FD6624B2DD4500BF4464 /* DemoView.swift in Sources */,
				F6ACE158236B7A1200BFAB98 /* DatePickerExampleDemoView.swift in Sources */,
				F6ACE16F236B7FFE00BFAB98 /* AlertExampleDemoView.swift in Sources */,
				F6ACE15B236B7A7500BFAB98 /* ToggleExampleDemoView.swift in Sources */,
				F6ACE16B236B7FA800BFAB98 /* ActionSheetExampleDemoView.swift in Sources */,
				F69E4008236C854E00B44D67 /* RotationGestureExampleDemoView.swift in Sources */,
				F60ED6AD2376EA6300E3E3B9 /* PathExampleView.swift in Sources */,
				F6ACE15E236B7A9500BFAB98 /* EditButtonExampleDemoView.swift in Sources */,
				F65FD42A237376F500521CDD /* FloatingActionButtonExampleView.swift in Sources */,
				F6E5A9A6236DAFC400BC0852 /* GeometryReaderExampleView.swift in Sources */,
				F67794EE22BE3F7C005F1D0C /* VStackExampleView.swift in Sources */,
				F69E400C236C8C9E00B44D67 /* SequenceGestureExampleView.swift in Sources */,
				F67794E022BE3F7C005F1D0C /* NavigationLinkExampleView.swift in Sources */,
				F6E5A99F236DACD300BC0852 /* ListExampleView.swift in Sources */,
				F67794F122BE3F7C005F1D0C /* BasicContentView.swift in Sources */,
				7FC5FD6424B2046B00BF4464 /* MainView.swift in Sources */,
				F6F47C8322BABEF7009E3C48 /* AppDelegate.swift in Sources */,
				F67794DC22BE3F7C005F1D0C /* FontExampleView.swift in Sources */,
				F60ED6B02376EB3800E3E3B9 /* LinearGradientExampleView.swift in Sources */,
				F67794E422BE3F7C005F1D0C /* ToggleExampleView.swift in Sources */,
				F6E5A9A1236DAD4300BC0852 /* ZStackExampleView.swift in Sources */,
				F6ACE17A236B999D00BFAB98 /* TapGestureExampleDemoView.swift in Sources */,
				F677948E22BE3F5D005F1D0C /* WKWebViewUI.swift in Sources */,
				7FE01DAD24ADB4340001C2CB /* TwoEqualWidthColumnsExampleView.swift in Sources */,
				F60D9B7622C15EDD002891EE /* BlendModeExampleView.swift in Sources */,
				F6ACE14F236B795E00BFAB98 /* NavigationLinkExampleDemoView.swift in Sources */,
				F69E400E236C8CED00B44D67 /* SequenceGestureExampleDemoView.swift in Sources */,
				F67794DE22BE3F7C005F1D0C /* TextFieldExampleView.swift in Sources */,
				F67794F022BE3F7C005F1D0C /* ModalExampleView.swift in Sources */,
				F6ACE168236B7F6F00BFAB98 /* VStackExampleDemoView.swift in Sources */,
				F6ACE141236B77C300BFAB98 /* TextFieldExampleDemoView.swift in Sources */,
				F6ACE164236B7BEA00BFAB98 /* PickerExampleDemoView.swift in Sources */,
				F67794E922BE3F7C005F1D0C /* ButtonExampleView.swift in Sources */,
				F6F41F5C22BF86AF004696C0 /* HorizontalCollectionExampleView.swift in Sources */,
				F6ACE143236B77EE00BFAB98 /* FontExampleDemoView.swift in Sources */,
				F67794ED22BE3F7C005F1D0C /* ActionSheetExampleView.swift in Sources */,
				F69E4001236C80D200B44D67 /* MagnificationGestureExampleView.swift in Sources */,
				F6E5A9C7236E141C00BC0852 /* ExclusiveGestureExampleView.swift in Sources */,
				F60D9B7A22C161FA002891EE /* SearchBarView.swift in Sources */,
				F695518323683EA800B81712 /* OpenURLInDefaultBrowserView.swift in Sources */,
				F67794D922BE3F7C005F1D0C /* FullProjectsContentView.swift in Sources */,
				F6E5A9A8236DB03500BC0852 /* GeometryReaderExampleDemoView.swift in Sources */,
				F6E5A9C2236E133500BC0852 /* DividerExampleView.swift in Sources */,
				F6B5DC75236C7500000D1EED /* DragGestureExampleDemoView.swift in Sources */,
				F69E4003236C81AD00B44D67 /* MagnificationGestureExampleDemoView.swift in Sources */,
				F6ACE152236B79BA00BFAB98 /* SecureFieldExampleDemoView.swift in Sources */,
				F69E4018236CAD2E00B44D67 /* SimultanousGestureExampleDemoView.swift in Sources */,
				F6E5A9AD236DB28B00BC0852 /* ScrollViewExampleDemoView.swift in Sources */,
				F6E5A9AB236DB1EA00BC0852 /* ScrollViewExampleView.swift in Sources */,
				F67794E622BE3F7C005F1D0C /* TextExampleView.swift in Sources */,
				F67794F422BE3F7C005F1D0C /* RotationEffectExampleView.swift in Sources */,
				F6E5A9BD236DE8B000BC0852 /* SpacerExampleView.swift in Sources */,
				F60ED6A72376C01000E3E3B9 /* CircleExampleView.swift in Sources */,
				F677948F22BE3F5D005F1D0C /* ExampleView.swift in Sources */,
				F677949022BE3F5D005F1D0C /* ExampleCellView.swift in Sources */,
				F67794EC22BE3F7C005F1D0C /* HStackExampleView.swift in Sources */,
				F6B5DC73236C714E000D1EED /* DragGestureExampleView.swift in Sources */,
				F69551A1236A388800B81712 /* WKWebViewUICoordinator.swift in Sources */,
				F67794E222BE3F7C005F1D0C /* StepperExampleView.swift in Sources */,
				F67794E522BE3F7C005F1D0C /* EditButtonExampleView.swift in Sources */,
				F67794F722BE3F7C005F1D0C /* DashboardView.swift in Sources */,
				F6F92B292361AA82000CCC4D /* ReceiptVStackFullScreenView.swift in Sources */,
				F6F47C8522BABEF7009E3C48 /* SceneDelegate.swift in Sources */,
				F67794DD22BE3F7C005F1D0C /* ImageExampleView.swift in Sources */,
				F67794E322BE3F7C005F1D0C /* DatePickerExampleView.swift in Sources */,
			);
			runOnlyForDeploymentPostprocessing = 0;
		};
/* End PBXSourcesBuildPhase section */

/* Begin PBXVariantGroup section */
		F6F47C8D22BABEF8009E3C48 /* LaunchScreen.storyboard */ = {
			isa = PBXVariantGroup;
			children = (
				F6F47C8E22BABEF8009E3C48 /* Base */,
			);
			name = LaunchScreen.storyboard;
			path = SwiftUIMindBlowing;
			sourceTree = "<group>";
		};
/* End PBXVariantGroup section */

/* Begin XCBuildConfiguration section */
		F6F47C9122BABEF8009E3C48 /* Debug */ = {
			isa = XCBuildConfiguration;
			buildSettings = {
				ALWAYS_SEARCH_USER_PATHS = NO;
				CLANG_ANALYZER_NONNULL = YES;
				CLANG_ANALYZER_NUMBER_OBJECT_CONVERSION = YES_AGGRESSIVE;
				CLANG_CXX_LANGUAGE_STANDARD = "gnu++14";
				CLANG_CXX_LIBRARY = "libc++";
				CLANG_ENABLE_MODULES = YES;
				CLANG_ENABLE_OBJC_ARC = YES;
				CLANG_ENABLE_OBJC_WEAK = YES;
				CLANG_WARN_BLOCK_CAPTURE_AUTORELEASING = YES;
				CLANG_WARN_BOOL_CONVERSION = YES;
				CLANG_WARN_COMMA = YES;
				CLANG_WARN_CONSTANT_CONVERSION = YES;
				CLANG_WARN_DEPRECATED_OBJC_IMPLEMENTATIONS = YES;
				CLANG_WARN_DIRECT_OBJC_ISA_USAGE = YES_ERROR;
				CLANG_WARN_DOCUMENTATION_COMMENTS = YES;
				CLANG_WARN_EMPTY_BODY = YES;
				CLANG_WARN_ENUM_CONVERSION = YES;
				CLANG_WARN_INFINITE_RECURSION = YES;
				CLANG_WARN_INT_CONVERSION = YES;
				CLANG_WARN_NON_LITERAL_NULL_CONVERSION = YES;
				CLANG_WARN_OBJC_IMPLICIT_RETAIN_SELF = YES;
				CLANG_WARN_OBJC_LITERAL_CONVERSION = YES;
				CLANG_WARN_OBJC_ROOT_CLASS = YES_ERROR;
				CLANG_WARN_RANGE_LOOP_ANALYSIS = YES;
				CLANG_WARN_STRICT_PROTOTYPES = YES;
				CLANG_WARN_SUSPICIOUS_MOVE = YES;
				CLANG_WARN_UNGUARDED_AVAILABILITY = YES_AGGRESSIVE;
				CLANG_WARN_UNREACHABLE_CODE = YES;
				CLANG_WARN__DUPLICATE_METHOD_MATCH = YES;
				COPY_PHASE_STRIP = NO;
				DEBUG_INFORMATION_FORMAT = dwarf;
				ENABLE_STRICT_OBJC_MSGSEND = YES;
				ENABLE_TESTABILITY = YES;
				GCC_C_LANGUAGE_STANDARD = gnu11;
				GCC_DYNAMIC_NO_PIC = NO;
				GCC_NO_COMMON_BLOCKS = YES;
				GCC_OPTIMIZATION_LEVEL = 0;
				GCC_PREPROCESSOR_DEFINITIONS = (
					"DEBUG=1",
					"$(inherited)",
				);
				GCC_WARN_64_TO_32_BIT_CONVERSION = YES;
				GCC_WARN_ABOUT_RETURN_TYPE = YES_ERROR;
				GCC_WARN_UNDECLARED_SELECTOR = YES;
				GCC_WARN_UNINITIALIZED_AUTOS = YES_AGGRESSIVE;
				GCC_WARN_UNUSED_FUNCTION = YES;
				GCC_WARN_UNUSED_VARIABLE = YES;
				IPHONEOS_DEPLOYMENT_TARGET = 14.0;
				MTL_ENABLE_DEBUG_INFO = INCLUDE_SOURCE;
				MTL_FAST_MATH = YES;
				ONLY_ACTIVE_ARCH = YES;
				SDKROOT = iphoneos;
				SWIFT_ACTIVE_COMPILATION_CONDITIONS = DEBUG;
				SWIFT_OPTIMIZATION_LEVEL = "-Onone";
				SWIFT_VERSION = 5.0;
			};
			name = Debug;
		};
		F6F47C9222BABEF8009E3C48 /* Release */ = {
			isa = XCBuildConfiguration;
			buildSettings = {
				ALWAYS_SEARCH_USER_PATHS = NO;
				CLANG_ANALYZER_NONNULL = YES;
				CLANG_ANALYZER_NUMBER_OBJECT_CONVERSION = YES_AGGRESSIVE;
				CLANG_CXX_LANGUAGE_STANDARD = "gnu++14";
				CLANG_CXX_LIBRARY = "libc++";
				CLANG_ENABLE_MODULES = YES;
				CLANG_ENABLE_OBJC_ARC = YES;
				CLANG_ENABLE_OBJC_WEAK = YES;
				CLANG_WARN_BLOCK_CAPTURE_AUTORELEASING = YES;
				CLANG_WARN_BOOL_CONVERSION = YES;
				CLANG_WARN_COMMA = YES;
				CLANG_WARN_CONSTANT_CONVERSION = YES;
				CLANG_WARN_DEPRECATED_OBJC_IMPLEMENTATIONS = YES;
				CLANG_WARN_DIRECT_OBJC_ISA_USAGE = YES_ERROR;
				CLANG_WARN_DOCUMENTATION_COMMENTS = YES;
				CLANG_WARN_EMPTY_BODY = YES;
				CLANG_WARN_ENUM_CONVERSION = YES;
				CLANG_WARN_INFINITE_RECURSION = YES;
				CLANG_WARN_INT_CONVERSION = YES;
				CLANG_WARN_NON_LITERAL_NULL_CONVERSION = YES;
				CLANG_WARN_OBJC_IMPLICIT_RETAIN_SELF = YES;
				CLANG_WARN_OBJC_LITERAL_CONVERSION = YES;
				CLANG_WARN_OBJC_ROOT_CLASS = YES_ERROR;
				CLANG_WARN_RANGE_LOOP_ANALYSIS = YES;
				CLANG_WARN_STRICT_PROTOTYPES = YES;
				CLANG_WARN_SUSPICIOUS_MOVE = YES;
				CLANG_WARN_UNGUARDED_AVAILABILITY = YES_AGGRESSIVE;
				CLANG_WARN_UNREACHABLE_CODE = YES;
				CLANG_WARN__DUPLICATE_METHOD_MATCH = YES;
				COPY_PHASE_STRIP = NO;
				DEBUG_INFORMATION_FORMAT = "dwarf-with-dsym";
				ENABLE_NS_ASSERTIONS = NO;
				ENABLE_STRICT_OBJC_MSGSEND = YES;
				GCC_C_LANGUAGE_STANDARD = gnu11;
				GCC_NO_COMMON_BLOCKS = YES;
				GCC_WARN_64_TO_32_BIT_CONVERSION = YES;
				GCC_WARN_ABOUT_RETURN_TYPE = YES_ERROR;
				GCC_WARN_UNDECLARED_SELECTOR = YES;
				GCC_WARN_UNINITIALIZED_AUTOS = YES_AGGRESSIVE;
				GCC_WARN_UNUSED_FUNCTION = YES;
				GCC_WARN_UNUSED_VARIABLE = YES;
				IPHONEOS_DEPLOYMENT_TARGET = 14.0;
				MTL_ENABLE_DEBUG_INFO = NO;
				MTL_FAST_MATH = YES;
				SDKROOT = iphoneos;
				SWIFT_COMPILATION_MODE = wholemodule;
				SWIFT_OPTIMIZATION_LEVEL = "-O";
				SWIFT_VERSION = 5.0;
				VALIDATE_PRODUCT = YES;
			};
			name = Release;
		};
		F6F47C9422BABEF8009E3C48 /* Debug */ = {
			isa = XCBuildConfiguration;
			buildSettings = {
				ASSETCATALOG_COMPILER_APPICON_NAME = AppIcon;
				CODE_SIGN_IDENTITY = "Apple Development";
				CODE_SIGN_STYLE = Automatic;
				DEVELOPMENT_ASSET_PATHS = "SwiftUIMindBlowing/Preview\\ Content";
				DEVELOPMENT_TEAM = 36ML5F3NSU;
				ENABLE_PREVIEWS = YES;
				INFOPLIST_FILE = "$(SRCROOT)/SwiftUIMindBlowing/Info.plist";
				LD_RUNPATH_SEARCH_PATHS = (
					"$(inherited)",
					"@executable_path/Frameworks",
				);
				MARKETING_VERSION = 1.0.0;
				PRODUCT_BUNDLE_IDENTIFIER = com.tba.apps.SwiftUIMindBlowing2;
				PRODUCT_NAME = "$(TARGET_NAME)";
				PROVISIONING_PROFILE_SPECIFIER = "";
				TARGETED_DEVICE_FAMILY = "1,2";
			};
			name = Debug;
		};
		F6F47C9522BABEF8009E3C48 /* Release */ = {
			isa = XCBuildConfiguration;
			buildSettings = {
				ASSETCATALOG_COMPILER_APPICON_NAME = AppIcon;
				CODE_SIGN_IDENTITY = "Apple Development";
				CODE_SIGN_STYLE = Automatic;
				DEVELOPMENT_ASSET_PATHS = "SwiftUIMindBlowing/Preview\\ Content";
				DEVELOPMENT_TEAM = 36ML5F3NSU;
				ENABLE_PREVIEWS = YES;
				INFOPLIST_FILE = "$(SRCROOT)/SwiftUIMindBlowing/Info.plist";
				LD_RUNPATH_SEARCH_PATHS = (
					"$(inherited)",
					"@executable_path/Frameworks",
				);
				MARKETING_VERSION = 1.0.0;
				PRODUCT_BUNDLE_IDENTIFIER = com.tba.apps.SwiftUIMindBlowing2;
				PRODUCT_NAME = "$(TARGET_NAME)";
				PROVISIONING_PROFILE_SPECIFIER = "";
				TARGETED_DEVICE_FAMILY = "1,2";
			};
			name = Release;
		};
/* End XCBuildConfiguration section */

/* Begin XCConfigurationList section */
		F6F47C7A22BABEF7009E3C48 /* Build configuration list for PBXProject "SwiftUIMindBlowing" */ = {
			isa = XCConfigurationList;
			buildConfigurations = (
				F6F47C9122BABEF8009E3C48 /* Debug */,
				F6F47C9222BABEF8009E3C48 /* Release */,
			);
			defaultConfigurationIsVisible = 0;
			defaultConfigurationName = Release;
		};
		F6F47C9322BABEF8009E3C48 /* Build configuration list for PBXNativeTarget "SwiftUIMindBlowing" */ = {
			isa = XCConfigurationList;
			buildConfigurations = (
				F6F47C9422BABEF8009E3C48 /* Debug */,
				F6F47C9522BABEF8009E3C48 /* Release */,
			);
			defaultConfigurationIsVisible = 0;
			defaultConfigurationName = Release;
		};
/* End XCConfigurationList section */

/* Begin XCRemoteSwiftPackageReference section */
		F6ACE172236B817900BFAB98 /* XCRemoteSwiftPackageReference "modal-view" */ = {
			isa = XCRemoteSwiftPackageReference;
			repositoryURL = "https://github.com/diniska/modal-view";
			requirement = {
				branch = master;
				kind = branch;
			};
		};
/* End XCRemoteSwiftPackageReference section */

/* Begin XCSwiftPackageProductDependency section */
		F6ACE173236B817900BFAB98 /* ModalView */ = {
			isa = XCSwiftPackageProductDependency;
			package = F6ACE172236B817900BFAB98 /* XCRemoteSwiftPackageReference "modal-view" */;
			productName = ModalView;
		};
/* End XCSwiftPackageProductDependency section */
	};
	rootObject = F6F47C7722BABEF7009E3C48 /* Project object */;
}
