// !$*UTF8*$!
{
	archiveVersion = 1;
	classes = {
	};
	objectVersion = 50;
	objects = {

/* Begin PBXBuildFile section */
		F6F47C8322BABEF7009E3C48 /* AppDelegate.swift in Sources */ = {isa = PBXBuildFile; fileRef = F6F47C8222BABEF7009E3C48 /* AppDelegate.swift */; };
		F6F47C8522BABEF7009E3C48 /* SceneDelegate.swift in Sources */ = {isa = PBXBuildFile; fileRef = F6F47C8422BABEF7009E3C48 /* SceneDelegate.swift */; };
		F6F47C8722BABEF7009E3C48 /* ContentView.swift in Sources */ = {isa = PBXBuildFile; fileRef = F6F47C8622BABEF7009E3C48 /* ContentView.swift */; };
		F6F47C8922BABEF8009E3C48 /* Assets.xcassets in Resources */ = {isa = PBXBuildFile; fileRef = F6F47C8822BABEF8009E3C48 /* Assets.xcassets */; };
		F6F47C8C22BABEF8009E3C48 /* Preview Assets.xcassets in Resources */ = {isa = PBXBuildFile; fileRef = F6F47C8B22BABEF8009E3C48 /* Preview Assets.xcassets */; };
		F6F47C8F22BABEF8009E3C48 /* LaunchScreen.storyboard in Resources */ = {isa = PBXBuildFile; fileRef = F6F47C8D22BABEF8009E3C48 /* LaunchScreen.storyboard */; };
/* End PBXBuildFile section */

/* Begin PBXFileReference section */
		F6F47C7F22BABEF7009E3C48 /* SwiftUICookbook.app */ = {isa = PBXFileReference; explicitFileType = wrapper.application; includeInIndex = 0; path = SwiftUICookbook.app; sourceTree = BUILT_PRODUCTS_DIR; };
		F6F47C8222BABEF7009E3C48 /* AppDelegate.swift */ = {isa = PBXFileReference; lastKnownFileType = sourcecode.swift; path = AppDelegate.swift; sourceTree = "<group>"; };
		F6F47C8422BABEF7009E3C48 /* SceneDelegate.swift */ = {isa = PBXFileReference; lastKnownFileType = sourcecode.swift; path = SceneDelegate.swift; sourceTree = "<group>"; };
		F6F47C8622BABEF7009E3C48 /* ContentView.swift */ = {isa = PBXFileReference; lastKnownFileType = sourcecode.swift; path = ContentView.swift; sourceTree = "<group>"; };
		F6F47C8822BABEF8009E3C48 /* Assets.xcassets */ = {isa = PBXFileReference; lastKnownFileType = folder.assetcatalog; path = Assets.xcassets; sourceTree = "<group>"; };
		F6F47C8B22BABEF8009E3C48 /* Preview Assets.xcassets */ = {isa = PBXFileReference; lastKnownFileType = folder.assetcatalog; path = "Preview Assets.xcassets"; sourceTree = "<group>"; };
		F6F47C8E22BABEF8009E3C48 /* Base */ = {isa = PBXFileReference; lastKnownFileType = file.storyboard; name = Base; path = Base.lproj/LaunchScreen.storyboard; sourceTree = "<group>"; };
		F6F47C9022BABEF8009E3C48 /* Info.plist */ = {isa = PBXFileReference; lastKnownFileType = text.plist.xml; path = Info.plist; sourceTree = "<group>"; };
/* End PBXFileReference section */

/* Begin PBXFrameworksBuildPhase section */
		F6F47C7C22BABEF7009E3C48 /* Frameworks */ = {
			isa = PBXFrameworksBuildPhase;
			buildActionMask = 2147483647;
			files = (
			);
			runOnlyForDeploymentPostprocessing = 0;
		};
/* End PBXFrameworksBuildPhase section */

/* Begin PBXGroup section */
		F6F47C7622BABEF7009E3C48 = {
			isa = PBXGroup;
			children = (
				F6F47C8122BABEF7009E3C48 /* SwiftUICookbook */,
				F6F47C8022BABEF7009E3C48 /* Products */,
			);
			sourceTree = "<group>";
		};
		F6F47C8022BABEF7009E3C48 /* Products */ = {
			isa = PBXGroup;
			children = (
				F6F47C7F22BABEF7009E3C48 /* SwiftUICookbook.app */,
			);
			name = Products;
			sourceTree = "<group>";
		};
		F6F47C8122BABEF7009E3C48 /* SwiftUICookbook */ = {
			isa = PBXGroup;
			children = (
				F6F47C8222BABEF7009E3C48 /* AppDelegate.swift */,
				F6F47C8422BABEF7009E3C48 /* SceneDelegate.swift */,
				F6F47C8622BABEF7009E3C48 /* ContentView.swift */,
				F6F47C8822BABEF8009E3C48 /* Assets.xcassets */,
				F6F47C8D22BABEF8009E3C48 /* LaunchScreen.storyboard */,
				F6F47C9022BABEF8009E3C48 /* Info.plist */,
				F6F47C8A22BABEF8009E3C48 /* Preview Content */,
			);
			path = SwiftUICookbook;
			sourceTree = "<group>";
		};
		F6F47C8A22BABEF8009E3C48 /* Preview Content */ = {
			isa = PBXGroup;
			children = (
				F6F47C8B22BABEF8009E3C48 /* Preview Assets.xcassets */,
			);
			path = "Preview Content";
			sourceTree = "<group>";
		};
/* End PBXGroup section */

/* Begin PBXNativeTarget section */
		F6F47C7E22BABEF7009E3C48 /* SwiftUICookbook */ = {
			isa = PBXNativeTarget;
			buildConfigurationList = F6F47C9322BABEF8009E3C48 /* Build configuration list for PBXNativeTarget "SwiftUICookbook" */;
			buildPhases = (
				F6F47C7B22BABEF7009E3C48 /* Sources */,
				F6F47C7C22BABEF7009E3C48 /* Frameworks */,
				F6F47C7D22BABEF7009E3C48 /* Resources */,
			);
			buildRules = (
			);
			dependencies = (
			);
			name = SwiftUICookbook;
			productName = SwiftUICookbook;
			productReference = F6F47C7F22BABEF7009E3C48 /* SwiftUICookbook.app */;
			productType = "com.apple.product-type.application";
		};
/* End PBXNativeTarget section */

/* Begin PBXProject section */
		F6F47C7722BABEF7009E3C48 /* Project object */ = {
			isa = PBXProject;
			attributes = {
				LastSwiftUpdateCheck = 1100;
				LastUpgradeCheck = 1100;
				ORGANIZATIONNAME = "An Tran";
				TargetAttributes = {
					F6F47C7E22BABEF7009E3C48 = {
						CreatedOnToolsVersion = 11.0;
					};
				};
			};
			buildConfigurationList = F6F47C7A22BABEF7009E3C48 /* Build configuration list for PBXProject "SwiftUICookbook" */;
			compatibilityVersion = "Xcode 9.3";
			developmentRegion = en;
			hasScannedForEncodings = 0;
			knownRegions = (
				en,
				Base,
			);
			mainGroup = F6F47C7622BABEF7009E3C48;
			productRefGroup = F6F47C8022BABEF7009E3C48 /* Products */;
			projectDirPath = "";
			projectRoot = "";
			targets = (
				F6F47C7E22BABEF7009E3C48 /* SwiftUICookbook */,
			);
		};
/* End PBXProject section */

/* Begin PBXResourcesBuildPhase section */
		F6F47C7D22BABEF7009E3C48 /* Resources */ = {
			isa = PBXResourcesBuildPhase;
			buildActionMask = 2147483647;
			files = (
				F6F47C8F22BABEF8009E3C48 /* LaunchScreen.storyboard in Resources */,
				F6F47C8C22BABEF8009E3C48 /* Preview Assets.xcassets in Resources */,
				F6F47C8922BABEF8009E3C48 /* Assets.xcassets in Resources */,
			);
			runOnlyForDeploymentPostprocessing = 0;
		};
/* End PBXResourcesBuildPhase section */

/* Begin PBXSourcesBuildPhase section */
		F6F47C7B22BABEF7009E3C48 /* Sources */ = {
			isa = PBXSourcesBuildPhase;
			buildActionMask = 2147483647;
			files = (
				F6F47C8322BABEF7009E3C48 /* AppDelegate.swift in Sources */,
				F6F47C8522BABEF7009E3C48 /* SceneDelegate.swift in Sources */,
				F6F47C8722BABEF7009E3C48 /* ContentView.swift in Sources */,
			);
			runOnlyForDeploymentPostprocessing = 0;
		};
/* End PBXSourcesBuildPhase section */

/* Begin PBXVariantGroup section */
		F6F47C8D22BABEF8009E3C48 /* LaunchScreen.storyboard */ = {
			isa = PBXVariantGroup;
			children = (
				F6F47C8E22BABEF8009E3C48 /* Base */,
			);
			name = LaunchScreen.storyboard;
			sourceTree = "<group>";
		};
/* End PBXVariantGroup section */

/* Begin XCBuildConfiguration section */
		F6F47C9122BABEF8009E3C48 /* Debug */ = {
			isa = XCBuildConfiguration;
			buildSettings = {
				ALWAYS_SEARCH_USER_PATHS = NO;
				CLANG_ANALYZER_NONNULL = YES;
				CLANG_ANALYZER_NUMBER_OBJECT_CONVERSION = YES_AGGRESSIVE;
				CLANG_CXX_LANGUAGE_STANDARD = "gnu++14";
				CLANG_CXX_LIBRARY = "libc++";
				CLANG_ENABLE_MODULES = YES;
				CLANG_ENABLE_OBJC_ARC = YES;
				CLANG_ENABLE_OBJC_WEAK = YES;
				CLANG_WARN_BLOCK_CAPTURE_AUTORELEASING = YES;
				CLANG_WARN_BOOL_CONVERSION = YES;
				CLANG_WARN_COMMA = YES;
				CLANG_WARN_CONSTANT_CONVERSION = YES;
				CLANG_WARN_DEPRECATED_OBJC_IMPLEMENTATIONS = YES;
				CLANG_WARN_DIRECT_OBJC_ISA_USAGE = YES_ERROR;
				CLANG_WARN_DOCUMENTATION_COMMENTS = YES;
				CLANG_WARN_EMPTY_BODY = YES;
				CLANG_WARN_ENUM_CONVERSION = YES;
				CLANG_WARN_INFINITE_RECURSION = YES;
				CLANG_WARN_INT_CONVERSION = YES;
				CLANG_WARN_NON_LITERAL_NULL_CONVERSION = YES;
				CLANG_WARN_OBJC_IMPLICIT_RETAIN_SELF = YES;
				CLANG_WARN_OBJC_LITERAL_CONVERSION = YES;
				CLANG_WARN_OBJC_ROOT_CLASS = YES_ERROR;
				CLANG_WARN_RANGE_LOOP_ANALYSIS = YES;
				CLANG_WARN_STRICT_PROTOTYPES = YES;
				CLANG_WARN_SUSPICIOUS_MOVE = YES;
				CLANG_WARN_UNGUARDED_AVAILABILITY = YES_AGGRESSIVE;
				CLANG_WARN_UNREACHABLE_CODE = YES;
				CLANG_WARN__DUPLICATE_METHOD_MATCH = YES;
				COPY_PHASE_STRIP = NO;
				DEBUG_INFORMATION_FORMAT = dwarf;
				ENABLE_STRICT_OBJC_MSGSEND = YES;
				ENABLE_TESTABILITY = YES;
				GCC_C_LANGUAGE_STANDARD = gnu11;
				GCC_DYNAMIC_NO_PIC = NO;
				GCC_NO_COMMON_BLOCKS = YES;
				GCC_OPTIMIZATION_LEVEL = 0;
				GCC_PREPROCESSOR_DEFINITIONS = (
					"DEBUG=1",
					"$(inherited)",
				);
				GCC_WARN_64_TO_32_BIT_CONVERSION = YES;
				GCC_WARN_ABOUT_RETURN_TYPE = YES_ERROR;
				GCC_WARN_UNDECLARED_SELECTOR = YES;
				GCC_WARN_UNINITIALIZED_AUTOS = YES_AGGRESSIVE;
				GCC_WARN_UNUSED_FUNCTION = YES;
				GCC_WARN_UNUSED_VARIABLE = YES;
				IPHONEOS_DEPLOYMENT_TARGET = 13.0;
				MTL_ENABLE_DEBUG_INFO = INCLUDE_SOURCE;
				MTL_FAST_MATH = YES;
				ONLY_ACTIVE_ARCH = YES;
				SDKROOT = iphoneos;
				SWIFT_ACTIVE_COMPILATION_CONDITIONS = DEBUG;
				SWIFT_OPTIMIZATION_LEVEL = "-Onone";
			};
			name = Debug;
		};
		F6F47C9222BABEF8009E3C48 /* Release */ = {
			isa = XCBuildConfiguration;
			buildSettings = {
				ALWAYS_SEARCH_USER_PATHS = NO;
				CLANG_ANALYZER_NONNULL = YES;
				CLANG_ANALYZER_NUMBER_OBJECT_CONVERSION = YES_AGGRESSIVE;
				CLANG_CXX_LANGUAGE_STANDARD = "gnu++14";
				CLANG_CXX_LIBRARY = "libc++";
				CLANG_ENABLE_MODULES = YES;
				CLANG_ENABLE_OBJC_ARC = YES;
				CLANG_ENABLE_OBJC_WEAK = YES;
				CLANG_WARN_BLOCK_CAPTURE_AUTORELEASING = YES;
				CLANG_WARN_BOOL_CONVERSION = YES;
				CLANG_WARN_COMMA = YES;
				CLANG_WARN_CONSTANT_CONVERSION = YES;
				CLANG_WARN_DEPRECATED_OBJC_IMPLEMENTATIONS = YES;
				CLANG_WARN_DIRECT_OBJC_ISA_USAGE = YES_ERROR;
				CLANG_WARN_DOCUMENTATION_COMMENTS = YES;
				CLANG_WARN_EMPTY_BODY = YES;
				CLANG_WARN_ENUM_CONVERSION = YES;
				CLANG_WARN_INFINITE_RECURSION = YES;
				CLANG_WARN_INT_CONVERSION = YES;
				CLANG_WARN_NON_LITERAL_NULL_CONVERSION = YES;
				CLANG_WARN_OBJC_IMPLICIT_RETAIN_SELF = YES;
				CLANG_WARN_OBJC_LITERAL_CONVERSION = YES;
				CLANG_WARN_OBJC_ROOT_CLASS = YES_ERROR;
				CLANG_WARN_RANGE_LOOP_ANALYSIS = YES;
				CLANG_WARN_STRICT_PROTOTYPES = YES;
				CLANG_WARN_SUSPICIOUS_MOVE = YES;
				CLANG_WARN_UNGUARDED_AVAILABILITY = YES_AGGRESSIVE;
				CLANG_WARN_UNREACHABLE_CODE = YES;
				CLANG_WARN__DUPLICATE_METHOD_MATCH = YES;
				COPY_PHASE_STRIP = NO;
				DEBUG_INFORMATION_FORMAT = "dwarf-with-dsym";
				ENABLE_NS_ASSERTIONS = NO;
				ENABLE_STRICT_OBJC_MSGSEND = YES;
				GCC_C_LANGUAGE_STANDARD = gnu11;
				GCC_NO_COMMON_BLOCKS = YES;
				GCC_WARN_64_TO_32_BIT_CONVERSION = YES;
				GCC_WARN_ABOUT_RETURN_TYPE = YES_ERROR;
				GCC_WARN_UNDECLARED_SELECTOR = YES;
				GCC_WARN_UNINITIALIZED_AUTOS = YES_AGGRESSIVE;
				GCC_WARN_UNUSED_FUNCTION = YES;
				GCC_WARN_UNUSED_VARIABLE = YES;
				IPHONEOS_DEPLOYMENT_TARGET = 13.0;
				MTL_ENABLE_DEBUG_INFO = NO;
				MTL_FAST_MATH = YES;
				SDKROOT = iphoneos;
				SWIFT_COMPILATION_MODE = wholemodule;
				SWIFT_OPTIMIZATION_LEVEL = "-O";
				VALIDATE_PRODUCT = YES;
			};
			name = Release;
		};
		F6F47C9422BABEF8009E3C48 /* Debug */ = {
			isa = XCBuildConfiguration;
			buildSettings = {
				ASSETCATALOG_COMPILER_APPICON_NAME = AppIcon;
				CODE_SIGN_STYLE = Automatic;
				DEVELOPMENT_ASSET_PATHS = "SwiftUICookbook/Preview\\ Content";
				DEVELOPMENT_TEAM = 7F8866H6R9;
				ENABLE_PREVIEWS = YES;
				INFOPLIST_FILE = SwiftUICookbook/Info.plist;
				LD_RUNPATH_SEARCH_PATHS = (
					"$(inherited)",
					"@executable_path/Frameworks",
				);
				PRODUCT_BUNDLE_IDENTIFIER = com.tba.apps.SwiftUICookbook;
				PRODUCT_NAME = "$(TARGET_NAME)";
				SWIFT_VERSION = 5.0;
				TARGETED_DEVICE_FAMILY = "1,2";
			};
			name = Debug;
		};
		F6F47C9522BABEF8009E3C48 /* Release */ = {
			isa = XCBuildConfiguration;
			buildSettings = {
				ASSETCATALOG_COMPILER_APPICON_NAME = AppIcon;
				CODE_SIGN_STYLE = Automatic;
				DEVELOPMENT_ASSET_PATHS = "SwiftUICookbook/Preview\\ Content";
				DEVELOPMENT_TEAM = 7F8866H6R9;
				ENABLE_PREVIEWS = YES;
				INFOPLIST_FILE = SwiftUICookbook/Info.plist;
				LD_RUNPATH_SEARCH_PATHS = (
					"$(inherited)",
					"@executable_path/Frameworks",
				);
				PRODUCT_BUNDLE_IDENTIFIER = com.tba.apps.SwiftUICookbook;
				PRODUCT_NAME = "$(TARGET_NAME)";
				SWIFT_VERSION = 5.0;
				TARGETED_DEVICE_FAMILY = "1,2";
			};
			name = Release;
		};
/* End XCBuildConfiguration section */

/* Begin XCConfigurationList section */
		F6F47C7A22BABEF7009E3C48 /* Build configuration list for PBXProject "SwiftUICookbook" */ = {
			isa = XCConfigurationList;
			buildConfigurations = (
				F6F47C9122BABEF8009E3C48 /* Debug */,
				F6F47C9222BABEF8009E3C48 /* Release */,
			);
			defaultConfigurationIsVisible = 0;
			defaultConfigurationName = Release;
		};
		F6F47C9322BABEF8009E3C48 /* Build configuration list for PBXNativeTarget "SwiftUICookbook" */ = {
			isa = XCConfigurationList;
			buildConfigurations = (
				F6F47C9422BABEF8009E3C48 /* Debug */,
				F6F47C9522BABEF8009E3C48 /* Release */,
			);
			defaultConfigurationIsVisible = 0;
			defaultConfigurationName = Release;
		};
/* End XCConfigurationList section */
	};
	rootObject = F6F47C7722BABEF7009E3C48 /* Project object */;
}
