// !$*UTF8*$!
{
	archiveVersion = 1;
	classes = {
	};
	objectVersion = 50;
	objects = {

/* Begin PBXBuildFile section */
		F611C50722BD05C600E9F1A7 /* FunctionalUtils.swift in Sources */ = {isa = PBXBuildFile; fileRef = F611C50622BD05C600E9F1A7 /* FunctionalUtils.swift */; };
		F611C50C22BD05CD00E9F1A7 /* BlockMatrix.swift in Sources */ = {isa = PBXBuildFile; fileRef = F611C50922BD05CD00E9F1A7 /* BlockMatrix.swift */; };
		F611C50D22BD05CD00E9F1A7 /* IdentifiedBlock.swift in Sources */ = {isa = PBXBuildFile; fileRef = F611C50A22BD05CD00E9F1A7 /* IdentifiedBlock.swift */; };
		F611C50E22BD05CD00E9F1A7 /* GameLogic.swift in Sources */ = {isa = PBXBuildFile; fileRef = F611C50B22BD05CD00E9F1A7 /* GameLogic.swift */; };
		F611C51322BD05D700E9F1A7 /* BlockGridView.swift in Sources */ = {isa = PBXBuildFile; fileRef = F611C51022BD05D700E9F1A7 /* BlockGridView.swift */; };
		F611C51422BD05D700E9F1A7 /* GameView.swift in Sources */ = {isa = PBXBuildFile; fileRef = F611C51122BD05D700E9F1A7 /* GameView.swift */; };
		F611C51522BD05D700E9F1A7 /* BlockView.swift in Sources */ = {isa = PBXBuildFile; fileRef = F611C51222BD05D700E9F1A7 /* BlockView.swift */; };
		F63E6F3922BB695E00B600C4 /* PickerExampleView.swift in Sources */ = {isa = PBXBuildFile; fileRef = F63E6F3822BB695E00B600C4 /* PickerExampleView.swift */; };
		F63E6F3B22BB737500B600C4 /* DatePickerExampleView.swift in Sources */ = {isa = PBXBuildFile; fileRef = F63E6F3A22BB737500B600C4 /* DatePickerExampleView.swift */; };
		F63E6F3D22BB754000B600C4 /* StepperExampleView.swift in Sources */ = {isa = PBXBuildFile; fileRef = F63E6F3C22BB754000B600C4 /* StepperExampleView.swift */; };
		F63E6F3F22BB76A600B600C4 /* SegmentedControlExampleView.swift in Sources */ = {isa = PBXBuildFile; fileRef = F63E6F3E22BB76A600B600C4 /* SegmentedControlExampleView.swift */; };
		F63E6F4222BB790E00B600C4 /* HStackExampleView.swift in Sources */ = {isa = PBXBuildFile; fileRef = F63E6F4122BB790E00B600C4 /* HStackExampleView.swift */; };
		F63E6F4422BB791C00B600C4 /* VStackExampleView.swift in Sources */ = {isa = PBXBuildFile; fileRef = F63E6F4322BB791C00B600C4 /* VStackExampleView.swift */; };
		F63E6F4722BB7DA100B600C4 /* DasboardView.swift in Sources */ = {isa = PBXBuildFile; fileRef = F63E6F4622BB7DA100B600C4 /* DasboardView.swift */; };
		F63E6F4A22BB7E8800B600C4 /* AnimationContentView.swift in Sources */ = {isa = PBXBuildFile; fileRef = F63E6F4922BB7E8800B600C4 /* AnimationContentView.swift */; };
		F63E6F4D22BB825500B600C4 /* SFSymbolsContentView.swift in Sources */ = {isa = PBXBuildFile; fileRef = F63E6F4C22BB825500B600C4 /* SFSymbolsContentView.swift */; };
		F63E6F5122BB830200B600C4 /* SFSymbols.swift in Sources */ = {isa = PBXBuildFile; fileRef = F63E6F5022BB830200B600C4 /* SFSymbols.swift */; };
		F63E6F5422BB97FF00B600C4 /* MindBlowingContentView.swift in Sources */ = {isa = PBXBuildFile; fileRef = F63E6F5322BB97FF00B600C4 /* MindBlowingContentView.swift */; };
		F63E6F5722BB9F5500B600C4 /* FullProjectsContentView.swift in Sources */ = {isa = PBXBuildFile; fileRef = F63E6F5622BB9F5500B600C4 /* FullProjectsContentView.swift */; };
		F63E6F5B22BBA50700B600C4 /* BaseExampleView.swift in Sources */ = {isa = PBXBuildFile; fileRef = F63E6F5A22BBA50700B600C4 /* BaseExampleView.swift */; };
		F63E6F5D22BBB70600B600C4 /* WKWebViewUI.swift in Sources */ = {isa = PBXBuildFile; fileRef = F63E6F5C22BBB70600B600C4 /* WKWebViewUI.swift */; };
		F63E6F6222BC165700B600C4 /* style.css in Resources */ = {isa = PBXBuildFile; fileRef = F63E6F6022BC165700B600C4 /* style.css */; };
		F63E6F6322BC165700B600C4 /* text_index.html in Resources */ = {isa = PBXBuildFile; fileRef = F63E6F6122BC165700B600C4 /* text_index.html */; };
		F647A7F722BD10830022B8CA /* RotationEffectExampleView.swift in Sources */ = {isa = PBXBuildFile; fileRef = F647A7F622BD10830022B8CA /* RotationEffectExampleView.swift */; };
		F647A7F922BD135E0022B8CA /* ScaleEffectExampleView.swift in Sources */ = {isa = PBXBuildFile; fileRef = F647A7F822BD135E0022B8CA /* ScaleEffectExampleView.swift */; };
		F647A7FC22BD1AC40022B8CA /* MiscContentView.swift in Sources */ = {isa = PBXBuildFile; fileRef = F647A7FB22BD1AC40022B8CA /* MiscContentView.swift */; };
		F647A7FF22BD1B8A0022B8CA /* MapKitExampleView.swift in Sources */ = {isa = PBXBuildFile; fileRef = F647A7FE22BD1B8A0022B8CA /* MapKitExampleView.swift */; };
		F647A80122BD1C460022B8CA /* MoreContentView.swift in Sources */ = {isa = PBXBuildFile; fileRef = F647A80022BD1C460022B8CA /* MoreContentView.swift */; };
		F647A80922BD24E30022B8CA /* PureGeniusExampleView.swift in Sources */ = {isa = PBXBuildFile; fileRef = F647A80822BD24E30022B8CA /* PureGeniusExampleView.swift */; };
		F647A80B22BD25630022B8CA /* SwiftUI2048ExampleView.swift in Sources */ = {isa = PBXBuildFile; fileRef = F647A80A22BD25630022B8CA /* SwiftUI2048ExampleView.swift */; };
		F6F47C8322BABEF7009E3C48 /* AppDelegate.swift in Sources */ = {isa = PBXBuildFile; fileRef = F6F47C8222BABEF7009E3C48 /* AppDelegate.swift */; };
		F6F47C8522BABEF7009E3C48 /* SceneDelegate.swift in Sources */ = {isa = PBXBuildFile; fileRef = F6F47C8422BABEF7009E3C48 /* SceneDelegate.swift */; };
		F6F47C8722BABEF7009E3C48 /* BasicContentView.swift in Sources */ = {isa = PBXBuildFile; fileRef = F6F47C8622BABEF7009E3C48 /* BasicContentView.swift */; };
		F6F47C8922BABEF8009E3C48 /* Assets.xcassets in Resources */ = {isa = PBXBuildFile; fileRef = F6F47C8822BABEF8009E3C48 /* Assets.xcassets */; };
		F6F47C8C22BABEF8009E3C48 /* Preview Assets.xcassets in Resources */ = {isa = PBXBuildFile; fileRef = F6F47C8B22BABEF8009E3C48 /* Preview Assets.xcassets */; };
		F6F47C8F22BABEF8009E3C48 /* LaunchScreen.storyboard in Resources */ = {isa = PBXBuildFile; fileRef = F6F47C8D22BABEF8009E3C48 /* LaunchScreen.storyboard */; };
		F6F47C9922BAC0AB009E3C48 /* ExampleCellView.swift in Sources */ = {isa = PBXBuildFile; fileRef = F6F47C9822BAC0AB009E3C48 /* ExampleCellView.swift */; };
		F6F47CA022BAC96E009E3C48 /* TextExampleView.swift in Sources */ = {isa = PBXBuildFile; fileRef = F6F47C9F22BAC96E009E3C48 /* TextExampleView.swift */; };
		F6F47CA222BACA96009E3C48 /* TextFieldExampleView.swift in Sources */ = {isa = PBXBuildFile; fileRef = F6F47CA122BACA96009E3C48 /* TextFieldExampleView.swift */; };
		F6F47CA422BAD8B9009E3C48 /* SecureFieldExampleView.swift in Sources */ = {isa = PBXBuildFile; fileRef = F6F47CA322BAD8B9009E3C48 /* SecureFieldExampleView.swift */; };
		F6F47CA622BADBD1009E3C48 /* FontExampleView.swift in Sources */ = {isa = PBXBuildFile; fileRef = F6F47CA522BADBD1009E3C48 /* FontExampleView.swift */; };
		F6F47CA822BADD24009E3C48 /* ImageExampleView.swift in Sources */ = {isa = PBXBuildFile; fileRef = F6F47CA722BADD24009E3C48 /* ImageExampleView.swift */; };
		F6F47CAA22BADE28009E3C48 /* ButtonExampleView.swift in Sources */ = {isa = PBXBuildFile; fileRef = F6F47CA922BADE28009E3C48 /* ButtonExampleView.swift */; };
		F6F47CAE22BAE571009E3C48 /* NavigationButtonExampleView.swift in Sources */ = {isa = PBXBuildFile; fileRef = F6F47CAD22BAE571009E3C48 /* NavigationButtonExampleView.swift */; };
		F6F47CB222BAE593009E3C48 /* PresentationButtonExampleView.swift in Sources */ = {isa = PBXBuildFile; fileRef = F6F47CB122BAE593009E3C48 /* PresentationButtonExampleView.swift */; };
		F6F47CB422BAE656009E3C48 /* EditButtonExampleView.swift in Sources */ = {isa = PBXBuildFile; fileRef = F6F47CB322BAE656009E3C48 /* EditButtonExampleView.swift */; };
		F6F47CB822BAED77009E3C48 /* ToggleExampleView.swift in Sources */ = {isa = PBXBuildFile; fileRef = F6F47CB722BAED77009E3C48 /* ToggleExampleView.swift */; };
/* End PBXBuildFile section */

/* Begin PBXFileReference section */
		F611C50622BD05C600E9F1A7 /* FunctionalUtils.swift */ = {isa = PBXFileReference; fileEncoding = 4; lastKnownFileType = sourcecode.swift; path = FunctionalUtils.swift; sourceTree = "<group>"; };
		F611C50922BD05CD00E9F1A7 /* BlockMatrix.swift */ = {isa = PBXFileReference; fileEncoding = 4; lastKnownFileType = sourcecode.swift; path = BlockMatrix.swift; sourceTree = "<group>"; };
		F611C50A22BD05CD00E9F1A7 /* IdentifiedBlock.swift */ = {isa = PBXFileReference; fileEncoding = 4; lastKnownFileType = sourcecode.swift; path = IdentifiedBlock.swift; sourceTree = "<group>"; };
		F611C50B22BD05CD00E9F1A7 /* GameLogic.swift */ = {isa = PBXFileReference; fileEncoding = 4; lastKnownFileType = sourcecode.swift; path = GameLogic.swift; sourceTree = "<group>"; };
		F611C51022BD05D700E9F1A7 /* BlockGridView.swift */ = {isa = PBXFileReference; fileEncoding = 4; lastKnownFileType = sourcecode.swift; path = BlockGridView.swift; sourceTree = "<group>"; };
		F611C51122BD05D700E9F1A7 /* GameView.swift */ = {isa = PBXFileReference; fileEncoding = 4; lastKnownFileType = sourcecode.swift; path = GameView.swift; sourceTree = "<group>"; };
		F611C51222BD05D700E9F1A7 /* BlockView.swift */ = {isa = PBXFileReference; fileEncoding = 4; lastKnownFileType = sourcecode.swift; path = BlockView.swift; sourceTree = "<group>"; };
		F63E6F3822BB695E00B600C4 /* PickerExampleView.swift */ = {isa = PBXFileReference; lastKnownFileType = sourcecode.swift; path = PickerExampleView.swift; sourceTree = "<group>"; };
		F63E6F3A22BB737500B600C4 /* DatePickerExampleView.swift */ = {isa = PBXFileReference; lastKnownFileType = sourcecode.swift; path = DatePickerExampleView.swift; sourceTree = "<group>"; };
		F63E6F3C22BB754000B600C4 /* StepperExampleView.swift */ = {isa = PBXFileReference; lastKnownFileType = sourcecode.swift; path = StepperExampleView.swift; sourceTree = "<group>"; };
		F63E6F3E22BB76A600B600C4 /* SegmentedControlExampleView.swift */ = {isa = PBXFileReference; lastKnownFileType = sourcecode.swift; path = SegmentedControlExampleView.swift; sourceTree = "<group>"; };
		F63E6F4122BB790E00B600C4 /* HStackExampleView.swift */ = {isa = PBXFileReference; lastKnownFileType = sourcecode.swift; path = HStackExampleView.swift; sourceTree = "<group>"; };
		F63E6F4322BB791C00B600C4 /* VStackExampleView.swift */ = {isa = PBXFileReference; lastKnownFileType = sourcecode.swift; path = VStackExampleView.swift; sourceTree = "<group>"; };
		F63E6F4622BB7DA100B600C4 /* DasboardView.swift */ = {isa = PBXFileReference; lastKnownFileType = sourcecode.swift; path = DasboardView.swift; sourceTree = "<group>"; };
		F63E6F4922BB7E8800B600C4 /* AnimationContentView.swift */ = {isa = PBXFileReference; lastKnownFileType = sourcecode.swift; path = AnimationContentView.swift; sourceTree = "<group>"; };
		F63E6F4C22BB825500B600C4 /* SFSymbolsContentView.swift */ = {isa = PBXFileReference; lastKnownFileType = sourcecode.swift; path = SFSymbolsContentView.swift; sourceTree = "<group>"; };
		F63E6F5022BB830200B600C4 /* SFSymbols.swift */ = {isa = PBXFileReference; lastKnownFileType = sourcecode.swift; path = SFSymbols.swift; sourceTree = "<group>"; };
		F63E6F5322BB97FF00B600C4 /* MindBlowingContentView.swift */ = {isa = PBXFileReference; lastKnownFileType = sourcecode.swift; path = MindBlowingContentView.swift; sourceTree = "<group>"; };
		F63E6F5622BB9F5500B600C4 /* FullProjectsContentView.swift */ = {isa = PBXFileReference; lastKnownFileType = sourcecode.swift; path = FullProjectsContentView.swift; sourceTree = "<group>"; };
		F63E6F5A22BBA50700B600C4 /* BaseExampleView.swift */ = {isa = PBXFileReference; lastKnownFileType = sourcecode.swift; path = BaseExampleView.swift; sourceTree = "<group>"; };
		F63E6F5C22BBB70600B600C4 /* WKWebViewUI.swift */ = {isa = PBXFileReference; lastKnownFileType = sourcecode.swift; path = WKWebViewUI.swift; sourceTree = "<group>"; };
		F63E6F6022BC165700B600C4 /* style.css */ = {isa = PBXFileReference; fileEncoding = 4; lastKnownFileType = text.css; path = style.css; sourceTree = "<group>"; };
		F63E6F6122BC165700B600C4 /* text_index.html */ = {isa = PBXFileReference; fileEncoding = 4; lastKnownFileType = text.html; path = text_index.html; sourceTree = "<group>"; };
		F647A7F622BD10830022B8CA /* RotationEffectExampleView.swift */ = {isa = PBXFileReference; lastKnownFileType = sourcecode.swift; path = RotationEffectExampleView.swift; sourceTree = "<group>"; };
		F647A7F822BD135E0022B8CA /* ScaleEffectExampleView.swift */ = {isa = PBXFileReference; lastKnownFileType = sourcecode.swift; path = ScaleEffectExampleView.swift; sourceTree = "<group>"; };
		F647A7FB22BD1AC40022B8CA /* MiscContentView.swift */ = {isa = PBXFileReference; lastKnownFileType = sourcecode.swift; path = MiscContentView.swift; sourceTree = "<group>"; };
		F647A7FE22BD1B8A0022B8CA /* MapKitExampleView.swift */ = {isa = PBXFileReference; lastKnownFileType = sourcecode.swift; path = MapKitExampleView.swift; sourceTree = "<group>"; };
		F647A80022BD1C460022B8CA /* MoreContentView.swift */ = {isa = PBXFileReference; lastKnownFileType = sourcecode.swift; path = MoreContentView.swift; sourceTree = "<group>"; };
		F647A80822BD24E30022B8CA /* PureGeniusExampleView.swift */ = {isa = PBXFileReference; lastKnownFileType = sourcecode.swift; path = PureGeniusExampleView.swift; sourceTree = "<group>"; };
		F647A80A22BD25630022B8CA /* SwiftUI2048ExampleView.swift */ = {isa = PBXFileReference; lastKnownFileType = sourcecode.swift; path = SwiftUI2048ExampleView.swift; sourceTree = "<group>"; };
		F6F47C7F22BABEF7009E3C48 /* SwiftUICookbook.app */ = {isa = PBXFileReference; explicitFileType = wrapper.application; includeInIndex = 0; path = SwiftUICookbook.app; sourceTree = BUILT_PRODUCTS_DIR; };
		F6F47C8222BABEF7009E3C48 /* AppDelegate.swift */ = {isa = PBXFileReference; lastKnownFileType = sourcecode.swift; path = AppDelegate.swift; sourceTree = "<group>"; };
		F6F47C8422BABEF7009E3C48 /* SceneDelegate.swift */ = {isa = PBXFileReference; lastKnownFileType = sourcecode.swift; path = SceneDelegate.swift; sourceTree = "<group>"; };
		F6F47C8622BABEF7009E3C48 /* BasicContentView.swift */ = {isa = PBXFileReference; lastKnownFileType = sourcecode.swift; path = BasicContentView.swift; sourceTree = "<group>"; };
		F6F47C8822BABEF8009E3C48 /* Assets.xcassets */ = {isa = PBXFileReference; lastKnownFileType = folder.assetcatalog; path = Assets.xcassets; sourceTree = "<group>"; };
		F6F47C8B22BABEF8009E3C48 /* Preview Assets.xcassets */ = {isa = PBXFileReference; lastKnownFileType = folder.assetcatalog; path = "Preview Assets.xcassets"; sourceTree = "<group>"; };
		F6F47C8E22BABEF8009E3C48 /* Base */ = {isa = PBXFileReference; lastKnownFileType = file.storyboard; name = Base; path = Base.lproj/LaunchScreen.storyboard; sourceTree = "<group>"; };
		F6F47C9022BABEF8009E3C48 /* Info.plist */ = {isa = PBXFileReference; lastKnownFileType = text.plist.xml; path = Info.plist; sourceTree = "<group>"; };
		F6F47C9822BAC0AB009E3C48 /* ExampleCellView.swift */ = {isa = PBXFileReference; lastKnownFileType = sourcecode.swift; path = ExampleCellView.swift; sourceTree = "<group>"; };
		F6F47C9F22BAC96E009E3C48 /* TextExampleView.swift */ = {isa = PBXFileReference; lastKnownFileType = sourcecode.swift; path = TextExampleView.swift; sourceTree = "<group>"; };
		F6F47CA122BACA96009E3C48 /* TextFieldExampleView.swift */ = {isa = PBXFileReference; lastKnownFileType = sourcecode.swift; path = TextFieldExampleView.swift; sourceTree = "<group>"; };
		F6F47CA322BAD8B9009E3C48 /* SecureFieldExampleView.swift */ = {isa = PBXFileReference; lastKnownFileType = sourcecode.swift; path = SecureFieldExampleView.swift; sourceTree = "<group>"; };
		F6F47CA522BADBD1009E3C48 /* FontExampleView.swift */ = {isa = PBXFileReference; lastKnownFileType = sourcecode.swift; path = FontExampleView.swift; sourceTree = "<group>"; };
		F6F47CA722BADD24009E3C48 /* ImageExampleView.swift */ = {isa = PBXFileReference; lastKnownFileType = sourcecode.swift; path = ImageExampleView.swift; sourceTree = "<group>"; };
		F6F47CA922BADE28009E3C48 /* ButtonExampleView.swift */ = {isa = PBXFileReference; lastKnownFileType = sourcecode.swift; path = ButtonExampleView.swift; sourceTree = "<group>"; };
		F6F47CAD22BAE571009E3C48 /* NavigationButtonExampleView.swift */ = {isa = PBXFileReference; lastKnownFileType = sourcecode.swift; path = NavigationButtonExampleView.swift; sourceTree = "<group>"; };
		F6F47CB122BAE593009E3C48 /* PresentationButtonExampleView.swift */ = {isa = PBXFileReference; lastKnownFileType = sourcecode.swift; path = PresentationButtonExampleView.swift; sourceTree = "<group>"; };
		F6F47CB322BAE656009E3C48 /* EditButtonExampleView.swift */ = {isa = PBXFileReference; lastKnownFileType = sourcecode.swift; path = EditButtonExampleView.swift; sourceTree = "<group>"; };
		F6F47CB722BAED77009E3C48 /* ToggleExampleView.swift */ = {isa = PBXFileReference; lastKnownFileType = sourcecode.swift; path = ToggleExampleView.swift; sourceTree = "<group>"; };
/* End PBXFileReference section */

/* Begin PBXFrameworksBuildPhase section */
		F6F47C7C22BABEF7009E3C48 /* Frameworks */ = {
			isa = PBXFrameworksBuildPhase;
			buildActionMask = 2147483647;
			files = (
			);
			runOnlyForDeploymentPostprocessing = 0;
		};
/* End PBXFrameworksBuildPhase section */

/* Begin PBXGroup section */
		F603591F22BD005C006EC472 /* SwiftUI2048 */ = {
			isa = PBXGroup;
			children = (
				F603593122BD01C1006EC472 /* Source */,
				F647A80A22BD25630022B8CA /* SwiftUI2048ExampleView.swift */,
			);
			path = SwiftUI2048;
			sourceTree = "<group>";
		};
		F603593122BD01C1006EC472 /* Source */ = {
			isa = PBXGroup;
			children = (
				F611C50622BD05C600E9F1A7 /* FunctionalUtils.swift */,
				F611C50822BD05CD00E9F1A7 /* Models */,
				F611C50F22BD05D700E9F1A7 /* Views */,
			);
			path = Source;
			sourceTree = "<group>";
		};
		F611C50822BD05CD00E9F1A7 /* Models */ = {
			isa = PBXGroup;
			children = (
				F611C50922BD05CD00E9F1A7 /* BlockMatrix.swift */,
				F611C50A22BD05CD00E9F1A7 /* IdentifiedBlock.swift */,
				F611C50B22BD05CD00E9F1A7 /* GameLogic.swift */,
			);
			path = Models;
			sourceTree = "<group>";
		};
		F611C50F22BD05D700E9F1A7 /* Views */ = {
			isa = PBXGroup;
			children = (
				F611C51022BD05D700E9F1A7 /* BlockGridView.swift */,
				F611C51122BD05D700E9F1A7 /* GameView.swift */,
				F611C51222BD05D700E9F1A7 /* BlockView.swift */,
			);
			path = Views;
			sourceTree = "<group>";
		};
		F63E6F4022BB78F600B600C4 /* ViewLayoutAndPresentation */ = {
			isa = PBXGroup;
			children = (
				F63E6F4122BB790E00B600C4 /* HStackExampleView.swift */,
				F63E6F4322BB791C00B600C4 /* VStackExampleView.swift */,
			);
			path = ViewLayoutAndPresentation;
			sourceTree = "<group>";
		};
		F63E6F4522BB7D8300B600C4 /* Dashboard */ = {
			isa = PBXGroup;
			children = (
				F63E6F4622BB7DA100B600C4 /* DasboardView.swift */,
				F647A80022BD1C460022B8CA /* MoreContentView.swift */,
			);
			path = Dashboard;
			sourceTree = "<group>";
		};
		F63E6F4822BB7DCB00B600C4 /* Animation */ = {
			isa = PBXGroup;
			children = (
				F63E6F4922BB7E8800B600C4 /* AnimationContentView.swift */,
				F647A7F522BD106E0022B8CA /* Basic */,
			);
			path = Animation;
			sourceTree = "<group>";
		};
		F63E6F4B22BB824100B600C4 /* SFSymbols */ = {
			isa = PBXGroup;
			children = (
				F63E6F4C22BB825500B600C4 /* SFSymbolsContentView.swift */,
				F63E6F5022BB830200B600C4 /* SFSymbols.swift */,
			);
			path = SFSymbols;
			sourceTree = "<group>";
		};
		F63E6F5222BB891B00B600C4 /* MindBlowing */ = {
			isa = PBXGroup;
			children = (
				F63E6F5322BB97FF00B600C4 /* MindBlowingContentView.swift */,
				F647A80822BD24E30022B8CA /* PureGeniusExampleView.swift */,
			);
			path = MindBlowing;
			sourceTree = "<group>";
		};
		F63E6F5522BB9F3C00B600C4 /* FullProjects */ = {
			isa = PBXGroup;
			children = (
				F63E6F5622BB9F5500B600C4 /* FullProjectsContentView.swift */,
				F603591F22BD005C006EC472 /* SwiftUI2048 */,
			);
			path = FullProjects;
			sourceTree = "<group>";
		};
		F63E6F5822BBA4EF00B600C4 /* Base */ = {
			isa = PBXGroup;
			children = (
				F63E6F5922BBA4F800B600C4 /* UI */,
			);
			path = Base;
			sourceTree = "<group>";
		};
		F63E6F5922BBA4F800B600C4 /* UI */ = {
			isa = PBXGroup;
			children = (
				F63E6F5A22BBA50700B600C4 /* BaseExampleView.swift */,
				F63E6F5C22BBB70600B600C4 /* WKWebViewUI.swift */,
				F6F47C9822BAC0AB009E3C48 /* ExampleCellView.swift */,
			);
			path = UI;
			sourceTree = "<group>";
		};
		F63E6F5E22BC10C500B600C4 /* Text */ = {
			isa = PBXGroup;
			children = (
				F63E6F5F22BC10CC00B600C4 /* html_sources */,
				F6F47C9F22BAC96E009E3C48 /* TextExampleView.swift */,
			);
			path = Text;
			sourceTree = "<group>";
		};
		F63E6F5F22BC10CC00B600C4 /* html_sources */ = {
			isa = PBXGroup;
			children = (
				F63E6F6022BC165700B600C4 /* style.css */,
				F63E6F6122BC165700B600C4 /* text_index.html */,
			);
			path = html_sources;
			sourceTree = "<group>";
		};
		F647A7F522BD106E0022B8CA /* Basic */ = {
			isa = PBXGroup;
			children = (
				F647A7F622BD10830022B8CA /* RotationEffectExampleView.swift */,
				F647A7F822BD135E0022B8CA /* ScaleEffectExampleView.swift */,
			);
			path = Basic;
			sourceTree = "<group>";
		};
		F647A7FA22BD1A9B0022B8CA /* Misc */ = {
			isa = PBXGroup;
			children = (
				F647A7FB22BD1AC40022B8CA /* MiscContentView.swift */,
				F647A7FD22BD1B740022B8CA /* UIKitIntegration */,
			);
			path = Misc;
			sourceTree = "<group>";
		};
		F647A7FD22BD1B740022B8CA /* UIKitIntegration */ = {
			isa = PBXGroup;
			children = (
				F647A7FE22BD1B8A0022B8CA /* MapKitExampleView.swift */,
			);
			path = UIKitIntegration;
			sourceTree = "<group>";
		};
		F6F47C7622BABEF7009E3C48 = {
			isa = PBXGroup;
			children = (
				F6F47C8122BABEF7009E3C48 /* SwiftUICookbook */,
				F6F47C8022BABEF7009E3C48 /* Products */,
			);
			sourceTree = "<group>";
		};
		F6F47C8022BABEF7009E3C48 /* Products */ = {
			isa = PBXGroup;
			children = (
				F6F47C7F22BABEF7009E3C48 /* SwiftUICookbook.app */,
			);
			name = Products;
			sourceTree = "<group>";
		};
		F6F47C8122BABEF7009E3C48 /* SwiftUICookbook */ = {
			isa = PBXGroup;
			children = (
				F6F47C9622BAC00D009E3C48 /* Scenes */,
				F63E6F5822BBA4EF00B600C4 /* Base */,
				F6F47C8222BABEF7009E3C48 /* AppDelegate.swift */,
				F6F47C8422BABEF7009E3C48 /* SceneDelegate.swift */,
				F6F47C8822BABEF8009E3C48 /* Assets.xcassets */,
				F6F47C8D22BABEF8009E3C48 /* LaunchScreen.storyboard */,
				F6F47C9022BABEF8009E3C48 /* Info.plist */,
				F6F47C8A22BABEF8009E3C48 /* Preview Content */,
			);
			path = SwiftUICookbook;
			sourceTree = "<group>";
		};
		F6F47C8A22BABEF8009E3C48 /* Preview Content */ = {
			isa = PBXGroup;
			children = (
				F6F47C8B22BABEF8009E3C48 /* Preview Assets.xcassets */,
			);
			path = "Preview Content";
			sourceTree = "<group>";
		};
		F6F47C9622BAC00D009E3C48 /* Scenes */ = {
			isa = PBXGroup;
			children = (
				F63E6F4522BB7D8300B600C4 /* Dashboard */,
				F6F47C9722BAC017009E3C48 /* Basic */,
				F63E6F4822BB7DCB00B600C4 /* Animation */,
				F63E6F4B22BB824100B600C4 /* SFSymbols */,
				F63E6F5222BB891B00B600C4 /* MindBlowing */,
				F63E6F5522BB9F3C00B600C4 /* FullProjects */,
				F647A7FA22BD1A9B0022B8CA /* Misc */,
			);
			path = Scenes;
			sourceTree = "<group>";
		};
		F6F47C9722BAC017009E3C48 /* Basic */ = {
			isa = PBXGroup;
			children = (
				F6F47C8622BABEF7009E3C48 /* BasicContentView.swift */,
				F6F47C9E22BAC954009E3C48 /* ViewsAndControls */,
				F63E6F4022BB78F600B600C4 /* ViewLayoutAndPresentation */,
			);
			path = Basic;
			sourceTree = "<group>";
		};
		F6F47C9E22BAC954009E3C48 /* ViewsAndControls */ = {
			isa = PBXGroup;
			children = (
				F63E6F5E22BC10C500B600C4 /* Text */,
				F6F47CA122BACA96009E3C48 /* TextFieldExampleView.swift */,
				F6F47CA322BAD8B9009E3C48 /* SecureFieldExampleView.swift */,
				F6F47CA522BADBD1009E3C48 /* FontExampleView.swift */,
				F6F47CA722BADD24009E3C48 /* ImageExampleView.swift */,
				F6F47CA922BADE28009E3C48 /* ButtonExampleView.swift */,
				F6F47CAD22BAE571009E3C48 /* NavigationButtonExampleView.swift */,
				F6F47CB122BAE593009E3C48 /* PresentationButtonExampleView.swift */,
				F6F47CB322BAE656009E3C48 /* EditButtonExampleView.swift */,
				F6F47CB722BAED77009E3C48 /* ToggleExampleView.swift */,
				F63E6F3822BB695E00B600C4 /* PickerExampleView.swift */,
				F63E6F3A22BB737500B600C4 /* DatePickerExampleView.swift */,
				F63E6F3C22BB754000B600C4 /* StepperExampleView.swift */,
				F63E6F3E22BB76A600B600C4 /* SegmentedControlExampleView.swift */,
			);
			path = ViewsAndControls;
			sourceTree = "<group>";
		};
/* End PBXGroup section */

/* Begin PBXNativeTarget section */
		F6F47C7E22BABEF7009E3C48 /* SwiftUICookbook */ = {
			isa = PBXNativeTarget;
			buildConfigurationList = F6F47C9322BABEF8009E3C48 /* Build configuration list for PBXNativeTarget "SwiftUICookbook" */;
			buildPhases = (
				F6F47C7B22BABEF7009E3C48 /* Sources */,
				F6F47C7C22BABEF7009E3C48 /* Frameworks */,
				F6F47C7D22BABEF7009E3C48 /* Resources */,
			);
			buildRules = (
			);
			dependencies = (
			);
			name = SwiftUICookbook;
			productName = SwiftUICookbook;
			productReference = F6F47C7F22BABEF7009E3C48 /* SwiftUICookbook.app */;
			productType = "com.apple.product-type.application";
		};
/* End PBXNativeTarget section */

/* Begin PBXProject section */
		F6F47C7722BABEF7009E3C48 /* Project object */ = {
			isa = PBXProject;
			attributes = {
				LastSwiftUpdateCheck = 1100;
				LastUpgradeCheck = 1100;
				ORGANIZATIONNAME = "An Tran";
				TargetAttributes = {
					F6F47C7E22BABEF7009E3C48 = {
						CreatedOnToolsVersion = 11.0;
					};
				};
			};
			buildConfigurationList = F6F47C7A22BABEF7009E3C48 /* Build configuration list for PBXProject "SwiftUICookbook" */;
			compatibilityVersion = "Xcode 9.3";
			developmentRegion = en;
			hasScannedForEncodings = 0;
			knownRegions = (
				en,
				Base,
			);
			mainGroup = F6F47C7622BABEF7009E3C48;
			productRefGroup = F6F47C8022BABEF7009E3C48 /* Products */;
			projectDirPath = "";
			projectRoot = "";
			targets = (
				F6F47C7E22BABEF7009E3C48 /* SwiftUICookbook */,
			);
		};
/* End PBXProject section */

/* Begin PBXResourcesBuildPhase section */
		F6F47C7D22BABEF7009E3C48 /* Resources */ = {
			isa = PBXResourcesBuildPhase;
			buildActionMask = 2147483647;
			files = (
				F6F47C8F22BABEF8009E3C48 /* LaunchScreen.storyboard in Resources */,
				F63E6F6222BC165700B600C4 /* style.css in Resources */,
				F63E6F6322BC165700B600C4 /* text_index.html in Resources */,
				F6F47C8C22BABEF8009E3C48 /* Preview Assets.xcassets in Resources */,
				F6F47C8922BABEF8009E3C48 /* Assets.xcassets in Resources */,
			);
			runOnlyForDeploymentPostprocessing = 0;
		};
/* End PBXResourcesBuildPhase section */

/* Begin PBXSourcesBuildPhase section */
		F6F47C7B22BABEF7009E3C48 /* Sources */ = {
			isa = PBXSourcesBuildPhase;
			buildActionMask = 2147483647;
			files = (
				F6F47C8322BABEF7009E3C48 /* AppDelegate.swift in Sources */,
				F647A80122BD1C460022B8CA /* MoreContentView.swift in Sources */,
				F6F47CA022BAC96E009E3C48 /* TextExampleView.swift in Sources */,
				F611C50C22BD05CD00E9F1A7 /* BlockMatrix.swift in Sources */,
				F647A7F922BD135E0022B8CA /* ScaleEffectExampleView.swift in Sources */,
				F6F47CAE22BAE571009E3C48 /* NavigationButtonExampleView.swift in Sources */,
				F6F47CA422BAD8B9009E3C48 /* SecureFieldExampleView.swift in Sources */,
				F6F47C8522BABEF7009E3C48 /* SceneDelegate.swift in Sources */,
				F63E6F5722BB9F5500B600C4 /* FullProjectsContentView.swift in Sources */,
				F647A7FF22BD1B8A0022B8CA /* MapKitExampleView.swift in Sources */,
				F611C50D22BD05CD00E9F1A7 /* IdentifiedBlock.swift in Sources */,
				F63E6F4D22BB825500B600C4 /* SFSymbolsContentView.swift in Sources */,
				F63E6F5B22BBA50700B600C4 /* BaseExampleView.swift in Sources */,
				F63E6F4422BB791C00B600C4 /* VStackExampleView.swift in Sources */,
				F647A7F722BD10830022B8CA /* RotationEffectExampleView.swift in Sources */,
				F611C51522BD05D700E9F1A7 /* BlockView.swift in Sources */,
				F63E6F3922BB695E00B600C4 /* PickerExampleView.swift in Sources */,
				F6F47CB422BAE656009E3C48 /* EditButtonExampleView.swift in Sources */,
				F647A7FC22BD1AC40022B8CA /* MiscContentView.swift in Sources */,
				F647A80922BD24E30022B8CA /* PureGeniusExampleView.swift in Sources */,
				F6F47CB222BAE593009E3C48 /* PresentationButtonExampleView.swift in Sources */,
				F6F47CA222BACA96009E3C48 /* TextFieldExampleView.swift in Sources */,
				F611C50722BD05C600E9F1A7 /* FunctionalUtils.swift in Sources */,
				F63E6F3B22BB737500B600C4 /* DatePickerExampleView.swift in Sources */,
				F63E6F3D22BB754000B600C4 /* StepperExampleView.swift in Sources */,
				F611C50E22BD05CD00E9F1A7 /* GameLogic.swift in Sources */,
				F6F47C8722BABEF7009E3C48 /* BasicContentView.swift in Sources */,
				F647A80B22BD25630022B8CA /* SwiftUI2048ExampleView.swift in Sources */,
				F63E6F3F22BB76A600B600C4 /* SegmentedControlExampleView.swift in Sources */,
				F6F47CA822BADD24009E3C48 /* ImageExampleView.swift in Sources */,
				F611C51422BD05D700E9F1A7 /* GameView.swift in Sources */,
				F63E6F5D22BBB70600B600C4 /* WKWebViewUI.swift in Sources */,
				F63E6F4722BB7DA100B600C4 /* DasboardView.swift in Sources */,
				F63E6F4222BB790E00B600C4 /* HStackExampleView.swift in Sources */,
				F6F47CAA22BADE28009E3C48 /* ButtonExampleView.swift in Sources */,
				F6F47CB822BAED77009E3C48 /* ToggleExampleView.swift in Sources */,
				F611C51322BD05D700E9F1A7 /* BlockGridView.swift in Sources */,
				F63E6F5122BB830200B600C4 /* SFSymbols.swift in Sources */,
				F63E6F5422BB97FF00B600C4 /* MindBlowingContentView.swift in Sources */,
				F63E6F4A22BB7E8800B600C4 /* AnimationContentView.swift in Sources */,
				F6F47CA622BADBD1009E3C48 /* FontExampleView.swift in Sources */,
				F6F47C9922BAC0AB009E3C48 /* ExampleCellView.swift in Sources */,
			);
			runOnlyForDeploymentPostprocessing = 0;
		};
/* End PBXSourcesBuildPhase section */

/* Begin PBXVariantGroup section */
		F6F47C8D22BABEF8009E3C48 /* LaunchScreen.storyboard */ = {
			isa = PBXVariantGroup;
			children = (
				F6F47C8E22BABEF8009E3C48 /* Base */,
			);
			name = LaunchScreen.storyboard;
			sourceTree = "<group>";
		};
/* End PBXVariantGroup section */

/* Begin XCBuildConfiguration section */
		F6F47C9122BABEF8009E3C48 /* Debug */ = {
			isa = XCBuildConfiguration;
			buildSettings = {
				ALWAYS_SEARCH_USER_PATHS = NO;
				CLANG_ANALYZER_NONNULL = YES;
				CLANG_ANALYZER_NUMBER_OBJECT_CONVERSION = YES_AGGRESSIVE;
				CLANG_CXX_LANGUAGE_STANDARD = "gnu++14";
				CLANG_CXX_LIBRARY = "libc++";
				CLANG_ENABLE_MODULES = YES;
				CLANG_ENABLE_OBJC_ARC = YES;
				CLANG_ENABLE_OBJC_WEAK = YES;
				CLANG_WARN_BLOCK_CAPTURE_AUTORELEASING = YES;
				CLANG_WARN_BOOL_CONVERSION = YES;
				CLANG_WARN_COMMA = YES;
				CLANG_WARN_CONSTANT_CONVERSION = YES;
				CLANG_WARN_DEPRECATED_OBJC_IMPLEMENTATIONS = YES;
				CLANG_WARN_DIRECT_OBJC_ISA_USAGE = YES_ERROR;
				CLANG_WARN_DOCUMENTATION_COMMENTS = YES;
				CLANG_WARN_EMPTY_BODY = YES;
				CLANG_WARN_ENUM_CONVERSION = YES;
				CLANG_WARN_INFINITE_RECURSION = YES;
				CLANG_WARN_INT_CONVERSION = YES;
				CLANG_WARN_NON_LITERAL_NULL_CONVERSION = YES;
				CLANG_WARN_OBJC_IMPLICIT_RETAIN_SELF = YES;
				CLANG_WARN_OBJC_LITERAL_CONVERSION = YES;
				CLANG_WARN_OBJC_ROOT_CLASS = YES_ERROR;
				CLANG_WARN_RANGE_LOOP_ANALYSIS = YES;
				CLANG_WARN_STRICT_PROTOTYPES = YES;
				CLANG_WARN_SUSPICIOUS_MOVE = YES;
				CLANG_WARN_UNGUARDED_AVAILABILITY = YES_AGGRESSIVE;
				CLANG_WARN_UNREACHABLE_CODE = YES;
				CLANG_WARN__DUPLICATE_METHOD_MATCH = YES;
				COPY_PHASE_STRIP = NO;
				DEBUG_INFORMATION_FORMAT = dwarf;
				ENABLE_STRICT_OBJC_MSGSEND = YES;
				ENABLE_TESTABILITY = YES;
				GCC_C_LANGUAGE_STANDARD = gnu11;
				GCC_DYNAMIC_NO_PIC = NO;
				GCC_NO_COMMON_BLOCKS = YES;
				GCC_OPTIMIZATION_LEVEL = 0;
				GCC_PREPROCESSOR_DEFINITIONS = (
					"DEBUG=1",
					"$(inherited)",
				);
				GCC_WARN_64_TO_32_BIT_CONVERSION = YES;
				GCC_WARN_ABOUT_RETURN_TYPE = YES_ERROR;
				GCC_WARN_UNDECLARED_SELECTOR = YES;
				GCC_WARN_UNINITIALIZED_AUTOS = YES_AGGRESSIVE;
				GCC_WARN_UNUSED_FUNCTION = YES;
				GCC_WARN_UNUSED_VARIABLE = YES;
				IPHONEOS_DEPLOYMENT_TARGET = 13.0;
				MTL_ENABLE_DEBUG_INFO = INCLUDE_SOURCE;
				MTL_FAST_MATH = YES;
				ONLY_ACTIVE_ARCH = YES;
				SDKROOT = iphoneos;
				SWIFT_ACTIVE_COMPILATION_CONDITIONS = DEBUG;
				SWIFT_OPTIMIZATION_LEVEL = "-Onone";
			};
			name = Debug;
		};
		F6F47C9222BABEF8009E3C48 /* Release */ = {
			isa = XCBuildConfiguration;
			buildSettings = {
				ALWAYS_SEARCH_USER_PATHS = NO;
				CLANG_ANALYZER_NONNULL = YES;
				CLANG_ANALYZER_NUMBER_OBJECT_CONVERSION = YES_AGGRESSIVE;
				CLANG_CXX_LANGUAGE_STANDARD = "gnu++14";
				CLANG_CXX_LIBRARY = "libc++";
				CLANG_ENABLE_MODULES = YES;
				CLANG_ENABLE_OBJC_ARC = YES;
				CLANG_ENABLE_OBJC_WEAK = YES;
				CLANG_WARN_BLOCK_CAPTURE_AUTORELEASING = YES;
				CLANG_WARN_BOOL_CONVERSION = YES;
				CLANG_WARN_COMMA = YES;
				CLANG_WARN_CONSTANT_CONVERSION = YES;
				CLANG_WARN_DEPRECATED_OBJC_IMPLEMENTATIONS = YES;
				CLANG_WARN_DIRECT_OBJC_ISA_USAGE = YES_ERROR;
				CLANG_WARN_DOCUMENTATION_COMMENTS = YES;
				CLANG_WARN_EMPTY_BODY = YES;
				CLANG_WARN_ENUM_CONVERSION = YES;
				CLANG_WARN_INFINITE_RECURSION = YES;
				CLANG_WARN_INT_CONVERSION = YES;
				CLANG_WARN_NON_LITERAL_NULL_CONVERSION = YES;
				CLANG_WARN_OBJC_IMPLICIT_RETAIN_SELF = YES;
				CLANG_WARN_OBJC_LITERAL_CONVERSION = YES;
				CLANG_WARN_OBJC_ROOT_CLASS = YES_ERROR;
				CLANG_WARN_RANGE_LOOP_ANALYSIS = YES;
				CLANG_WARN_STRICT_PROTOTYPES = YES;
				CLANG_WARN_SUSPICIOUS_MOVE = YES;
				CLANG_WARN_UNGUARDED_AVAILABILITY = YES_AGGRESSIVE;
				CLANG_WARN_UNREACHABLE_CODE = YES;
				CLANG_WARN__DUPLICATE_METHOD_MATCH = YES;
				COPY_PHASE_STRIP = NO;
				DEBUG_INFORMATION_FORMAT = "dwarf-with-dsym";
				ENABLE_NS_ASSERTIONS = NO;
				ENABLE_STRICT_OBJC_MSGSEND = YES;
				GCC_C_LANGUAGE_STANDARD = gnu11;
				GCC_NO_COMMON_BLOCKS = YES;
				GCC_WARN_64_TO_32_BIT_CONVERSION = YES;
				GCC_WARN_ABOUT_RETURN_TYPE = YES_ERROR;
				GCC_WARN_UNDECLARED_SELECTOR = YES;
				GCC_WARN_UNINITIALIZED_AUTOS = YES_AGGRESSIVE;
				GCC_WARN_UNUSED_FUNCTION = YES;
				GCC_WARN_UNUSED_VARIABLE = YES;
				IPHONEOS_DEPLOYMENT_TARGET = 13.0;
				MTL_ENABLE_DEBUG_INFO = NO;
				MTL_FAST_MATH = YES;
				SDKROOT = iphoneos;
				SWIFT_COMPILATION_MODE = wholemodule;
				SWIFT_OPTIMIZATION_LEVEL = "-O";
				VALIDATE_PRODUCT = YES;
			};
			name = Release;
		};
		F6F47C9422BABEF8009E3C48 /* Debug */ = {
			isa = XCBuildConfiguration;
			buildSettings = {
				ASSETCATALOG_COMPILER_APPICON_NAME = AppIcon;
				CODE_SIGN_STYLE = Automatic;
				DEVELOPMENT_ASSET_PATHS = "SwiftUICookbook/Preview\\ Content";
				DEVELOPMENT_TEAM = 7F8866H6R9;
				ENABLE_PREVIEWS = YES;
				INFOPLIST_FILE = SwiftUICookbook/Info.plist;
				LD_RUNPATH_SEARCH_PATHS = (
					"$(inherited)",
					"@executable_path/Frameworks",
				);
				PRODUCT_BUNDLE_IDENTIFIER = com.tba.apps.SwiftUICookbook;
				PRODUCT_NAME = "$(TARGET_NAME)";
				SWIFT_VERSION = 5.0;
				TARGETED_DEVICE_FAMILY = "1,2";
			};
			name = Debug;
		};
		F6F47C9522BABEF8009E3C48 /* Release */ = {
			isa = XCBuildConfiguration;
			buildSettings = {
				ASSETCATALOG_COMPILER_APPICON_NAME = AppIcon;
				CODE_SIGN_STYLE = Automatic;
				DEVELOPMENT_ASSET_PATHS = "SwiftUICookbook/Preview\\ Content";
				DEVELOPMENT_TEAM = 7F8866H6R9;
				ENABLE_PREVIEWS = YES;
				INFOPLIST_FILE = SwiftUICookbook/Info.plist;
				LD_RUNPATH_SEARCH_PATHS = (
					"$(inherited)",
					"@executable_path/Frameworks",
				);
				PRODUCT_BUNDLE_IDENTIFIER = com.tba.apps.SwiftUICookbook;
				PRODUCT_NAME = "$(TARGET_NAME)";
				SWIFT_VERSION = 5.0;
				TARGETED_DEVICE_FAMILY = "1,2";
			};
			name = Release;
		};
/* End XCBuildConfiguration section */

/* Begin XCConfigurationList section */
		F6F47C7A22BABEF7009E3C48 /* Build configuration list for PBXProject "SwiftUICookbook" */ = {
			isa = XCConfigurationList;
			buildConfigurations = (
				F6F47C9122BABEF8009E3C48 /* Debug */,
				F6F47C9222BABEF8009E3C48 /* Release */,
			);
			defaultConfigurationIsVisible = 0;
			defaultConfigurationName = Release;
		};
		F6F47C9322BABEF8009E3C48 /* Build configuration list for PBXNativeTarget "SwiftUICookbook" */ = {
			isa = XCConfigurationList;
			buildConfigurations = (
				F6F47C9422BABEF8009E3C48 /* Debug */,
				F6F47C9522BABEF8009E3C48 /* Release */,
			);
			defaultConfigurationIsVisible = 0;
			defaultConfigurationName = Release;
		};
/* End XCConfigurationList section */
	};
	rootObject = F6F47C7722BABEF7009E3C48 /* Project object */;
}
