{
  "object": {
    "pins": [
      {
        "package": "GitHubSearchWithSwiftUIPackage",
        "repositoryURL": "https://github.com/peacemoon/GitHubSearchWithSwiftUIPackage",
        "state": {
          "branch": null,
          "revision": "4e3582284e90a598873afd2067c2038d22cb5ad1",
          "version": "1.0.0"
        }
      },
      {
        "package": "ProgressRingPackage",
        "repositoryURL": "https://github.com/peacemoon/ProgressRingPackage",
        "state": {
          "branch": null,
          "revision": "5ac90d1ee472729a87149c226cdf4f218d57e887",
          "version": "1.0.0"
        }
      },
      {
        "package": "SwiftUICalculatorPackage",
        "repositoryURL": "https://github.com/peacemoon/SwiftUICalculatorPackage",
        "state": {
          "branch": null,
          "revision": "d794f11f0cc5c46eded5e4d1ba75951f57c4410b",
          "version": "1.0.0"
        }
      },
      {
        "package": "WeatherPackage",
        "repositoryURL": "https://github.com/peacemoon/WeatherPackage",
        "state": {
          "branch": null,
          "revision": "366c559f487758797c2493c38f2b6c2bc7385251",
          "version": "1.0.0"
        }
      },
      {
        "package": "WWDCPlayerPackage",
        "repositoryURL": "https://github.com/peacemoon/WWDCPlayerPackage",
        "state": {
          "branch": null,
          "revision": "f42030a6b7c835e513a9344c37c17c0ab733dff6",
          "version": "1.0.0"
        }
      }
    ]
  },
  "version": 1
}
